// !$*UTF8*$!
{
	archiveVersion = 1;
	classes = {
	};
	objectVersion = 46;
	objects = {

/* Begin PBXBuildFile section */
		0091D8F90E81B9330029341E /* OpenGL.framework in Frameworks */ = {isa = PBXBuildFile; fileRef = 0091D8F80E81B9330029341E /* OpenGL.framework */; };
		0097E3E50F3E9819005A4392 /* QuickTime.framework in Frameworks */ = {isa = PBXBuildFile; fileRef = 0097E3E40F3E9819005A4392 /* QuickTime.framework */; };
		00B784B30FF439BC000DE1D7 /* Accelerate.framework in Frameworks */ = {isa = PBXBuildFile; fileRef = 00B784AF0FF439BC000DE1D7 /* Accelerate.framework */; };
		00B784B40FF439BC000DE1D7 /* AudioToolbox.framework in Frameworks */ = {isa = PBXBuildFile; fileRef = 00B784B00FF439BC000DE1D7 /* AudioToolbox.framework */; };
		00B784B50FF439BC000DE1D7 /* AudioUnit.framework in Frameworks */ = {isa = PBXBuildFile; fileRef = 00B784B10FF439BC000DE1D7 /* AudioUnit.framework */; };
		00B784B60FF439BC000DE1D7 /* CoreAudio.framework in Frameworks */ = {isa = PBXBuildFile; fileRef = 00B784B20FF439BC000DE1D7 /* CoreAudio.framework */; };
		00BAE65A0E7ED9C10018A608 /* FlockingApp.cpp in Sources */ = {isa = PBXBuildFile; fileRef = 00BAE6590E7ED9C10018A608 /* FlockingApp.cpp */; };
		00CCAF15116A9FEE008396D5 /* CinderApp.icns in Resources */ = {isa = PBXBuildFile; fileRef = 00CCAF14116A9FEE008396D5 /* CinderApp.icns */; };
		5323E6B20EAFCA74003A9687 /* CoreVideo.framework in Frameworks */ = {isa = PBXBuildFile; fileRef = 5323E6B10EAFCA74003A9687 /* CoreVideo.framework */; };
		5323E6B60EAFCA7E003A9687 /* QTKit.framework in Frameworks */ = {isa = PBXBuildFile; fileRef = 5323E6B50EAFCA7E003A9687 /* QTKit.framework */; };
		53E3CDFC0E86099300238D2B /* Carbon.framework in Frameworks */ = {isa = PBXBuildFile; fileRef = 53E3CDFB0E86099300238D2B /* Carbon.framework */; };
		8D11072F0486CEB800E47090 /* Cocoa.framework in Frameworks */ = {isa = PBXBuildFile; fileRef = 1058C7A1FEA54F0111CA2CBB /* Cocoa.framework */; };
		E11993BB155DBC7D002AFBCF /* icons.png in Resources */ = {isa = PBXBuildFile; fileRef = E11993B8155DBC7D002AFBCF /* icons.png */; };
		E1202EF215736825006A09D2 /* iconFlocking.png in Resources */ = {isa = PBXBuildFile; fileRef = E1202EF115736825006A09D2 /* iconFlocking.png */; };
		E1234CE3155DD5F900B0C8FD /* P_Velocity.frag in Resources */ = {isa = PBXBuildFile; fileRef = E1234CE2155DD5F900B0C8FD /* P_Velocity.frag */; };
		E1234CE6155DD60C00B0C8FD /* P_Position.frag in Resources */ = {isa = PBXBuildFile; fileRef = E1234CE5155DD60C00B0C8FD /* P_Position.frag */; };
		E1234CE8155DD94A00B0C8FD /* P_VboPos.vert in Resources */ = {isa = PBXBuildFile; fileRef = E1234CE7155DD94A00B0C8FD /* P_VboPos.vert */; };
		E13C27BE154E17350087EB10 /* Position.frag in Resources */ = {isa = PBXBuildFile; fileRef = E13C27BA154E17350087EB10 /* Position.frag */; };
		E13C27BF154E17350087EB10 /* VboPos.frag in Resources */ = {isa = PBXBuildFile; fileRef = E13C27BB154E17350087EB10 /* VboPos.frag */; };
		E13C27C0154E17350087EB10 /* VboPos.vert in Resources */ = {isa = PBXBuildFile; fileRef = E13C27BC154E17350087EB10 /* VboPos.vert */; };
		E13C27C1154E17350087EB10 /* Velocity.frag in Resources */ = {isa = PBXBuildFile; fileRef = E13C27BD154E17350087EB10 /* Velocity.frag */; };
		E149FFEE15491867007C6AE9 /* room.frag in Resources */ = {isa = PBXBuildFile; fileRef = E149FFEC15491867007C6AE9 /* room.frag */; };
		E149FFEF15491867007C6AE9 /* room.vert in Resources */ = {isa = PBXBuildFile; fileRef = E149FFED15491867007C6AE9 /* room.vert */; };
		E149FFF2154919F0007C6AE9 /* SpringCam.cpp in Sources */ = {isa = PBXBuildFile; fileRef = E149FFF1154919F0007C6AE9 /* SpringCam.cpp */; };
		E154E0BB154FCE6D0032FD67 /* lantern.frag in Resources */ = {isa = PBXBuildFile; fileRef = E154E0B9154FCE6D0032FD67 /* lantern.frag */; };
		E154E0BC154FCE6D0032FD67 /* lantern.vert in Resources */ = {isa = PBXBuildFile; fileRef = E154E0BA154FCE6D0032FD67 /* lantern.vert */; };
		E19E0278154E667400CB2230 /* Lantern.cpp in Sources */ = {isa = PBXBuildFile; fileRef = E19E0275154E667400CB2230 /* Lantern.cpp */; };
		E19E0279154E667400CB2230 /* Controller.cpp in Sources */ = {isa = PBXBuildFile; fileRef = E19E0276154E667400CB2230 /* Controller.cpp */; };
		E19E027A154E667400CB2230 /* Room.cpp in Sources */ = {isa = PBXBuildFile; fileRef = E19E0277154E667400CB2230 /* Room.cpp */; };
		E19E0283154E6E8A00CB2230 /* lanternGlow.png in Resources */ = {isa = PBXBuildFile; fileRef = E19E0282154E6E8A00CB2230 /* lanternGlow.png */; };
		E1AE00E7153D0B02000CE780 /* passThru.vert in Resources */ = {isa = PBXBuildFile; fileRef = E1AE00E6153D0B02000CE780 /* passThru.vert */; };
		E1AE00EC153D0C32000CE780 /* passThruNormals.vert in Resources */ = {isa = PBXBuildFile; fileRef = E1AE00EB153D0C32000CE780 /* passThruNormals.vert */; };
		E1DA84E6155F56C40063B184 /* glow.png in Resources */ = {isa = PBXBuildFile; fileRef = E1DA84E2155F56C40063B184 /* glow.png */; };
		E1DA84E7155F56C40063B184 /* glow.frag in Resources */ = {isa = PBXBuildFile; fileRef = E1DA84E3155F56C40063B184 /* glow.frag */; };
		E1DA84E8155F56C40063B184 /* nebula.frag in Resources */ = {isa = PBXBuildFile; fileRef = E1DA84E4155F56C40063B184 /* nebula.frag */; };
		E1DA84E9155F56C40063B184 /* nebula.png in Resources */ = {isa = PBXBuildFile; fileRef = E1DA84E5155F56C40063B184 /* nebula.png */; };
		E1DA84EC155F57120063B184 /* Glow.cpp in Sources */ = {isa = PBXBuildFile; fileRef = E1DA84EA155F57120063B184 /* Glow.cpp */; };
		E1DA84ED155F57120063B184 /* Nebula.cpp in Sources */ = {isa = PBXBuildFile; fileRef = E1DA84EB155F57120063B184 /* Nebula.cpp */; };
		E1DA84F2155F6D5B0063B184 /* Predator.cpp in Sources */ = {isa = PBXBuildFile; fileRef = E1DA84F1155F6D5B0063B184 /* Predator.cpp */; };
		E1DA84F4155F6E8D0063B184 /* P_VboPos.frag in Resources */ = {isa = PBXBuildFile; fileRef = E1DA84F3155F6E8D0063B184 /* P_VboPos.frag */; };
		E1FF62321574702D00C1A823 /* icon.icns in Resources */ = {isa = PBXBuildFile; fileRef = E1FF62311574702D00C1A823 /* icon.icns */; };
/* End PBXBuildFile section */

/* Begin PBXFileReference section */
		0091D8F80E81B9330029341E /* OpenGL.framework */ = {isa = PBXFileReference; lastKnownFileType = wrapper.framework; name = OpenGL.framework; path = /System/Library/Frameworks/OpenGL.framework; sourceTree = "<absolute>"; };
		0097E3E40F3E9819005A4392 /* QuickTime.framework */ = {isa = PBXFileReference; lastKnownFileType = wrapper.framework; name = QuickTime.framework; path = /System/Library/Frameworks/QuickTime.framework; sourceTree = "<absolute>"; };
		00B784AF0FF439BC000DE1D7 /* Accelerate.framework */ = {isa = PBXFileReference; lastKnownFileType = wrapper.framework; name = Accelerate.framework; path = System/Library/Frameworks/Accelerate.framework; sourceTree = SDKROOT; };
		00B784B00FF439BC000DE1D7 /* AudioToolbox.framework */ = {isa = PBXFileReference; lastKnownFileType = wrapper.framework; name = AudioToolbox.framework; path = System/Library/Frameworks/AudioToolbox.framework; sourceTree = SDKROOT; };
		00B784B10FF439BC000DE1D7 /* AudioUnit.framework */ = {isa = PBXFileReference; lastKnownFileType = wrapper.framework; name = AudioUnit.framework; path = System/Library/Frameworks/AudioUnit.framework; sourceTree = SDKROOT; };
		00B784B20FF439BC000DE1D7 /* CoreAudio.framework */ = {isa = PBXFileReference; lastKnownFileType = wrapper.framework; name = CoreAudio.framework; path = System/Library/Frameworks/CoreAudio.framework; sourceTree = SDKROOT; };
		00BAE6590E7ED9C10018A608 /* FlockingApp.cpp */ = {isa = PBXFileReference; fileEncoding = 4; lastKnownFileType = sourcecode.cpp.cpp; name = FlockingApp.cpp; path = ../src/FlockingApp.cpp; sourceTree = SOURCE_ROOT; };
		00CCAF14116A9FEE008396D5 /* CinderApp.icns */ = {isa = PBXFileReference; lastKnownFileType = image.icns; name = CinderApp.icns; path = ../resources/CinderApp.icns; sourceTree = SOURCE_ROOT; };
		1058C7A1FEA54F0111CA2CBB /* Cocoa.framework */ = {isa = PBXFileReference; lastKnownFileType = wrapper.framework; name = Cocoa.framework; path = /System/Library/Frameworks/Cocoa.framework; sourceTree = "<absolute>"; };
		13E42FB307B3F0F600E4EEF1 /* CoreData.framework */ = {isa = PBXFileReference; lastKnownFileType = wrapper.framework; name = CoreData.framework; path = /System/Library/Frameworks/CoreData.framework; sourceTree = "<absolute>"; };
		29B97324FDCFA39411CA2CEA /* AppKit.framework */ = {isa = PBXFileReference; lastKnownFileType = wrapper.framework; name = AppKit.framework; path = /System/Library/Frameworks/AppKit.framework; sourceTree = "<absolute>"; };
		29B97325FDCFA39411CA2CEA /* Foundation.framework */ = {isa = PBXFileReference; lastKnownFileType = wrapper.framework; name = Foundation.framework; path = /System/Library/Frameworks/Foundation.framework; sourceTree = "<absolute>"; };
		32CA4F630368D1EE00C91783 /* Flocking_Prefix.pch */ = {isa = PBXFileReference; fileEncoding = 4; lastKnownFileType = sourcecode.c.h; path = Flocking_Prefix.pch; sourceTree = "<group>"; };
		5323E6B10EAFCA74003A9687 /* CoreVideo.framework */ = {isa = PBXFileReference; lastKnownFileType = wrapper.framework; name = CoreVideo.framework; path = /System/Library/Frameworks/CoreVideo.framework; sourceTree = "<absolute>"; };
		5323E6B50EAFCA7E003A9687 /* QTKit.framework */ = {isa = PBXFileReference; lastKnownFileType = wrapper.framework; name = QTKit.framework; path = /System/Library/Frameworks/QTKit.framework; sourceTree = "<absolute>"; };
		53E3CDFB0E86099300238D2B /* Carbon.framework */ = {isa = PBXFileReference; lastKnownFileType = wrapper.framework; name = Carbon.framework; path = /System/Library/Frameworks/Carbon.framework; sourceTree = "<absolute>"; };
		8D1107310486CEB800E47090 /* Info.plist */ = {isa = PBXFileReference; fileEncoding = 4; lastKnownFileType = text.plist.xml; path = Info.plist; sourceTree = "<group>"; };
		8D1107320486CEB800E47090 /* GpuPhysics.app */ = {isa = PBXFileReference; explicitFileType = wrapper.application; includeInIndex = 0; name = GpuPhysics.app; path = Flocking.app; sourceTree = BUILT_PRODUCTS_DIR; };
		E11993B8155DBC7D002AFBCF /* icons.png */ = {isa = PBXFileReference; lastKnownFileType = image.png; name = icons.png; path = ../resources/icons.png; sourceTree = "<group>"; };
		E1202EF115736825006A09D2 /* iconFlocking.png */ = {isa = PBXFileReference; lastKnownFileType = image.png; name = iconFlocking.png; path = ../resources/iconFlocking.png; sourceTree = "<group>"; };
		E1234CE2155DD5F900B0C8FD /* P_Velocity.frag */ = {isa = PBXFileReference; fileEncoding = 4; lastKnownFileType = sourcecode.glsl; name = P_Velocity.frag; path = ../resources/P_Velocity.frag; sourceTree = "<group>"; xcLanguageSpecificationIdentifier = xcode.lang.glsl; };
		E1234CE5155DD60C00B0C8FD /* P_Position.frag */ = {isa = PBXFileReference; fileEncoding = 4; lastKnownFileType = sourcecode.glsl; name = P_Position.frag; path = ../resources/P_Position.frag; sourceTree = "<group>"; xcLanguageSpecificationIdentifier = xcode.lang.glsl; };
		E1234CE7155DD94A00B0C8FD /* P_VboPos.vert */ = {isa = PBXFileReference; fileEncoding = 4; lastKnownFileType = sourcecode.glsl; name = P_VboPos.vert; path = ../resources/P_VboPos.vert; sourceTree = "<group>"; xcLanguageSpecificationIdentifier = xcode.lang.glsl; };
		E13C27BA154E17350087EB10 /* Position.frag */ = {isa = PBXFileReference; fileEncoding = 4; lastKnownFileType = sourcecode.glsl; name = Position.frag; path = ../resources/Position.frag; sourceTree = "<group>"; xcLanguageSpecificationIdentifier = xcode.lang.glsl; };
		E13C27BB154E17350087EB10 /* VboPos.frag */ = {isa = PBXFileReference; fileEncoding = 4; lastKnownFileType = sourcecode.glsl; name = VboPos.frag; path = ../resources/VboPos.frag; sourceTree = "<group>"; xcLanguageSpecificationIdentifier = xcode.lang.glsl; };
		E13C27BC154E17350087EB10 /* VboPos.vert */ = {isa = PBXFileReference; fileEncoding = 4; lastKnownFileType = sourcecode.glsl; name = VboPos.vert; path = ../resources/VboPos.vert; sourceTree = "<group>"; xcLanguageSpecificationIdentifier = xcode.lang.glsl; };
		E13C27BD154E17350087EB10 /* Velocity.frag */ = {isa = PBXFileReference; fileEncoding = 4; lastKnownFileType = sourcecode.glsl; name = Velocity.frag; path = ../resources/Velocity.frag; sourceTree = "<group>"; xcLanguageSpecificationIdentifier = xcode.lang.glsl; };
		E149FFEC15491867007C6AE9 /* room.frag */ = {isa = PBXFileReference; fileEncoding = 4; lastKnownFileType = sourcecode.glsl; name = room.frag; path = ../resources/room.frag; sourceTree = "<group>"; xcLanguageSpecificationIdentifier = xcode.lang.glsl; };
		E149FFED15491867007C6AE9 /* room.vert */ = {isa = PBXFileReference; fileEncoding = 4; lastKnownFileType = sourcecode.glsl; name = room.vert; path = ../resources/room.vert; sourceTree = "<group>"; xcLanguageSpecificationIdentifier = xcode.lang.glsl; };
		E149FFF0154919E9007C6AE9 /* SpringCam.h */ = {isa = PBXFileReference; fileEncoding = 4; lastKnownFileType = sourcecode.c.h; name = SpringCam.h; path = ../include/SpringCam.h; sourceTree = "<group>"; };
		E149FFF1154919F0007C6AE9 /* SpringCam.cpp */ = {isa = PBXFileReference; fileEncoding = 4; lastKnownFileType = sourcecode.cpp.cpp; name = SpringCam.cpp; path = ../src/SpringCam.cpp; sourceTree = "<group>"; };
		E154E0B9154FCE6D0032FD67 /* lantern.frag */ = {isa = PBXFileReference; fileEncoding = 4; lastKnownFileType = sourcecode.glsl; name = lantern.frag; path = ../resources/lantern.frag; sourceTree = "<group>"; xcLanguageSpecificationIdentifier = xcode.lang.glsl; };
		E154E0BA154FCE6D0032FD67 /* lantern.vert */ = {isa = PBXFileReference; fileEncoding = 4; lastKnownFileType = sourcecode.glsl; name = lantern.vert; path = ../resources/lantern.vert; sourceTree = "<group>"; };
		E19E0275154E667400CB2230 /* Lantern.cpp */ = {isa = PBXFileReference; fileEncoding = 4; lastKnownFileType = sourcecode.cpp.cpp; name = Lantern.cpp; path = ../src/Lantern.cpp; sourceTree = "<group>"; };
		E19E0276154E667400CB2230 /* Controller.cpp */ = {isa = PBXFileReference; fileEncoding = 4; lastKnownFileType = sourcecode.cpp.cpp; name = Controller.cpp; path = ../src/Controller.cpp; sourceTree = "<group>"; };
		E19E0277154E667400CB2230 /* Room.cpp */ = {isa = PBXFileReference; fileEncoding = 4; lastKnownFileType = sourcecode.cpp.cpp; name = Room.cpp; path = ../src/Room.cpp; sourceTree = "<group>"; };
		E19E027B154E667D00CB2230 /* Lantern.h */ = {isa = PBXFileReference; fileEncoding = 4; lastKnownFileType = sourcecode.c.h; name = Lantern.h; path = ../include/Lantern.h; sourceTree = "<group>"; };
		E19E027C154E667D00CB2230 /* Controller.h */ = {isa = PBXFileReference; fileEncoding = 4; lastKnownFileType = sourcecode.c.h; name = Controller.h; path = ../include/Controller.h; sourceTree = "<group>"; };
		E19E027D154E667D00CB2230 /* Room.h */ = {isa = PBXFileReference; fileEncoding = 4; lastKnownFileType = sourcecode.c.h; name = Room.h; path = ../include/Room.h; sourceTree = "<group>"; };
		E19E0282154E6E8A00CB2230 /* lanternGlow.png */ = {isa = PBXFileReference; lastKnownFileType = image.png; name = lanternGlow.png; path = ../resources/lanternGlow.png; sourceTree = "<group>"; };
		E1A2E0F9154CCA40007A956C /* Resources.h */ = {isa = PBXFileReference; fileEncoding = 4; lastKnownFileType = sourcecode.c.h; name = Resources.h; path = ../include/Resources.h; sourceTree = "<group>"; };
		E1AE00E6153D0B02000CE780 /* passThru.vert */ = {isa = PBXFileReference; fileEncoding = 4; lastKnownFileType = sourcecode.glsl; name = passThru.vert; path = ../resources/passThru.vert; sourceTree = "<group>"; xcLanguageSpecificationIdentifier = xcode.lang.glsl; };
		E1AE00EB153D0C32000CE780 /* passThruNormals.vert */ = {isa = PBXFileReference; fileEncoding = 4; lastKnownFileType = sourcecode.glsl; name = passThruNormals.vert; path = ../resources/passThruNormals.vert; sourceTree = "<group>"; xcLanguageSpecificationIdentifier = xcode.lang.glsl; };
		E1DA84E2155F56C40063B184 /* glow.png */ = {isa = PBXFileReference; lastKnownFileType = image.png; name = glow.png; path = ../resources/glow.png; sourceTree = "<group>"; };
		E1DA84E3155F56C40063B184 /* glow.frag */ = {isa = PBXFileReference; fileEncoding = 4; lastKnownFileType = sourcecode.glsl; name = glow.frag; path = ../resources/glow.frag; sourceTree = "<group>"; xcLanguageSpecificationIdentifier = xcode.lang.glsl; };
		E1DA84E4155F56C40063B184 /* nebula.frag */ = {isa = PBXFileReference; fileEncoding = 4; lastKnownFileType = sourcecode.glsl; name = nebula.frag; path = ../resources/nebula.frag; sourceTree = "<group>"; xcLanguageSpecificationIdentifier = xcode.lang.glsl; };
		E1DA84E5155F56C40063B184 /* nebula.png */ = {isa = PBXFileReference; lastKnownFileType = image.png; name = nebula.png; path = ../resources/nebula.png; sourceTree = "<group>"; };
		E1DA84EA155F57120063B184 /* Glow.cpp */ = {isa = PBXFileReference; fileEncoding = 4; lastKnownFileType = sourcecode.cpp.cpp; name = Glow.cpp; path = ../src/Glow.cpp; sourceTree = "<group>"; };
		E1DA84EB155F57120063B184 /* Nebula.cpp */ = {isa = PBXFileReference; fileEncoding = 4; lastKnownFileType = sourcecode.cpp.cpp; name = Nebula.cpp; path = ../src/Nebula.cpp; sourceTree = "<group>"; };
		E1DA84EE155F571E0063B184 /* Glow.h */ = {isa = PBXFileReference; fileEncoding = 4; lastKnownFileType = sourcecode.c.h; name = Glow.h; path = ../include/Glow.h; sourceTree = "<group>"; };
		E1DA84EF155F571E0063B184 /* Nebula.h */ = {isa = PBXFileReference; fileEncoding = 4; lastKnownFileType = sourcecode.c.h; name = Nebula.h; path = ../include/Nebula.h; sourceTree = "<group>"; };
		E1DA84F0155F6CC20063B184 /* Predator.h */ = {isa = PBXFileReference; fileEncoding = 4; lastKnownFileType = sourcecode.c.h; name = Predator.h; path = ../include/Predator.h; sourceTree = "<group>"; };
		E1DA84F1155F6D5B0063B184 /* Predator.cpp */ = {isa = PBXFileReference; fileEncoding = 4; lastKnownFileType = sourcecode.cpp.cpp; name = Predator.cpp; path = ../src/Predator.cpp; sourceTree = "<group>"; };
		E1DA84F3155F6E8D0063B184 /* P_VboPos.frag */ = {isa = PBXFileReference; fileEncoding = 4; lastKnownFileType = sourcecode.glsl; name = P_VboPos.frag; path = ../resources/P_VboPos.frag; sourceTree = "<group>"; };
		E1FF62311574702D00C1A823 /* icon.icns */ = {isa = PBXFileReference; lastKnownFileType = image.icns; name = icon.icns; path = ../resources/icon.icns; sourceTree = "<group>"; };
/* End PBXFileReference section */

/* Begin PBXFrameworksBuildPhase section */
		8D11072E0486CEB800E47090 /* Frameworks */ = {
			isa = PBXFrameworksBuildPhase;
			buildActionMask = 2147483647;
			files = (
				8D11072F0486CEB800E47090 /* Cocoa.framework in Frameworks */,
				0091D8F90E81B9330029341E /* OpenGL.framework in Frameworks */,
				53E3CDFC0E86099300238D2B /* Carbon.framework in Frameworks */,
				5323E6B20EAFCA74003A9687 /* CoreVideo.framework in Frameworks */,
				5323E6B60EAFCA7E003A9687 /* QTKit.framework in Frameworks */,
				0097E3E50F3E9819005A4392 /* QuickTime.framework in Frameworks */,
				00B784B30FF439BC000DE1D7 /* Accelerate.framework in Frameworks */,
				00B784B40FF439BC000DE1D7 /* AudioToolbox.framework in Frameworks */,
				00B784B50FF439BC000DE1D7 /* AudioUnit.framework in Frameworks */,
				00B784B60FF439BC000DE1D7 /* CoreAudio.framework in Frameworks */,
			);
			runOnlyForDeploymentPostprocessing = 0;
		};
/* End PBXFrameworksBuildPhase section */

/* Begin PBXGroup section */
		080E96DDFE201D6D7F000001 /* Source */ = {
			isa = PBXGroup;
			children = (
				E1A2E0E7154CC999007A956C /* Utility */,
				00BAE6590E7ED9C10018A608 /* FlockingApp.cpp */,
				E19E0276154E667400CB2230 /* Controller.cpp */,
				E19E0277154E667400CB2230 /* Room.cpp */,
				E1DA84F1155F6D5B0063B184 /* Predator.cpp */,
				E19E0275154E667400CB2230 /* Lantern.cpp */,
				E1DA84EA155F57120063B184 /* Glow.cpp */,
				E1DA84EB155F57120063B184 /* Nebula.cpp */,
			);
			name = Source;
			sourceTree = "<group>";
		};
		1058C7A0FEA54F0111CA2CBB /* Linked Frameworks */ = {
			isa = PBXGroup;
			children = (
				00B784AF0FF439BC000DE1D7 /* Accelerate.framework */,
				00B784B00FF439BC000DE1D7 /* AudioToolbox.framework */,
				00B784B10FF439BC000DE1D7 /* AudioUnit.framework */,
				00B784B20FF439BC000DE1D7 /* CoreAudio.framework */,
				0097E3E40F3E9819005A4392 /* QuickTime.framework */,
				5323E6B50EAFCA7E003A9687 /* QTKit.framework */,
				5323E6B10EAFCA74003A9687 /* CoreVideo.framework */,
				53E3CDFB0E86099300238D2B /* Carbon.framework */,
				0091D8F80E81B9330029341E /* OpenGL.framework */,
				1058C7A1FEA54F0111CA2CBB /* Cocoa.framework */,
			);
			name = "Linked Frameworks";
			sourceTree = "<group>";
		};
		1058C7A2FEA54F0111CA2CBB /* Other Frameworks */ = {
			isa = PBXGroup;
			children = (
				29B97324FDCFA39411CA2CEA /* AppKit.framework */,
				13E42FB307B3F0F600E4EEF1 /* CoreData.framework */,
				29B97325FDCFA39411CA2CEA /* Foundation.framework */,
			);
			name = "Other Frameworks";
			sourceTree = "<group>";
		};
		19C28FACFE9D520D11CA2CBB /* Products */ = {
			isa = PBXGroup;
			children = (
				8D1107320486CEB800E47090 /* GpuPhysics.app */,
			);
			name = Products;
			sourceTree = "<group>";
		};
		29B97314FDCFA39411CA2CEA /* GpuPhysics */ = {
			isa = PBXGroup;
			children = (
				29B97315FDCFA39411CA2CEA /* Headers */,
				080E96DDFE201D6D7F000001 /* Source */,
				29B97317FDCFA39411CA2CEA /* Resources */,
				29B97323FDCFA39411CA2CEA /* Frameworks */,
				19C28FACFE9D520D11CA2CBB /* Products */,
			);
			name = GpuPhysics;
			sourceTree = "<group>";
		};
		29B97315FDCFA39411CA2CEA /* Headers */ = {
			isa = PBXGroup;
			children = (
				E1A2E0E8154CC9A1007A956C /* Utility */,
				E19E027C154E667D00CB2230 /* Controller.h */,
				E19E027D154E667D00CB2230 /* Room.h */,
				E1DA84F0155F6CC20063B184 /* Predator.h */,
				E19E027B154E667D00CB2230 /* Lantern.h */,
				E1DA84EE155F571E0063B184 /* Glow.h */,
				E1DA84EF155F571E0063B184 /* Nebula.h */,
			);
			name = Headers;
			sourceTree = "<group>";
		};
		29B97317FDCFA39411CA2CEA /* Resources */ = {
			isa = PBXGroup;
			children = (
				E1A2E0D4154CBDFD007A956C /* Images */,
				E149FFEB15491744007C6AE9 /* Shaders */,
				8D1107310486CEB800E47090 /* Info.plist */,
				E1FF62311574702D00C1A823 /* icon.icns */,
				00CCAF14116A9FEE008396D5 /* CinderApp.icns */,
			);
			name = Resources;
			sourceTree = "<group>";
		};
		29B97323FDCFA39411CA2CEA /* Frameworks */ = {
			isa = PBXGroup;
			children = (
				1058C7A0FEA54F0111CA2CBB /* Linked Frameworks */,
				1058C7A2FEA54F0111CA2CBB /* Other Frameworks */,
			);
			name = Frameworks;
			sourceTree = "<group>";
		};
		E149FFEB15491744007C6AE9 /* Shaders */ = {
			isa = PBXGroup;
			children = (
				E154E0BA154FCE6D0032FD67 /* lantern.vert */,
				E154E0B9154FCE6D0032FD67 /* lantern.frag */,
				E1DA84E4155F56C40063B184 /* nebula.frag */,
				E1DA84E3155F56C40063B184 /* glow.frag */,
				E13C27BD154E17350087EB10 /* Velocity.frag */,
				E13C27BA154E17350087EB10 /* Position.frag */,
				E13C27BC154E17350087EB10 /* VboPos.vert */,
				E13C27BB154E17350087EB10 /* VboPos.frag */,
				E1234CE2155DD5F900B0C8FD /* P_Velocity.frag */,
				E1234CE5155DD60C00B0C8FD /* P_Position.frag */,
				E1234CE7155DD94A00B0C8FD /* P_VboPos.vert */,
				E1DA84F3155F6E8D0063B184 /* P_VboPos.frag */,
				E149FFED15491867007C6AE9 /* room.vert */,
				E149FFEC15491867007C6AE9 /* room.frag */,
				E1AE00E6153D0B02000CE780 /* passThru.vert */,
				E1AE00EB153D0C32000CE780 /* passThruNormals.vert */,
			);
			name = Shaders;
			sourceTree = "<group>";
		};
		E1A2E0D4154CBDFD007A956C /* Images */ = {
			isa = PBXGroup;
			children = (
				E1202EF115736825006A09D2 /* iconFlocking.png */,
				E1DA84E2155F56C40063B184 /* glow.png */,
				E1DA84E5155F56C40063B184 /* nebula.png */,
				E11993B8155DBC7D002AFBCF /* icons.png */,
				E19E0282154E6E8A00CB2230 /* lanternGlow.png */,
			);
			name = Images;
			sourceTree = "<group>";
		};
		E1A2E0E7154CC999007A956C /* Utility */ = {
			isa = PBXGroup;
			children = (
				E149FFF1154919F0007C6AE9 /* SpringCam.cpp */,
			);
			name = Utility;
			sourceTree = "<group>";
		};
		E1A2E0E8154CC9A1007A956C /* Utility */ = {
			isa = PBXGroup;
			children = (
				32CA4F630368D1EE00C91783 /* Flocking_Prefix.pch */,
				E1A2E0F9154CCA40007A956C /* Resources.h */,
				E149FFF0154919E9007C6AE9 /* SpringCam.h */,
			);
			name = Utility;
			sourceTree = "<group>";
		};
/* End PBXGroup section */

/* Begin PBXNativeTarget section */
		8D1107260486CEB800E47090 /* Flocking */ = {
			isa = PBXNativeTarget;
			buildConfigurationList = C01FCF4A08A954540054247B /* Build configuration list for PBXNativeTarget "Flocking" */;
			buildPhases = (
				8D1107290486CEB800E47090 /* Resources */,
				8D11072C0486CEB800E47090 /* Sources */,
				8D11072E0486CEB800E47090 /* Frameworks */,
			);
			buildRules = (
			);
			dependencies = (
			);
			name = Flocking;
			productInstallPath = "$(HOME)/Applications";
			productName = GpuPhysics;
			productReference = 8D1107320486CEB800E47090 /* GpuPhysics.app */;
			productType = "com.apple.product-type.application";
		};
/* End PBXNativeTarget section */

/* Begin PBXProject section */
		29B97313FDCFA39411CA2CEA /* Project object */ = {
			isa = PBXProject;
			attributes = {
				LastUpgradeCheck = 0430;
			};
			buildConfigurationList = C01FCF4E08A954540054247B /* Build configuration list for PBXProject "Flocking" */;
			compatibilityVersion = "Xcode 3.2";
			developmentRegion = English;
			hasScannedForEncodings = 1;
			knownRegions = (
				en,
			);
			mainGroup = 29B97314FDCFA39411CA2CEA /* GpuPhysics */;
			projectDirPath = "";
			projectRoot = "";
			targets = (
				8D1107260486CEB800E47090 /* Flocking */,
			);
		};
/* End PBXProject section */

/* Begin PBXResourcesBuildPhase section */
		8D1107290486CEB800E47090 /* Resources */ = {
			isa = PBXResourcesBuildPhase;
			buildActionMask = 2147483647;
			files = (
				E1AE00E7153D0B02000CE780 /* passThru.vert in Resources */,
				E1AE00EC153D0C32000CE780 /* passThruNormals.vert in Resources */,
				E13C27C1154E17350087EB10 /* Velocity.frag in Resources */,
				E13C27BE154E17350087EB10 /* Position.frag in Resources */,
				E13C27BF154E17350087EB10 /* VboPos.frag in Resources */,
				E13C27C0154E17350087EB10 /* VboPos.vert in Resources */,
				E1234CE3155DD5F900B0C8FD /* P_Velocity.frag in Resources */,
				E1234CE6155DD60C00B0C8FD /* P_Position.frag in Resources */,
				E1234CE8155DD94A00B0C8FD /* P_VboPos.vert in Resources */,
				E1DA84F4155F6E8D0063B184 /* P_VboPos.frag in Resources */,
				00CCAF15116A9FEE008396D5 /* CinderApp.icns in Resources */,
				E149FFEE15491867007C6AE9 /* room.frag in Resources */,
				E149FFEF15491867007C6AE9 /* room.vert in Resources */,
				E154E0BC154FCE6D0032FD67 /* lantern.vert in Resources */,
				E154E0BB154FCE6D0032FD67 /* lantern.frag in Resources */,
				E1DA84E7155F56C40063B184 /* glow.frag in Resources */,
				E1DA84E8155F56C40063B184 /* nebula.frag in Resources */,
				E11993BB155DBC7D002AFBCF /* icons.png in Resources */,
				E1DA84E6155F56C40063B184 /* glow.png in Resources */,
				E1DA84E9155F56C40063B184 /* nebula.png in Resources */,
				E19E0283154E6E8A00CB2230 /* lanternGlow.png in Resources */,
				E1202EF215736825006A09D2 /* iconFlocking.png in Resources */,
				E1FF62321574702D00C1A823 /* icon.icns in Resources */,
			);
			runOnlyForDeploymentPostprocessing = 0;
		};
/* End PBXResourcesBuildPhase section */

/* Begin PBXSourcesBuildPhase section */
		8D11072C0486CEB800E47090 /* Sources */ = {
			isa = PBXSourcesBuildPhase;
			buildActionMask = 2147483647;
			files = (
				00BAE65A0E7ED9C10018A608 /* FlockingApp.cpp in Sources */,
				E149FFF2154919F0007C6AE9 /* SpringCam.cpp in Sources */,
				E19E0278154E667400CB2230 /* Lantern.cpp in Sources */,
				E19E0279154E667400CB2230 /* Controller.cpp in Sources */,
				E19E027A154E667400CB2230 /* Room.cpp in Sources */,
				E1DA84EC155F57120063B184 /* Glow.cpp in Sources */,
				E1DA84ED155F57120063B184 /* Nebula.cpp in Sources */,
				E1DA84F2155F6D5B0063B184 /* Predator.cpp in Sources */,
			);
			runOnlyForDeploymentPostprocessing = 0;
		};
/* End PBXSourcesBuildPhase section */

/* Begin XCBuildConfiguration section */
		C01FCF4B08A954540054247B /* Debug */ = {
			isa = XCBuildConfiguration;
			buildSettings = {
				COPY_PHASE_STRIP = NO;
				GCC_DYNAMIC_NO_PIC = NO;
				GCC_INLINES_ARE_PRIVATE_EXTERN = YES;
				GCC_MODEL_TUNING = G5;
				GCC_OPTIMIZATION_LEVEL = 0;
				GCC_PRECOMPILE_PREFIX_HEADER = YES;
				GCC_PREFIX_HEADER = Flocking_Prefix.pch;
				GCC_SYMBOLS_PRIVATE_EXTERN = NO;
				INFOPLIST_FILE = Info.plist;
				INSTALL_PATH = "$(HOME)/Applications";
				LIBRARY_SEARCH_PATHS = (
					"$(inherited)",
					"\"$(SRCROOT)/../../../../cinder_master/blocks/FMOD-Ex-Cinder-Block/libs/lib/osx\"",
				);
				OTHER_LDFLAGS = "\"$(CINDER_PATH)/lib/libcinder_d.a\"";
				PRODUCT_NAME = Flocking;
				WRAPPER_EXTENSION = app;
			};
			name = Debug;
		};
		C01FCF4C08A954540054247B /* Release */ = {
			isa = XCBuildConfiguration;
			buildSettings = {
				DEAD_CODE_STRIPPING = YES;
				DEBUG_INFORMATION_FORMAT = "dwarf-with-dsym";
				GCC_FAST_MATH = YES;
				GCC_GENERATE_DEBUGGING_SYMBOLS = NO;
				GCC_INLINES_ARE_PRIVATE_EXTERN = YES;
				GCC_MODEL_TUNING = G5;
				GCC_OPTIMIZATION_LEVEL = 3;
				GCC_PRECOMPILE_PREFIX_HEADER = YES;
				GCC_PREFIX_HEADER = Flocking_Prefix.pch;
				GCC_SYMBOLS_PRIVATE_EXTERN = NO;
				INFOPLIST_FILE = Info.plist;
				INSTALL_PATH = "$(HOME)/Applications";
				LIBRARY_SEARCH_PATHS = (
					"$(inherited)",
					"\"$(SRCROOT)/../../../../cinder_master/blocks/FMOD-Ex-Cinder-Block/libs/lib/osx\"",
				);
				OTHER_LDFLAGS = "\"$(CINDER_PATH)/lib/libcinder.a\"";
				PRODUCT_NAME = Flocking;
				STRIP_INSTALLED_PRODUCT = YES;
				WRAPPER_EXTENSION = app;
			};
			name = Release;
		};
		C01FCF4F08A954540054247B /* Debug */ = {
			isa = XCBuildConfiguration;
			buildSettings = {
				ALWAYS_SEARCH_USER_PATHS = NO;
				ARCHS = i386;
				CINDER_PATH = ../../../../cinder_master;
				GCC_WARN_ABOUT_RETURN_TYPE = YES;
				GCC_WARN_UNUSED_VARIABLE = YES;
				HEADER_SEARCH_PATHS = "\"$(CINDER_PATH)/boost\"";
				MACOSX_DEPLOYMENT_TARGET = 10.5;
				SDKROOT = macosx;
				USER_HEADER_SEARCH_PATHS = "\"$(CINDER_PATH)/include\" ../include";
			};
			name = Debug;
		};
		C01FCF5008A954540054247B /* Release */ = {
			isa = XCBuildConfiguration;
			buildSettings = {
				ALWAYS_SEARCH_USER_PATHS = NO;
				ARCHS = i386;
				CINDER_PATH = ../../../../cinder_master;
				GCC_WARN_ABOUT_RETURN_TYPE = YES;
				GCC_WARN_UNUSED_VARIABLE = YES;
				HEADER_SEARCH_PATHS = "\"$(CINDER_PATH)/boost\"";
				MACOSX_DEPLOYMENT_TARGET = 10.5;
				SDKROOT = macosx;
				USER_HEADER_SEARCH_PATHS = "\"$(CINDER_PATH)/include\" ../include";
			};
			name = Release;
		};
/* End XCBuildConfiguration section */

/* Begin XCConfigurationList section */
		C01FCF4A08A954540054247B /* Build configuration list for PBXNativeTarget "Flocking" */ = {
			isa = XCConfigurationList;
			buildConfigurations = (
				C01FCF4B08A954540054247B /* Debug */,
				C01FCF4C08A954540054247B /* Release */,
			);
			defaultConfigurationIsVisible = 0;
			defaultConfigurationName = Release;
		};
		C01FCF4E08A954540054247B /* Build configuration list for PBXProject "Flocking" */ = {
			isa = XCConfigurationList;
			buildConfigurations = (
				C01FCF4F08A954540054247B /* Debug */,
				C01FCF5008A954540054247B /* Release */,
			);
			defaultConfigurationIsVisible = 0;
			defaultConfigurationName = Release;
		};
/* End XCConfigurationList section */
	};
	rootObject = 29B97313FDCFA39411CA2CEA /* Project object */;
}
