// !$*UTF8*$!
{
	archiveVersion = 1;
	classes = {
	};
	objectVersion = 46;
	objects = {

/* Begin PBXBuildFile section */
		0091D8F90E81B9330029341E /* OpenGL.framework in Frameworks */ = {isa = PBXBuildFile; fileRef = 0091D8F80E81B9330029341E /* OpenGL.framework */; };
		0097E3E50F3E9819005A4392 /* QuickTime.framework in Frameworks */ = {isa = PBXBuildFile; fileRef = 0097E3E40F3E9819005A4392 /* QuickTime.framework */; };
		00B784B30FF439BC000DE1D7 /* Accelerate.framework in Frameworks */ = {isa = PBXBuildFile; fileRef = 00B784AF0FF439BC000DE1D7 /* Accelerate.framework */; };
		00B784B40FF439BC000DE1D7 /* AudioToolbox.framework in Frameworks */ = {isa = PBXBuildFile; fileRef = 00B784B00FF439BC000DE1D7 /* AudioToolbox.framework */; };
		00B784B50FF439BC000DE1D7 /* AudioUnit.framework in Frameworks */ = {isa = PBXBuildFile; fileRef = 00B784B10FF439BC000DE1D7 /* AudioUnit.framework */; };
		00B784B60FF439BC000DE1D7 /* CoreAudio.framework in Frameworks */ = {isa = PBXBuildFile; fileRef = 00B784B20FF439BC000DE1D7 /* CoreAudio.framework */; };
		00BAE65A0E7ED9C10018A608 /* BubbleChamberApp.cpp in Sources */ = {isa = PBXBuildFile; fileRef = 00BAE6590E7ED9C10018A608 /* BubbleChamberApp.cpp */; };
		00CCAF15116A9FEE008396D5 /* CinderApp.icns in Resources */ = {isa = PBXBuildFile; fileRef = 00CCAF14116A9FEE008396D5 /* CinderApp.icns */; };
		5323E6B20EAFCA74003A9687 /* CoreVideo.framework in Frameworks */ = {isa = PBXBuildFile; fileRef = 5323E6B10EAFCA74003A9687 /* CoreVideo.framework */; };
		5323E6B60EAFCA7E003A9687 /* QTKit.framework in Frameworks */ = {isa = PBXBuildFile; fileRef = 5323E6B50EAFCA7E003A9687 /* QTKit.framework */; };
		53E3CDFC0E86099300238D2B /* Carbon.framework in Frameworks */ = {isa = PBXBuildFile; fileRef = 53E3CDFB0E86099300238D2B /* Carbon.framework */; };
		8D11072F0486CEB800E47090 /* Cocoa.framework in Frameworks */ = {isa = PBXBuildFile; fileRef = 1058C7A1FEA54F0111CA2CBB /* Cocoa.framework */; };
		E11BCAC5156CC5700032123C /* GlowCube.cpp in Sources */ = {isa = PBXBuildFile; fileRef = E11BCAC4156CC5700032123C /* GlowCube.cpp */; };
		E1202EEC15736701006A09D2 /* iconBubbleChamber.png in Resources */ = {isa = PBXBuildFile; fileRef = E1202EEB15736701006A09D2 /* iconBubbleChamber.png */; };
		E125849E156CCA930081DFE6 /* glowCube.vert in Resources */ = {isa = PBXBuildFile; fileRef = E125849D156CCA930081DFE6 /* glowCube.vert */; };
		E12584A1156CCA9E0081DFE6 /* glowCube.frag in Resources */ = {isa = PBXBuildFile; fileRef = E12584A0156CCA9E0081DFE6 /* glowCube.frag */; };
		E149FFE8154916C2007C6AE9 /* Room.cpp in Sources */ = {isa = PBXBuildFile; fileRef = E149FFE6154916C2007C6AE9 /* Room.cpp */; };
		E149FFEE15491867007C6AE9 /* room.frag in Resources */ = {isa = PBXBuildFile; fileRef = E149FFEC15491867007C6AE9 /* room.frag */; };
		E149FFEF15491867007C6AE9 /* room.vert in Resources */ = {isa = PBXBuildFile; fileRef = E149FFED15491867007C6AE9 /* room.vert */; };
		E149FFF2154919F0007C6AE9 /* SpringCam.cpp in Sources */ = {isa = PBXBuildFile; fileRef = E149FFF1154919F0007C6AE9 /* SpringCam.cpp */; };
		E1AE00E7153D0B02000CE780 /* passThru.vert in Resources */ = {isa = PBXBuildFile; fileRef = E1AE00E6153D0B02000CE780 /* passThru.vert */; };
		E1AE00EC153D0C32000CE780 /* passThruNormals.vert in Resources */ = {isa = PBXBuildFile; fileRef = E1AE00EB153D0C32000CE780 /* passThruNormals.vert */; };
		E1B1347F155352AA00EE3555 /* Controller.cpp in Sources */ = {isa = PBXBuildFile; fileRef = E1B1347E155352AA00EE3555 /* Controller.cpp */; };
		E1B13482155352C700EE3555 /* Particle.cpp in Sources */ = {isa = PBXBuildFile; fileRef = E1B13481155352C700EE3555 /* Particle.cpp */; };
		E1B1348915535CB600EE3555 /* Bubble.cpp in Sources */ = {isa = PBXBuildFile; fileRef = E1B1348815535CB600EE3555 /* Bubble.cpp */; };
		E1B1349715539F1300EE3555 /* decal.png in Resources */ = {isa = PBXBuildFile; fileRef = E1B1349615539F1300EE3555 /* decal.png */; };
		E1B1349E1553C9D700EE3555 /* Smoke.cpp in Sources */ = {isa = PBXBuildFile; fileRef = E1B1349D1553C9D700EE3555 /* Smoke.cpp */; };
		E1B134A01553CA9400EE3555 /* smoke.png in Resources */ = {isa = PBXBuildFile; fileRef = E1B1349F1553CA9400EE3555 /* smoke.png */; };
		E1BAE5401558B4AA005B4410 /* Moth.cpp in Sources */ = {isa = PBXBuildFile; fileRef = E1BAE53F1558B4AA005B4410 /* Moth.cpp */; };
		E1BAE5461558CBB3005B4410 /* Shockwave.cpp in Sources */ = {isa = PBXBuildFile; fileRef = E1BAE5451558CBB3005B4410 /* Shockwave.cpp */; };
		E1FF621515746D5C00C1A823 /* icon.icns in Resources */ = {isa = PBXBuildFile; fileRef = E1FF621415746D5C00C1A823 /* icon.icns */; };
/* End PBXBuildFile section */

/* Begin PBXFileReference section */
		0091D8F80E81B9330029341E /* OpenGL.framework */ = {isa = PBXFileReference; lastKnownFileType = wrapper.framework; name = OpenGL.framework; path = /System/Library/Frameworks/OpenGL.framework; sourceTree = "<absolute>"; };
		0097E3E40F3E9819005A4392 /* QuickTime.framework */ = {isa = PBXFileReference; lastKnownFileType = wrapper.framework; name = QuickTime.framework; path = /System/Library/Frameworks/QuickTime.framework; sourceTree = "<absolute>"; };
		00B784AF0FF439BC000DE1D7 /* Accelerate.framework */ = {isa = PBXFileReference; lastKnownFileType = wrapper.framework; name = Accelerate.framework; path = System/Library/Frameworks/Accelerate.framework; sourceTree = SDKROOT; };
		00B784B00FF439BC000DE1D7 /* AudioToolbox.framework */ = {isa = PBXFileReference; lastKnownFileType = wrapper.framework; name = AudioToolbox.framework; path = System/Library/Frameworks/AudioToolbox.framework; sourceTree = SDKROOT; };
		00B784B10FF439BC000DE1D7 /* AudioUnit.framework */ = {isa = PBXFileReference; lastKnownFileType = wrapper.framework; name = AudioUnit.framework; path = System/Library/Frameworks/AudioUnit.framework; sourceTree = SDKROOT; };
		00B784B20FF439BC000DE1D7 /* CoreAudio.framework */ = {isa = PBXFileReference; lastKnownFileType = wrapper.framework; name = CoreAudio.framework; path = System/Library/Frameworks/CoreAudio.framework; sourceTree = SDKROOT; };
		00BAE6590E7ED9C10018A608 /* BubbleChamberApp.cpp */ = {isa = PBXFileReference; fileEncoding = 4; lastKnownFileType = sourcecode.cpp.cpp; name = BubbleChamberApp.cpp; path = ../src/BubbleChamberApp.cpp; sourceTree = SOURCE_ROOT; };
		00CCAF14116A9FEE008396D5 /* CinderApp.icns */ = {isa = PBXFileReference; lastKnownFileType = image.icns; name = CinderApp.icns; path = ../resources/CinderApp.icns; sourceTree = SOURCE_ROOT; };
		1058C7A1FEA54F0111CA2CBB /* Cocoa.framework */ = {isa = PBXFileReference; lastKnownFileType = wrapper.framework; name = Cocoa.framework; path = /System/Library/Frameworks/Cocoa.framework; sourceTree = "<absolute>"; };
		13E42FB307B3F0F600E4EEF1 /* CoreData.framework */ = {isa = PBXFileReference; lastKnownFileType = wrapper.framework; name = CoreData.framework; path = /System/Library/Frameworks/CoreData.framework; sourceTree = "<absolute>"; };
		29B97324FDCFA39411CA2CEA /* AppKit.framework */ = {isa = PBXFileReference; lastKnownFileType = wrapper.framework; name = AppKit.framework; path = /System/Library/Frameworks/AppKit.framework; sourceTree = "<absolute>"; };
		29B97325FDCFA39411CA2CEA /* Foundation.framework */ = {isa = PBXFileReference; lastKnownFileType = wrapper.framework; name = Foundation.framework; path = /System/Library/Frameworks/Foundation.framework; sourceTree = "<absolute>"; };
		32CA4F630368D1EE00C91783 /* BubbleChamber_Prefix.pch */ = {isa = PBXFileReference; fileEncoding = 4; lastKnownFileType = sourcecode.c.h; path = BubbleChamber_Prefix.pch; sourceTree = "<group>"; };
		5323E6B10EAFCA74003A9687 /* CoreVideo.framework */ = {isa = PBXFileReference; lastKnownFileType = wrapper.framework; name = CoreVideo.framework; path = /System/Library/Frameworks/CoreVideo.framework; sourceTree = "<absolute>"; };
		5323E6B50EAFCA7E003A9687 /* QTKit.framework */ = {isa = PBXFileReference; lastKnownFileType = wrapper.framework; name = QTKit.framework; path = /System/Library/Frameworks/QTKit.framework; sourceTree = "<absolute>"; };
		53E3CDFB0E86099300238D2B /* Carbon.framework */ = {isa = PBXFileReference; lastKnownFileType = wrapper.framework; name = Carbon.framework; path = /System/Library/Frameworks/Carbon.framework; sourceTree = "<absolute>"; };
		8D1107310486CEB800E47090 /* Info.plist */ = {isa = PBXFileReference; fileEncoding = 4; lastKnownFileType = text.plist.xml; path = Info.plist; sourceTree = "<group>"; };
		8D1107320486CEB800E47090 /* GpuPhysics.app */ = {isa = PBXFileReference; explicitFileType = wrapper.application; includeInIndex = 0; name = GpuPhysics.app; path = BubbleChamber.app; sourceTree = BUILT_PRODUCTS_DIR; };
		E11BCAC2156CC55A0032123C /* GlowCube.h */ = {isa = PBXFileReference; lastKnownFileType = sourcecode.c.h; name = GlowCube.h; path = ../include/GlowCube.h; sourceTree = "<group>"; };
		E11BCAC4156CC5700032123C /* GlowCube.cpp */ = {isa = PBXFileReference; fileEncoding = 4; lastKnownFileType = sourcecode.cpp.cpp; name = GlowCube.cpp; path = ../src/GlowCube.cpp; sourceTree = "<group>"; };
		E1202EEB15736701006A09D2 /* iconBubbleChamber.png */ = {isa = PBXFileReference; lastKnownFileType = image.png; name = iconBubbleChamber.png; path = ../resources/iconBubbleChamber.png; sourceTree = "<group>"; };
		E125849D156CCA930081DFE6 /* glowCube.vert */ = {isa = PBXFileReference; fileEncoding = 4; lastKnownFileType = sourcecode.glsl; name = glowCube.vert; path = ../resources/glowCube.vert; sourceTree = "<group>"; xcLanguageSpecificationIdentifier = xcode.lang.glsl; };
		E12584A0156CCA9E0081DFE6 /* glowCube.frag */ = {isa = PBXFileReference; fileEncoding = 4; lastKnownFileType = sourcecode.glsl; name = glowCube.frag; path = ../resources/glowCube.frag; sourceTree = "<group>"; xcLanguageSpecificationIdentifier = xcode.lang.glsl; };
		E149FFE3154916B4007C6AE9 /* Room.h */ = {isa = PBXFileReference; fileEncoding = 4; lastKnownFileType = sourcecode.c.h; name = Room.h; path = ../include/Room.h; sourceTree = "<group>"; };
		E149FFE6154916C2007C6AE9 /* Room.cpp */ = {isa = PBXFileReference; fileEncoding = 4; lastKnownFileType = sourcecode.cpp.cpp; name = Room.cpp; path = ../src/Room.cpp; sourceTree = "<group>"; };
		E149FFEC15491867007C6AE9 /* room.frag */ = {isa = PBXFileReference; fileEncoding = 4; lastKnownFileType = sourcecode.glsl; name = room.frag; path = ../resources/room.frag; sourceTree = "<group>"; xcLanguageSpecificationIdentifier = xcode.lang.glsl; };
		E149FFED15491867007C6AE9 /* room.vert */ = {isa = PBXFileReference; fileEncoding = 4; lastKnownFileType = sourcecode.glsl; name = room.vert; path = ../resources/room.vert; sourceTree = "<group>"; xcLanguageSpecificationIdentifier = xcode.lang.glsl; };
		E149FFF0154919E9007C6AE9 /* SpringCam.h */ = {isa = PBXFileReference; fileEncoding = 4; lastKnownFileType = sourcecode.c.h; name = SpringCam.h; path = ../include/SpringCam.h; sourceTree = "<group>"; };
		E149FFF1154919F0007C6AE9 /* SpringCam.cpp */ = {isa = PBXFileReference; fileEncoding = 4; lastKnownFileType = sourcecode.cpp.cpp; name = SpringCam.cpp; path = ../src/SpringCam.cpp; sourceTree = "<group>"; };
		E1A2E0F9154CCA40007A956C /* Resources.h */ = {isa = PBXFileReference; fileEncoding = 4; lastKnownFileType = sourcecode.c.h; name = Resources.h; path = ../include/Resources.h; sourceTree = "<group>"; };
		E1AE00E6153D0B02000CE780 /* passThru.vert */ = {isa = PBXFileReference; fileEncoding = 4; lastKnownFileType = sourcecode.glsl; name = passThru.vert; path = ../resources/passThru.vert; sourceTree = "<group>"; xcLanguageSpecificationIdentifier = xcode.lang.glsl; };
		E1AE00EB153D0C32000CE780 /* passThruNormals.vert */ = {isa = PBXFileReference; fileEncoding = 4; lastKnownFileType = sourcecode.glsl; name = passThruNormals.vert; path = ../resources/passThruNormals.vert; sourceTree = "<group>"; xcLanguageSpecificationIdentifier = xcode.lang.glsl; };
		E1B1347D1553529D00EE3555 /* Controller.h */ = {isa = PBXFileReference; fileEncoding = 4; lastKnownFileType = sourcecode.c.h; name = Controller.h; path = ../include/Controller.h; sourceTree = "<group>"; };
		E1B1347E155352AA00EE3555 /* Controller.cpp */ = {isa = PBXFileReference; fileEncoding = 4; lastKnownFileType = sourcecode.cpp.cpp; name = Controller.cpp; path = ../src/Controller.cpp; sourceTree = "<group>"; };
		E1B13480155352B900EE3555 /* Particle.h */ = {isa = PBXFileReference; fileEncoding = 4; lastKnownFileType = sourcecode.c.h; name = Particle.h; path = ../include/Particle.h; sourceTree = "<group>"; };
		E1B13481155352C700EE3555 /* Particle.cpp */ = {isa = PBXFileReference; fileEncoding = 4; lastKnownFileType = sourcecode.cpp.cpp; name = Particle.cpp; path = ../src/Particle.cpp; sourceTree = "<group>"; };
		E1B1348715535CA600EE3555 /* Bubble.h */ = {isa = PBXFileReference; fileEncoding = 4; lastKnownFileType = sourcecode.c.h; name = Bubble.h; path = ../include/Bubble.h; sourceTree = "<group>"; };
		E1B1348815535CB600EE3555 /* Bubble.cpp */ = {isa = PBXFileReference; fileEncoding = 4; lastKnownFileType = sourcecode.cpp.cpp; name = Bubble.cpp; path = ../src/Bubble.cpp; sourceTree = "<group>"; };
		E1B1349615539F1300EE3555 /* decal.png */ = {isa = PBXFileReference; lastKnownFileType = image.png; name = decal.png; path = ../resources/decal.png; sourceTree = "<group>"; };
		E1B1349C1553C9CC00EE3555 /* Smoke.h */ = {isa = PBXFileReference; fileEncoding = 4; lastKnownFileType = sourcecode.c.h; name = Smoke.h; path = ../include/Smoke.h; sourceTree = "<group>"; };
		E1B1349D1553C9D700EE3555 /* Smoke.cpp */ = {isa = PBXFileReference; fileEncoding = 4; lastKnownFileType = sourcecode.cpp.cpp; name = Smoke.cpp; path = ../src/Smoke.cpp; sourceTree = "<group>"; };
		E1B1349F1553CA9400EE3555 /* smoke.png */ = {isa = PBXFileReference; lastKnownFileType = image.png; name = smoke.png; path = ../resources/smoke.png; sourceTree = "<group>"; };
		E1BAE53E1558B496005B4410 /* Moth.h */ = {isa = PBXFileReference; fileEncoding = 4; lastKnownFileType = sourcecode.c.h; name = Moth.h; path = ../include/Moth.h; sourceTree = "<group>"; };
		E1BAE53F1558B4AA005B4410 /* Moth.cpp */ = {isa = PBXFileReference; fileEncoding = 4; lastKnownFileType = sourcecode.cpp.cpp; name = Moth.cpp; path = ../src/Moth.cpp; sourceTree = "<group>"; };
		E1BAE5451558CBB3005B4410 /* Shockwave.cpp */ = {isa = PBXFileReference; fileEncoding = 4; lastKnownFileType = sourcecode.cpp.cpp; name = Shockwave.cpp; path = ../src/Shockwave.cpp; sourceTree = "<group>"; };
		E1BAE5471558CBBB005B4410 /* Shockwave.h */ = {isa = PBXFileReference; fileEncoding = 4; lastKnownFileType = sourcecode.c.h; name = Shockwave.h; path = ../include/Shockwave.h; sourceTree = "<group>"; };
		E1FF621415746D5C00C1A823 /* icon.icns */ = {isa = PBXFileReference; lastKnownFileType = image.icns; name = icon.icns; path = ../resources/icon.icns; sourceTree = "<group>"; };
/* End PBXFileReference section */

/* Begin PBXFrameworksBuildPhase section */
		8D11072E0486CEB800E47090 /* Frameworks */ = {
			isa = PBXFrameworksBuildPhase;
			buildActionMask = 2147483647;
			files = (
				8D11072F0486CEB800E47090 /* Cocoa.framework in Frameworks */,
				0091D8F90E81B9330029341E /* OpenGL.framework in Frameworks */,
				53E3CDFC0E86099300238D2B /* Carbon.framework in Frameworks */,
				5323E6B20EAFCA74003A9687 /* CoreVideo.framework in Frameworks */,
				5323E6B60EAFCA7E003A9687 /* QTKit.framework in Frameworks */,
				0097E3E50F3E9819005A4392 /* QuickTime.framework in Frameworks */,
				00B784B30FF439BC000DE1D7 /* Accelerate.framework in Frameworks */,
				00B784B40FF439BC000DE1D7 /* AudioToolbox.framework in Frameworks */,
				00B784B50FF439BC000DE1D7 /* AudioUnit.framework in Frameworks */,
				00B784B60FF439BC000DE1D7 /* CoreAudio.framework in Frameworks */,
			);
			runOnlyForDeploymentPostprocessing = 0;
		};
/* End PBXFrameworksBuildPhase section */

/* Begin PBXGroup section */
		080E96DDFE201D6D7F000001 /* Source */ = {
			isa = PBXGroup;
			children = (
				E1A2E0E7154CC999007A956C /* Utility */,
				00BAE6590E7ED9C10018A608 /* BubbleChamberApp.cpp */,
				E149FFE6154916C2007C6AE9 /* Room.cpp */,
				E1B1347E155352AA00EE3555 /* Controller.cpp */,
				E1B13481155352C700EE3555 /* Particle.cpp */,
				E1B1348815535CB600EE3555 /* Bubble.cpp */,
				E1B1349D1553C9D700EE3555 /* Smoke.cpp */,
				E1BAE5451558CBB3005B4410 /* Shockwave.cpp */,
				E1BAE53F1558B4AA005B4410 /* Moth.cpp */,
				E11BCAC4156CC5700032123C /* GlowCube.cpp */,
			);
			name = Source;
			sourceTree = "<group>";
		};
		1058C7A0FEA54F0111CA2CBB /* Linked Frameworks */ = {
			isa = PBXGroup;
			children = (
				00B784AF0FF439BC000DE1D7 /* Accelerate.framework */,
				00B784B00FF439BC000DE1D7 /* AudioToolbox.framework */,
				00B784B10FF439BC000DE1D7 /* AudioUnit.framework */,
				00B784B20FF439BC000DE1D7 /* CoreAudio.framework */,
				0097E3E40F3E9819005A4392 /* QuickTime.framework */,
				5323E6B50EAFCA7E003A9687 /* QTKit.framework */,
				5323E6B10EAFCA74003A9687 /* CoreVideo.framework */,
				53E3CDFB0E86099300238D2B /* Carbon.framework */,
				0091D8F80E81B9330029341E /* OpenGL.framework */,
				1058C7A1FEA54F0111CA2CBB /* Cocoa.framework */,
			);
			name = "Linked Frameworks";
			sourceTree = "<group>";
		};
		1058C7A2FEA54F0111CA2CBB /* Other Frameworks */ = {
			isa = PBXGroup;
			children = (
				29B97324FDCFA39411CA2CEA /* AppKit.framework */,
				13E42FB307B3F0F600E4EEF1 /* CoreData.framework */,
				29B97325FDCFA39411CA2CEA /* Foundation.framework */,
			);
			name = "Other Frameworks";
			sourceTree = "<group>";
		};
		19C28FACFE9D520D11CA2CBB /* Products */ = {
			isa = PBXGroup;
			children = (
				8D1107320486CEB800E47090 /* GpuPhysics.app */,
			);
			name = Products;
			sourceTree = "<group>";
		};
		29B97314FDCFA39411CA2CEA /* GpuPhysics */ = {
			isa = PBXGroup;
			children = (
				29B97315FDCFA39411CA2CEA /* Headers */,
				080E96DDFE201D6D7F000001 /* Source */,
				29B97317FDCFA39411CA2CEA /* Resources */,
				29B97323FDCFA39411CA2CEA /* Frameworks */,
				19C28FACFE9D520D11CA2CBB /* Products */,
			);
			name = GpuPhysics;
			sourceTree = "<group>";
		};
		29B97315FDCFA39411CA2CEA /* Headers */ = {
			isa = PBXGroup;
			children = (
				E1A2E0E8154CC9A1007A956C /* Utility */,
				E149FFE3154916B4007C6AE9 /* Room.h */,
				E1B1347D1553529D00EE3555 /* Controller.h */,
				E1B13480155352B900EE3555 /* Particle.h */,
				E1B1348715535CA600EE3555 /* Bubble.h */,
				E1B1349C1553C9CC00EE3555 /* Smoke.h */,
				E1BAE5471558CBBB005B4410 /* Shockwave.h */,
				E1BAE53E1558B496005B4410 /* Moth.h */,
				E11BCAC2156CC55A0032123C /* GlowCube.h */,
			);
			name = Headers;
			sourceTree = "<group>";
		};
		29B97317FDCFA39411CA2CEA /* Resources */ = {
			isa = PBXGroup;
			children = (
				E1A2E0D4154CBDFD007A956C /* Images */,
				E149FFEB15491744007C6AE9 /* Shaders */,
				8D1107310486CEB800E47090 /* Info.plist */,
				E1FF621415746D5C00C1A823 /* icon.icns */,
				00CCAF14116A9FEE008396D5 /* CinderApp.icns */,
			);
			name = Resources;
			sourceTree = "<group>";
		};
		29B97323FDCFA39411CA2CEA /* Frameworks */ = {
			isa = PBXGroup;
			children = (
				1058C7A0FEA54F0111CA2CBB /* Linked Frameworks */,
				1058C7A2FEA54F0111CA2CBB /* Other Frameworks */,
			);
			name = Frameworks;
			sourceTree = "<group>";
		};
		E149FFEB15491744007C6AE9 /* Shaders */ = {
			isa = PBXGroup;
			children = (
				E1AE00E6153D0B02000CE780 /* passThru.vert */,
				E1AE00EB153D0C32000CE780 /* passThruNormals.vert */,
				E149FFED15491867007C6AE9 /* room.vert */,
				E149FFEC15491867007C6AE9 /* room.frag */,
				E125849D156CCA930081DFE6 /* glowCube.vert */,
				E12584A0156CCA9E0081DFE6 /* glowCube.frag */,
			);
			name = Shaders;
			sourceTree = "<group>";
		};
		E1A2E0D4154CBDFD007A956C /* Images */ = {
			isa = PBXGroup;
			children = (
				E1202EEB15736701006A09D2 /* iconBubbleChamber.png */,
				E1B1349F1553CA9400EE3555 /* smoke.png */,
				E1B1349615539F1300EE3555 /* decal.png */,
			);
			name = Images;
			sourceTree = "<group>";
		};
		E1A2E0E7154CC999007A956C /* Utility */ = {
			isa = PBXGroup;
			children = (
				E149FFF1154919F0007C6AE9 /* SpringCam.cpp */,
			);
			name = Utility;
			sourceTree = "<group>";
		};
		E1A2E0E8154CC9A1007A956C /* Utility */ = {
			isa = PBXGroup;
			children = (
				32CA4F630368D1EE00C91783 /* BubbleChamber_Prefix.pch */,
				E1A2E0F9154CCA40007A956C /* Resources.h */,
				E149FFF0154919E9007C6AE9 /* SpringCam.h */,
			);
			name = Utility;
			sourceTree = "<group>";
		};
/* End PBXGroup section */

/* Begin PBXNativeTarget section */
		8D1107260486CEB800E47090 /* BubbleChamber */ = {
			isa = PBXNativeTarget;
			buildConfigurationList = C01FCF4A08A954540054247B /* Build configuration list for PBXNativeTarget "BubbleChamber" */;
			buildPhases = (
				8D1107290486CEB800E47090 /* Resources */,
				8D11072C0486CEB800E47090 /* Sources */,
				8D11072E0486CEB800E47090 /* Frameworks */,
			);
			buildRules = (
			);
			dependencies = (
			);
			name = BubbleChamber;
			productInstallPath = "$(HOME)/Applications";
			productName = GpuPhysics;
			productReference = 8D1107320486CEB800E47090 /* GpuPhysics.app */;
			productType = "com.apple.product-type.application";
		};
/* End PBXNativeTarget section */

/* Begin PBXProject section */
		29B97313FDCFA39411CA2CEA /* Project object */ = {
			isa = PBXProject;
			attributes = {
				LastUpgradeCheck = 0430;
			};
			buildConfigurationList = C01FCF4E08A954540054247B /* Build configuration list for PBXProject "BubbleChamber" */;
			compatibilityVersion = "Xcode 3.2";
			developmentRegion = English;
			hasScannedForEncodings = 1;
			knownRegions = (
				en,
			);
			mainGroup = 29B97314FDCFA39411CA2CEA /* GpuPhysics */;
			projectDirPath = "";
			projectRoot = "";
			targets = (
				8D1107260486CEB800E47090 /* BubbleChamber */,
			);
		};
/* End PBXProject section */

/* Begin PBXResourcesBuildPhase section */
		8D1107290486CEB800E47090 /* Resources */ = {
			isa = PBXResourcesBuildPhase;
			buildActionMask = 2147483647;
			files = (
				00CCAF15116A9FEE008396D5 /* CinderApp.icns in Resources */,
				E149FFEE15491867007C6AE9 /* room.frag in Resources */,
				E149FFEF15491867007C6AE9 /* room.vert in Resources */,
				E125849E156CCA930081DFE6 /* glowCube.vert in Resources */,
				E12584A1156CCA9E0081DFE6 /* glowCube.frag in Resources */,
				E1AE00E7153D0B02000CE780 /* passThru.vert in Resources */,
				E1AE00EC153D0C32000CE780 /* passThruNormals.vert in Resources */,
				E1B1349715539F1300EE3555 /* decal.png in Resources */,
				E1B134A01553CA9400EE3555 /* smoke.png in Resources */,
				E1202EEC15736701006A09D2 /* iconBubbleChamber.png in Resources */,
				E1FF621515746D5C00C1A823 /* icon.icns in Resources */,
			);
			runOnlyForDeploymentPostprocessing = 0;
		};
/* End PBXResourcesBuildPhase section */

/* Begin PBXSourcesBuildPhase section */
		8D11072C0486CEB800E47090 /* Sources */ = {
			isa = PBXSourcesBuildPhase;
			buildActionMask = 2147483647;
			files = (
				00BAE65A0E7ED9C10018A608 /* BubbleChamberApp.cpp in Sources */,
				E149FFE8154916C2007C6AE9 /* Room.cpp in Sources */,
				E149FFF2154919F0007C6AE9 /* SpringCam.cpp in Sources */,
				E1B1347F155352AA00EE3555 /* Controller.cpp in Sources */,
				E1B13482155352C700EE3555 /* Particle.cpp in Sources */,
				E1B1348915535CB600EE3555 /* Bubble.cpp in Sources */,
				E1B1349E1553C9D700EE3555 /* Smoke.cpp in Sources */,
				E1BAE5401558B4AA005B4410 /* Moth.cpp in Sources */,
				E1BAE5461558CBB3005B4410 /* Shockwave.cpp in Sources */,
				E11BCAC5156CC5700032123C /* GlowCube.cpp in Sources */,
			);
			runOnlyForDeploymentPostprocessing = 0;
		};
/* End PBXSourcesBuildPhase section */

/* Begin XCBuildConfiguration section */
		C01FCF4B08A954540054247B /* Debug */ = {
			isa = XCBuildConfiguration;
			buildSettings = {
				COPY_PHASE_STRIP = NO;
				GCC_DYNAMIC_NO_PIC = NO;
				GCC_INLINES_ARE_PRIVATE_EXTERN = YES;
				GCC_MODEL_TUNING = G5;
				GCC_OPTIMIZATION_LEVEL = 0;
				GCC_PRECOMPILE_PREFIX_HEADER = YES;
				GCC_PREFIX_HEADER = BubbleChamber_Prefix.pch;
				GCC_SYMBOLS_PRIVATE_EXTERN = NO;
				INFOPLIST_FILE = Info.plist;
				INSTALL_PATH = "$(HOME)/Applications";
				LIBRARY_SEARCH_PATHS = (
					"$(inherited)",
					"\"$(SRCROOT)/../../../../cinder_master/blocks/FMOD-Ex-Cinder-Block/libs/lib/osx\"",
				);
				OTHER_LDFLAGS = "\"$(CINDER_PATH)/lib/libcinder_d.a\"";
				PRODUCT_NAME = BubbleChamber;
				WRAPPER_EXTENSION = app;
			};
			name = Debug;
		};
		C01FCF4C08A954540054247B /* Release */ = {
			isa = XCBuildConfiguration;
			buildSettings = {
				DEAD_CODE_STRIPPING = YES;
				DEBUG_INFORMATION_FORMAT = "dwarf-with-dsym";
				GCC_FAST_MATH = YES;
				GCC_GENERATE_DEBUGGING_SYMBOLS = NO;
				GCC_INLINES_ARE_PRIVATE_EXTERN = YES;
				GCC_MODEL_TUNING = G5;
				GCC_OPTIMIZATION_LEVEL = 3;
				GCC_PRECOMPILE_PREFIX_HEADER = YES;
				GCC_PREFIX_HEADER = BubbleChamber_Prefix.pch;
				GCC_SYMBOLS_PRIVATE_EXTERN = NO;
				INFOPLIST_FILE = Info.plist;
				INSTALL_PATH = "$(HOME)/Applications";
				LIBRARY_SEARCH_PATHS = (
					"$(inherited)",
					"\"$(SRCROOT)/../../../../cinder_master/blocks/FMOD-Ex-Cinder-Block/libs/lib/osx\"",
				);
				OTHER_LDFLAGS = "\"$(CINDER_PATH)/lib/libcinder.a\"";
				PRODUCT_NAME = BubbleChamber;
				STRIP_INSTALLED_PRODUCT = YES;
				WRAPPER_EXTENSION = app;
			};
			name = Release;
		};
		C01FCF4F08A954540054247B /* Debug */ = {
			isa = XCBuildConfiguration;
			buildSettings = {
				ALWAYS_SEARCH_USER_PATHS = NO;
				ARCHS = i386;
				CINDER_PATH = ../../../../cinder_master;
				GCC_WARN_ABOUT_RETURN_TYPE = YES;
				GCC_WARN_UNUSED_VARIABLE = YES;
				HEADER_SEARCH_PATHS = "\"$(CINDER_PATH)/boost\"";
				MACOSX_DEPLOYMENT_TARGET = 10.5;
				SDKROOT = macosx;
				USER_HEADER_SEARCH_PATHS = "\"$(CINDER_PATH)/include\" ../include";
			};
			name = Debug;
		};
		C01FCF5008A954540054247B /* Release */ = {
			isa = XCBuildConfiguration;
			buildSettings = {
				ALWAYS_SEARCH_USER_PATHS = NO;
				ARCHS = i386;
				CINDER_PATH = ../../../../cinder_master;
				GCC_WARN_ABOUT_RETURN_TYPE = YES;
				GCC_WARN_UNUSED_VARIABLE = YES;
				HEADER_SEARCH_PATHS = "\"$(CINDER_PATH)/boost\"";
				MACOSX_DEPLOYMENT_TARGET = 10.5;
				SDKROOT = macosx;
				USER_HEADER_SEARCH_PATHS = "\"$(CINDER_PATH)/include\" ../include";
			};
			name = Release;
		};
/* End XCBuildConfiguration section */

/* Begin XCConfigurationList section */
		C01FCF4A08A954540054247B /* Build configuration list for PBXNativeTarget "BubbleChamber" */ = {
			isa = XCConfigurationList;
			buildConfigurations = (
				C01FCF4B08A954540054247B /* Debug */,
				C01FCF4C08A954540054247B /* Release */,
			);
			defaultConfigurationIsVisible = 0;
			defaultConfigurationName = Release;
		};
		C01FCF4E08A954540054247B /* Build configuration list for PBXProject "BubbleChamber" */ = {
			isa = XCConfigurationList;
			buildConfigurations = (
				C01FCF4F08A954540054247B /* Debug */,
				C01FCF5008A954540054247B /* Release */,
			);
			defaultConfigurationIsVisible = 0;
			defaultConfigurationName = Release;
		};
/* End XCConfigurationList section */
	};
	rootObject = 29B97313FDCFA39411CA2CEA /* Project object */;
}
