// !$*UTF8*$!
{
	archiveVersion = 1;
	classes = {
	};
	objectVersion = 46;
	objects = {

/* Begin PBXBuildFile section */
		0091D8F90E81B9330029341E /* OpenGL.framework in Frameworks */ = {isa = PBXBuildFile; fileRef = 0091D8F80E81B9330029341E /* OpenGL.framework */; };
		0097E3E50F3E9819005A4392 /* QuickTime.framework in Frameworks */ = {isa = PBXBuildFile; fileRef = 0097E3E40F3E9819005A4392 /* QuickTime.framework */; };
		00B784B30FF439BC000DE1D7 /* Accelerate.framework in Frameworks */ = {isa = PBXBuildFile; fileRef = 00B784AF0FF439BC000DE1D7 /* Accelerate.framework */; };
		00B784B40FF439BC000DE1D7 /* AudioToolbox.framework in Frameworks */ = {isa = PBXBuildFile; fileRef = 00B784B00FF439BC000DE1D7 /* AudioToolbox.framework */; };
		00B784B50FF439BC000DE1D7 /* AudioUnit.framework in Frameworks */ = {isa = PBXBuildFile; fileRef = 00B784B10FF439BC000DE1D7 /* AudioUnit.framework */; };
		00B784B60FF439BC000DE1D7 /* CoreAudio.framework in Frameworks */ = {isa = PBXBuildFile; fileRef = 00B784B20FF439BC000DE1D7 /* CoreAudio.framework */; };
		00BAE65A0E7ED9C10018A608 /* StarApp.cpp in Sources */ = {isa = PBXBuildFile; fileRef = 00BAE6590E7ED9C10018A608 /* StarApp.cpp */; };
		00CCAF15116A9FEE008396D5 /* CinderApp.icns in Resources */ = {isa = PBXBuildFile; fileRef = 00CCAF14116A9FEE008396D5 /* CinderApp.icns */; };
		5323E6B20EAFCA74003A9687 /* CoreVideo.framework in Frameworks */ = {isa = PBXBuildFile; fileRef = 5323E6B10EAFCA74003A9687 /* CoreVideo.framework */; };
		5323E6B60EAFCA7E003A9687 /* QTKit.framework in Frameworks */ = {isa = PBXBuildFile; fileRef = 5323E6B50EAFCA7E003A9687 /* QTKit.framework */; };
		53E3CDFC0E86099300238D2B /* Carbon.framework in Frameworks */ = {isa = PBXBuildFile; fileRef = 53E3CDFB0E86099300238D2B /* Carbon.framework */; };
		8D11072F0486CEB800E47090 /* Cocoa.framework in Frameworks */ = {isa = PBXBuildFile; fileRef = 1058C7A1FEA54F0111CA2CBB /* Cocoa.framework */; };
		E122D2BE1550C196004253FA /* nebula.png in Resources */ = {isa = PBXBuildFile; fileRef = E122D2BD1550C196004253FA /* nebula.png */; };
		E122D2C11550C1AD004253FA /* Nebula.cpp in Sources */ = {isa = PBXBuildFile; fileRef = E122D2C01550C1AD004253FA /* Nebula.cpp */; };
		E122D2CA1550C63B004253FA /* nebula.frag in Resources */ = {isa = PBXBuildFile; fileRef = E122D2C91550C63B004253FA /* nebula.frag */; };
		E122D2CC1550CAA4004253FA /* spectrum.png in Resources */ = {isa = PBXBuildFile; fileRef = E122D2CB1550CAA4004253FA /* spectrum.png */; };
		E122D2CE1550E0E2004253FA /* smallGrid.png in Resources */ = {isa = PBXBuildFile; fileRef = E122D2CD1550E0E2004253FA /* smallGrid.png */; };
		E122D2FC15512AF5004253FA /* dust.frag in Resources */ = {isa = PBXBuildFile; fileRef = E122D2FB15512AF5004253FA /* dust.frag */; };
		E122D2FE15512B66004253FA /* passThruColor.vert in Resources */ = {isa = PBXBuildFile; fileRef = E122D2FD15512B66004253FA /* passThruColor.vert */; };
		E149FFE8154916C2007C6AE9 /* Room.cpp in Sources */ = {isa = PBXBuildFile; fileRef = E149FFE6154916C2007C6AE9 /* Room.cpp */; };
		E149FFEE15491867007C6AE9 /* room.frag in Resources */ = {isa = PBXBuildFile; fileRef = E149FFEC15491867007C6AE9 /* room.frag */; };
		E149FFEF15491867007C6AE9 /* room.vert in Resources */ = {isa = PBXBuildFile; fileRef = E149FFED15491867007C6AE9 /* room.vert */; };
		E149FFF2154919F0007C6AE9 /* SpringCam.cpp in Sources */ = {isa = PBXBuildFile; fileRef = E149FFF1154919F0007C6AE9 /* SpringCam.cpp */; };
		E160FE30156735DA00D41F91 /* planet.frag in Resources */ = {isa = PBXBuildFile; fileRef = E160FE2F156735DA00D41F91 /* planet.frag */; };
		E1761B441554F8420032ACFA /* libfmodex.dylib in Frameworks */ = {isa = PBXBuildFile; fileRef = E1761A101554F8400032ACFA /* libfmodex.dylib */; };
		E1761C081554F8420032ACFA /* Fmodex3DSoundPlayer.cpp in Sources */ = {isa = PBXBuildFile; fileRef = E1761B321554F8420032ACFA /* Fmodex3DSoundPlayer.cpp */; };
		E1761C091554F8420032ACFA /* FmodexPlayer.cpp in Sources */ = {isa = PBXBuildFile; fileRef = E1761B331554F8420032ACFA /* FmodexPlayer.cpp */; };
		E1A318D21550ABE700211347 /* Controller.cpp in Sources */ = {isa = PBXBuildFile; fileRef = E1A318D11550ABE700211347 /* Controller.cpp */; };
		E1A318D91550ACA200211347 /* Glow.cpp in Sources */ = {isa = PBXBuildFile; fileRef = E1A318D81550ACA200211347 /* Glow.cpp */; };
		E1A318DF1550AE1100211347 /* glow.png in Resources */ = {isa = PBXBuildFile; fileRef = E1A318DE1550AE1100211347 /* glow.png */; };
		E1A318E21550B74700211347 /* glow.frag in Resources */ = {isa = PBXBuildFile; fileRef = E1A318E01550B74700211347 /* glow.frag */; };
		E1A58135158462A10025F405 /* CubeMap.cpp in Sources */ = {isa = PBXBuildFile; fileRef = E1A58134158462A10025F405 /* CubeMap.cpp */; };
		E1AE00E7153D0B02000CE780 /* passThru.vert in Resources */ = {isa = PBXBuildFile; fileRef = E1AE00E6153D0B02000CE780 /* passThru.vert */; };
		E1AE00EC153D0C32000CE780 /* passThruNormals.vert in Resources */ = {isa = PBXBuildFile; fileRef = E1AE00EB153D0C32000CE780 /* passThruNormals.vert */; };
		E1BAE4BB15577EE2005B4410 /* corona.png in Resources */ = {isa = PBXBuildFile; fileRef = E1BAE4BA15577EE2005B4410 /* corona.png */; };
		E1BAE4BE1557825C005B4410 /* corona.frag in Resources */ = {isa = PBXBuildFile; fileRef = E1BAE4BD1557825C005B4410 /* corona.frag */; };
		E1BAE4C515579577005B4410 /* bigGlow0.png in Resources */ = {isa = PBXBuildFile; fileRef = E1BAE4C315579577005B4410 /* bigGlow0.png */; };
		E1BAE4C615579577005B4410 /* bigGlow1.png in Resources */ = {isa = PBXBuildFile; fileRef = E1BAE4C415579577005B4410 /* bigGlow1.png */; };
		E1E49E7D154F6C6100DB7714 /* Star.cpp in Sources */ = {isa = PBXBuildFile; fileRef = E1E49E7C154F6C6100DB7714 /* Star.cpp */; };
		E1E49E8C154F76A700DB7714 /* gradient.frag in Resources */ = {isa = PBXBuildFile; fileRef = E1E49E8B154F76A700DB7714 /* gradient.frag */; };
		E1E49E8E154F82BC00DB7714 /* grid.png in Resources */ = {isa = PBXBuildFile; fileRef = E1E49E8D154F82BC00DB7714 /* grid.png */; };
		E1FB2194154F95E100076A57 /* star.vert in Resources */ = {isa = PBXBuildFile; fileRef = E1FB2193154F95E100076A57 /* star.vert */; };
		E1FB2197154F95ED00076A57 /* star.frag in Resources */ = {isa = PBXBuildFile; fileRef = E1FB2196154F95ED00076A57 /* star.frag */; };
		E1FB21A4154F98F000076A57 /* cubeNegX.jpg in Resources */ = {isa = PBXBuildFile; fileRef = E1FB219E154F98F000076A57 /* cubeNegX.jpg */; };
		E1FB21A5154F98F000076A57 /* cubeNegY.jpg in Resources */ = {isa = PBXBuildFile; fileRef = E1FB219F154F98F000076A57 /* cubeNegY.jpg */; };
		E1FB21A6154F98F000076A57 /* cubeNegZ.jpg in Resources */ = {isa = PBXBuildFile; fileRef = E1FB21A0154F98F000076A57 /* cubeNegZ.jpg */; };
		E1FB21A7154F98F000076A57 /* cubePosX.jpg in Resources */ = {isa = PBXBuildFile; fileRef = E1FB21A1154F98F000076A57 /* cubePosX.jpg */; };
		E1FB21A8154F98F000076A57 /* cubePosY.jpg in Resources */ = {isa = PBXBuildFile; fileRef = E1FB21A2154F98F000076A57 /* cubePosY.jpg */; };
		E1FB21A9154F98F000076A57 /* cubePosZ.jpg in Resources */ = {isa = PBXBuildFile; fileRef = E1FB21A3154F98F000076A57 /* cubePosZ.jpg */; };
		E1FF62401574713000C1A823 /* icon.icns in Resources */ = {isa = PBXBuildFile; fileRef = E1FF623E1574713000C1A823 /* icon.icns */; };
		E1FF62411574713000C1A823 /* iconStar.png in Resources */ = {isa = PBXBuildFile; fileRef = E1FF623F1574713000C1A823 /* iconStar.png */; };
/* End PBXBuildFile section */

/* Begin PBXFileReference section */
		0091D8F80E81B9330029341E /* OpenGL.framework */ = {isa = PBXFileReference; lastKnownFileType = wrapper.framework; name = OpenGL.framework; path = /System/Library/Frameworks/OpenGL.framework; sourceTree = "<absolute>"; };
		0097E3E40F3E9819005A4392 /* QuickTime.framework */ = {isa = PBXFileReference; lastKnownFileType = wrapper.framework; name = QuickTime.framework; path = /System/Library/Frameworks/QuickTime.framework; sourceTree = "<absolute>"; };
		00B784AF0FF439BC000DE1D7 /* Accelerate.framework */ = {isa = PBXFileReference; lastKnownFileType = wrapper.framework; name = Accelerate.framework; path = System/Library/Frameworks/Accelerate.framework; sourceTree = SDKROOT; };
		00B784B00FF439BC000DE1D7 /* AudioToolbox.framework */ = {isa = PBXFileReference; lastKnownFileType = wrapper.framework; name = AudioToolbox.framework; path = System/Library/Frameworks/AudioToolbox.framework; sourceTree = SDKROOT; };
		00B784B10FF439BC000DE1D7 /* AudioUnit.framework */ = {isa = PBXFileReference; lastKnownFileType = wrapper.framework; name = AudioUnit.framework; path = System/Library/Frameworks/AudioUnit.framework; sourceTree = SDKROOT; };
		00B784B20FF439BC000DE1D7 /* CoreAudio.framework */ = {isa = PBXFileReference; lastKnownFileType = wrapper.framework; name = CoreAudio.framework; path = System/Library/Frameworks/CoreAudio.framework; sourceTree = SDKROOT; };
		00BAE6590E7ED9C10018A608 /* StarApp.cpp */ = {isa = PBXFileReference; fileEncoding = 4; lastKnownFileType = sourcecode.cpp.cpp; name = StarApp.cpp; path = ../src/StarApp.cpp; sourceTree = SOURCE_ROOT; };
		00CCAF14116A9FEE008396D5 /* CinderApp.icns */ = {isa = PBXFileReference; lastKnownFileType = image.icns; name = CinderApp.icns; path = ../resources/CinderApp.icns; sourceTree = SOURCE_ROOT; };
		1058C7A1FEA54F0111CA2CBB /* Cocoa.framework */ = {isa = PBXFileReference; lastKnownFileType = wrapper.framework; name = Cocoa.framework; path = /System/Library/Frameworks/Cocoa.framework; sourceTree = "<absolute>"; };
		13E42FB307B3F0F600E4EEF1 /* CoreData.framework */ = {isa = PBXFileReference; lastKnownFileType = wrapper.framework; name = CoreData.framework; path = /System/Library/Frameworks/CoreData.framework; sourceTree = "<absolute>"; };
		29B97324FDCFA39411CA2CEA /* AppKit.framework */ = {isa = PBXFileReference; lastKnownFileType = wrapper.framework; name = AppKit.framework; path = /System/Library/Frameworks/AppKit.framework; sourceTree = "<absolute>"; };
		29B97325FDCFA39411CA2CEA /* Foundation.framework */ = {isa = PBXFileReference; lastKnownFileType = wrapper.framework; name = Foundation.framework; path = /System/Library/Frameworks/Foundation.framework; sourceTree = "<absolute>"; };
		32CA4F630368D1EE00C91783 /* Star_Prefix.pch */ = {isa = PBXFileReference; fileEncoding = 4; lastKnownFileType = sourcecode.c.h; path = Star_Prefix.pch; sourceTree = "<group>"; };
		5323E6B10EAFCA74003A9687 /* CoreVideo.framework */ = {isa = PBXFileReference; lastKnownFileType = wrapper.framework; name = CoreVideo.framework; path = /System/Library/Frameworks/CoreVideo.framework; sourceTree = "<absolute>"; };
		5323E6B50EAFCA7E003A9687 /* QTKit.framework */ = {isa = PBXFileReference; lastKnownFileType = wrapper.framework; name = QTKit.framework; path = /System/Library/Frameworks/QTKit.framework; sourceTree = "<absolute>"; };
		53E3CDFB0E86099300238D2B /* Carbon.framework */ = {isa = PBXFileReference; lastKnownFileType = wrapper.framework; name = Carbon.framework; path = /System/Library/Frameworks/Carbon.framework; sourceTree = "<absolute>"; };
		8D1107310486CEB800E47090 /* Info.plist */ = {isa = PBXFileReference; fileEncoding = 4; lastKnownFileType = text.plist.xml; path = Info.plist; sourceTree = "<group>"; };
		8D1107320486CEB800E47090 /* GpuPhysics.app */ = {isa = PBXFileReference; explicitFileType = wrapper.application; includeInIndex = 0; name = GpuPhysics.app; path = Star.app; sourceTree = BUILT_PRODUCTS_DIR; };
		E122D2BD1550C196004253FA /* nebula.png */ = {isa = PBXFileReference; lastKnownFileType = image.png; name = nebula.png; path = ../resources/nebula.png; sourceTree = "<group>"; };
		E122D2C01550C1AD004253FA /* Nebula.cpp */ = {isa = PBXFileReference; fileEncoding = 4; lastKnownFileType = sourcecode.cpp.cpp; name = Nebula.cpp; path = ../src/Nebula.cpp; sourceTree = "<group>"; };
		E122D2C41550C1F2004253FA /* Nebula.h */ = {isa = PBXFileReference; fileEncoding = 4; lastKnownFileType = sourcecode.c.h; name = Nebula.h; path = ../include/Nebula.h; sourceTree = "<group>"; };
		E122D2C91550C63B004253FA /* nebula.frag */ = {isa = PBXFileReference; fileEncoding = 4; lastKnownFileType = sourcecode.glsl; name = nebula.frag; path = ../resources/nebula.frag; sourceTree = "<group>"; xcLanguageSpecificationIdentifier = xcode.lang.glsl; };
		E122D2CB1550CAA4004253FA /* spectrum.png */ = {isa = PBXFileReference; lastKnownFileType = image.png; name = spectrum.png; path = ../resources/spectrum.png; sourceTree = "<group>"; };
		E122D2CD1550E0E2004253FA /* smallGrid.png */ = {isa = PBXFileReference; lastKnownFileType = image.png; name = smallGrid.png; path = ../resources/smallGrid.png; sourceTree = "<group>"; };
		E122D2FB15512AF5004253FA /* dust.frag */ = {isa = PBXFileReference; fileEncoding = 4; lastKnownFileType = sourcecode.glsl; name = dust.frag; path = ../resources/dust.frag; sourceTree = "<group>"; xcLanguageSpecificationIdentifier = xcode.lang.glsl; };
		E122D2FD15512B66004253FA /* passThruColor.vert */ = {isa = PBXFileReference; fileEncoding = 4; lastKnownFileType = sourcecode.glsl; name = passThruColor.vert; path = ../resources/passThruColor.vert; sourceTree = "<group>"; xcLanguageSpecificationIdentifier = xcode.lang.glsl; };
		E149FFE3154916B4007C6AE9 /* Room.h */ = {isa = PBXFileReference; fileEncoding = 4; lastKnownFileType = sourcecode.c.h; name = Room.h; path = ../include/Room.h; sourceTree = "<group>"; };
		E149FFE6154916C2007C6AE9 /* Room.cpp */ = {isa = PBXFileReference; fileEncoding = 4; lastKnownFileType = sourcecode.cpp.cpp; name = Room.cpp; path = ../src/Room.cpp; sourceTree = "<group>"; };
		E149FFEC15491867007C6AE9 /* room.frag */ = {isa = PBXFileReference; fileEncoding = 4; lastKnownFileType = sourcecode.glsl; name = room.frag; path = ../resources/room.frag; sourceTree = "<group>"; xcLanguageSpecificationIdentifier = xcode.lang.glsl; };
		E149FFED15491867007C6AE9 /* room.vert */ = {isa = PBXFileReference; fileEncoding = 4; lastKnownFileType = sourcecode.glsl; name = room.vert; path = ../resources/room.vert; sourceTree = "<group>"; xcLanguageSpecificationIdentifier = xcode.lang.glsl; };
		E149FFF0154919E9007C6AE9 /* SpringCam.h */ = {isa = PBXFileReference; fileEncoding = 4; lastKnownFileType = sourcecode.c.h; name = SpringCam.h; path = ../include/SpringCam.h; sourceTree = "<group>"; };
		E149FFF1154919F0007C6AE9 /* SpringCam.cpp */ = {isa = PBXFileReference; fileEncoding = 4; lastKnownFileType = sourcecode.cpp.cpp; name = SpringCam.cpp; path = ../src/SpringCam.cpp; sourceTree = "<group>"; };
		E160FE2F156735DA00D41F91 /* planet.frag */ = {isa = PBXFileReference; fileEncoding = 4; lastKnownFileType = sourcecode.glsl; name = planet.frag; path = ../resources/planet.frag; sourceTree = "<group>"; xcLanguageSpecificationIdentifier = xcode.lang.glsl; };
		E1761A021554F8400032ACFA /* Fmodex3DSoundPlayer.h */ = {isa = PBXFileReference; fileEncoding = 4; lastKnownFileType = sourcecode.c.h; path = Fmodex3DSoundPlayer.h; sourceTree = "<group>"; };
		E1761A031554F8400032ACFA /* FmodexPlayer.h */ = {isa = PBXFileReference; fileEncoding = 4; lastKnownFileType = sourcecode.c.h; path = FmodexPlayer.h; sourceTree = "<group>"; };
		E1761A061554F8400032ACFA /* fmod.h */ = {isa = PBXFileReference; fileEncoding = 4; lastKnownFileType = sourcecode.c.h; path = fmod.h; sourceTree = "<group>"; };
		E1761A071554F8400032ACFA /* fmod.hpp */ = {isa = PBXFileReference; fileEncoding = 4; lastKnownFileType = sourcecode.cpp.h; path = fmod.hpp; sourceTree = "<group>"; };
		E1761A081554F8400032ACFA /* fmod_codec.h */ = {isa = PBXFileReference; fileEncoding = 4; lastKnownFileType = sourcecode.c.h; path = fmod_codec.h; sourceTree = "<group>"; };
		E1761A091554F8400032ACFA /* fmod_dsp.h */ = {isa = PBXFileReference; fileEncoding = 4; lastKnownFileType = sourcecode.c.h; path = fmod_dsp.h; sourceTree = "<group>"; };
		E1761A0A1554F8400032ACFA /* fmod_errors.h */ = {isa = PBXFileReference; fileEncoding = 4; lastKnownFileType = sourcecode.c.h; path = fmod_errors.h; sourceTree = "<group>"; };
		E1761A0B1554F8400032ACFA /* fmod_memoryinfo.h */ = {isa = PBXFileReference; fileEncoding = 4; lastKnownFileType = sourcecode.c.h; path = fmod_memoryinfo.h; sourceTree = "<group>"; };
		E1761A0C1554F8400032ACFA /* fmod_output.h */ = {isa = PBXFileReference; fileEncoding = 4; lastKnownFileType = sourcecode.c.h; path = fmod_output.h; sourceTree = "<group>"; };
		E1761A0D1554F8400032ACFA /* fmodlinux.h */ = {isa = PBXFileReference; fileEncoding = 4; lastKnownFileType = sourcecode.c.h; path = fmodlinux.h; sourceTree = "<group>"; };
		E1761A101554F8400032ACFA /* libfmodex.dylib */ = {isa = PBXFileReference; lastKnownFileType = "compiled.mach-o.dylib"; path = libfmodex.dylib; sourceTree = "<group>"; };
		E1761B321554F8420032ACFA /* Fmodex3DSoundPlayer.cpp */ = {isa = PBXFileReference; fileEncoding = 4; lastKnownFileType = sourcecode.cpp.cpp; path = Fmodex3DSoundPlayer.cpp; sourceTree = "<group>"; };
		E1761B331554F8420032ACFA /* FmodexPlayer.cpp */ = {isa = PBXFileReference; fileEncoding = 4; lastKnownFileType = sourcecode.cpp.cpp; path = FmodexPlayer.cpp; sourceTree = "<group>"; };
		E1A2E0F9154CCA40007A956C /* Resources.h */ = {isa = PBXFileReference; fileEncoding = 4; lastKnownFileType = sourcecode.c.h; name = Resources.h; path = ../include/Resources.h; sourceTree = "<group>"; };
		E1A318CF1550ABD000211347 /* Controller.h */ = {isa = PBXFileReference; fileEncoding = 4; lastKnownFileType = sourcecode.c.h; name = Controller.h; path = ../include/Controller.h; sourceTree = "<group>"; };
		E1A318D11550ABE700211347 /* Controller.cpp */ = {isa = PBXFileReference; fileEncoding = 4; lastKnownFileType = sourcecode.cpp.cpp; name = Controller.cpp; path = ../src/Controller.cpp; sourceTree = "<group>"; };
		E1A318D71550AC9800211347 /* Glow.h */ = {isa = PBXFileReference; fileEncoding = 4; lastKnownFileType = sourcecode.c.h; name = Glow.h; path = ../include/Glow.h; sourceTree = "<group>"; };
		E1A318D81550ACA200211347 /* Glow.cpp */ = {isa = PBXFileReference; fileEncoding = 4; lastKnownFileType = sourcecode.cpp.cpp; name = Glow.cpp; path = ../src/Glow.cpp; sourceTree = "<group>"; };
		E1A318DE1550AE1100211347 /* glow.png */ = {isa = PBXFileReference; lastKnownFileType = image.png; name = glow.png; path = ../resources/glow.png; sourceTree = "<group>"; };
		E1A318E01550B74700211347 /* glow.frag */ = {isa = PBXFileReference; fileEncoding = 4; lastKnownFileType = sourcecode.glsl; name = glow.frag; path = ../resources/glow.frag; sourceTree = "<group>"; xcLanguageSpecificationIdentifier = xcode.lang.glsl; };
		E1A58134158462A10025F405 /* CubeMap.cpp */ = {isa = PBXFileReference; fileEncoding = 4; lastKnownFileType = sourcecode.cpp.cpp; name = CubeMap.cpp; path = ../src/CubeMap.cpp; sourceTree = "<group>"; };
		E1A58136158462BB0025F405 /* CubeMap.h */ = {isa = PBXFileReference; lastKnownFileType = sourcecode.c.h; name = CubeMap.h; path = ../include/CubeMap.h; sourceTree = "<group>"; };
		E1AE00E6153D0B02000CE780 /* passThru.vert */ = {isa = PBXFileReference; fileEncoding = 4; lastKnownFileType = sourcecode.glsl; name = passThru.vert; path = ../resources/passThru.vert; sourceTree = "<group>"; xcLanguageSpecificationIdentifier = xcode.lang.glsl; };
		E1AE00EB153D0C32000CE780 /* passThruNormals.vert */ = {isa = PBXFileReference; fileEncoding = 4; lastKnownFileType = sourcecode.glsl; name = passThruNormals.vert; path = ../resources/passThruNormals.vert; sourceTree = "<group>"; xcLanguageSpecificationIdentifier = xcode.lang.glsl; };
		E1BAE4BA15577EE2005B4410 /* corona.png */ = {isa = PBXFileReference; lastKnownFileType = image.png; name = corona.png; path = ../resources/corona.png; sourceTree = "<group>"; };
		E1BAE4BD1557825C005B4410 /* corona.frag */ = {isa = PBXFileReference; fileEncoding = 4; lastKnownFileType = sourcecode.glsl; name = corona.frag; path = ../resources/corona.frag; sourceTree = "<group>"; };
		E1BAE4C315579577005B4410 /* bigGlow0.png */ = {isa = PBXFileReference; lastKnownFileType = image.png; name = bigGlow0.png; path = ../resources/bigGlow0.png; sourceTree = "<group>"; };
		E1BAE4C415579577005B4410 /* bigGlow1.png */ = {isa = PBXFileReference; lastKnownFileType = image.png; name = bigGlow1.png; path = ../resources/bigGlow1.png; sourceTree = "<group>"; };
		E1E49E7C154F6C6100DB7714 /* Star.cpp */ = {isa = PBXFileReference; fileEncoding = 4; lastKnownFileType = sourcecode.cpp.cpp; name = Star.cpp; path = ../src/Star.cpp; sourceTree = "<group>"; };
		E1E49E7E154F6C7200DB7714 /* Star.h */ = {isa = PBXFileReference; fileEncoding = 4; lastKnownFileType = sourcecode.c.h; name = Star.h; path = ../include/Star.h; sourceTree = "<group>"; };
		E1E49E8B154F76A700DB7714 /* gradient.frag */ = {isa = PBXFileReference; fileEncoding = 4; lastKnownFileType = sourcecode.glsl; name = gradient.frag; path = ../resources/gradient.frag; sourceTree = "<group>"; xcLanguageSpecificationIdentifier = xcode.lang.glsl; };
		E1E49E8D154F82BC00DB7714 /* grid.png */ = {isa = PBXFileReference; lastKnownFileType = image.png; name = grid.png; path = ../resources/grid.png; sourceTree = "<group>"; };
		E1FB2193154F95E100076A57 /* star.vert */ = {isa = PBXFileReference; fileEncoding = 4; lastKnownFileType = sourcecode.glsl; name = star.vert; path = ../resources/star.vert; sourceTree = "<group>"; xcLanguageSpecificationIdentifier = xcode.lang.glsl; };
		E1FB2196154F95ED00076A57 /* star.frag */ = {isa = PBXFileReference; fileEncoding = 4; lastKnownFileType = sourcecode.glsl; name = star.frag; path = ../resources/star.frag; sourceTree = "<group>"; xcLanguageSpecificationIdentifier = xcode.lang.glsl; };
		E1FB219E154F98F000076A57 /* cubeNegX.jpg */ = {isa = PBXFileReference; lastKnownFileType = image.jpeg; name = cubeNegX.jpg; path = ../resources/cubeNegX.jpg; sourceTree = "<group>"; };
		E1FB219F154F98F000076A57 /* cubeNegY.jpg */ = {isa = PBXFileReference; lastKnownFileType = image.jpeg; name = cubeNegY.jpg; path = ../resources/cubeNegY.jpg; sourceTree = "<group>"; };
		E1FB21A0154F98F000076A57 /* cubeNegZ.jpg */ = {isa = PBXFileReference; lastKnownFileType = image.jpeg; name = cubeNegZ.jpg; path = ../resources/cubeNegZ.jpg; sourceTree = "<group>"; };
		E1FB21A1154F98F000076A57 /* cubePosX.jpg */ = {isa = PBXFileReference; lastKnownFileType = image.jpeg; name = cubePosX.jpg; path = ../resources/cubePosX.jpg; sourceTree = "<group>"; };
		E1FB21A2154F98F000076A57 /* cubePosY.jpg */ = {isa = PBXFileReference; lastKnownFileType = image.jpeg; name = cubePosY.jpg; path = ../resources/cubePosY.jpg; sourceTree = "<group>"; };
		E1FB21A3154F98F000076A57 /* cubePosZ.jpg */ = {isa = PBXFileReference; lastKnownFileType = image.jpeg; name = cubePosZ.jpg; path = ../resources/cubePosZ.jpg; sourceTree = "<group>"; };
		E1FF623E1574713000C1A823 /* icon.icns */ = {isa = PBXFileReference; lastKnownFileType = image.icns; name = icon.icns; path = ../resources/icon.icns; sourceTree = "<group>"; };
		E1FF623F1574713000C1A823 /* iconStar.png */ = {isa = PBXFileReference; lastKnownFileType = image.png; name = iconStar.png; path = ../resources/iconStar.png; sourceTree = "<group>"; };
/* End PBXFileReference section */

/* Begin PBXFrameworksBuildPhase section */
		8D11072E0486CEB800E47090 /* Frameworks */ = {
			isa = PBXFrameworksBuildPhase;
			buildActionMask = 2147483647;
			files = (
				8D11072F0486CEB800E47090 /* Cocoa.framework in Frameworks */,
				0091D8F90E81B9330029341E /* OpenGL.framework in Frameworks */,
				53E3CDFC0E86099300238D2B /* Carbon.framework in Frameworks */,
				5323E6B20EAFCA74003A9687 /* CoreVideo.framework in Frameworks */,
				5323E6B60EAFCA7E003A9687 /* QTKit.framework in Frameworks */,
				0097E3E50F3E9819005A4392 /* QuickTime.framework in Frameworks */,
				00B784B30FF439BC000DE1D7 /* Accelerate.framework in Frameworks */,
				00B784B40FF439BC000DE1D7 /* AudioToolbox.framework in Frameworks */,
				00B784B50FF439BC000DE1D7 /* AudioUnit.framework in Frameworks */,
				00B784B60FF439BC000DE1D7 /* CoreAudio.framework in Frameworks */,
				E1761B441554F8420032ACFA /* libfmodex.dylib in Frameworks */,
			);
			runOnlyForDeploymentPostprocessing = 0;
		};
/* End PBXFrameworksBuildPhase section */

/* Begin PBXGroup section */
		080E96DDFE201D6D7F000001 /* Source */ = {
			isa = PBXGroup;
			children = (
				E1A2E0E7154CC999007A956C /* Utility */,
				00BAE6590E7ED9C10018A608 /* StarApp.cpp */,
				E149FFE6154916C2007C6AE9 /* Room.cpp */,
				E1E49E7C154F6C6100DB7714 /* Star.cpp */,
				E1A318D11550ABE700211347 /* Controller.cpp */,
				E122D2C21550C1B3004253FA /* Particles */,
			);
			name = Source;
			sourceTree = "<group>";
		};
		1058C7A0FEA54F0111CA2CBB /* Linked Frameworks */ = {
			isa = PBXGroup;
			children = (
				00B784AF0FF439BC000DE1D7 /* Accelerate.framework */,
				00B784B00FF439BC000DE1D7 /* AudioToolbox.framework */,
				00B784B10FF439BC000DE1D7 /* AudioUnit.framework */,
				00B784B20FF439BC000DE1D7 /* CoreAudio.framework */,
				0097E3E40F3E9819005A4392 /* QuickTime.framework */,
				5323E6B50EAFCA7E003A9687 /* QTKit.framework */,
				5323E6B10EAFCA74003A9687 /* CoreVideo.framework */,
				53E3CDFB0E86099300238D2B /* Carbon.framework */,
				0091D8F80E81B9330029341E /* OpenGL.framework */,
				1058C7A1FEA54F0111CA2CBB /* Cocoa.framework */,
			);
			name = "Linked Frameworks";
			sourceTree = "<group>";
		};
		1058C7A2FEA54F0111CA2CBB /* Other Frameworks */ = {
			isa = PBXGroup;
			children = (
				29B97324FDCFA39411CA2CEA /* AppKit.framework */,
				13E42FB307B3F0F600E4EEF1 /* CoreData.framework */,
				29B97325FDCFA39411CA2CEA /* Foundation.framework */,
			);
			name = "Other Frameworks";
			sourceTree = "<group>";
		};
		19C28FACFE9D520D11CA2CBB /* Products */ = {
			isa = PBXGroup;
			children = (
				8D1107320486CEB800E47090 /* GpuPhysics.app */,
			);
			name = Products;
			sourceTree = "<group>";
		};
		29B97314FDCFA39411CA2CEA /* GpuPhysics */ = {
			isa = PBXGroup;
			children = (
				E17619FF1554F82F0032ACFA /* Blocks */,
				29B97315FDCFA39411CA2CEA /* Headers */,
				080E96DDFE201D6D7F000001 /* Source */,
				29B97317FDCFA39411CA2CEA /* Resources */,
				29B97323FDCFA39411CA2CEA /* Frameworks */,
				19C28FACFE9D520D11CA2CBB /* Products */,
			);
			name = GpuPhysics;
			sourceTree = "<group>";
		};
		29B97315FDCFA39411CA2CEA /* Headers */ = {
			isa = PBXGroup;
			children = (
				E1A2E0E8154CC9A1007A956C /* Utility */,
				E149FFE3154916B4007C6AE9 /* Room.h */,
				E1E49E7E154F6C7200DB7714 /* Star.h */,
				E1A318CF1550ABD000211347 /* Controller.h */,
				E122D2C31550C1C3004253FA /* Particles */,
			);
			name = Headers;
			sourceTree = "<group>";
		};
		29B97317FDCFA39411CA2CEA /* Resources */ = {
			isa = PBXGroup;
			children = (
				E1A2E0D4154CBDFD007A956C /* Images */,
				E149FFEB15491744007C6AE9 /* Shaders */,
				8D1107310486CEB800E47090 /* Info.plist */,
				E1FF623E1574713000C1A823 /* icon.icns */,
				00CCAF14116A9FEE008396D5 /* CinderApp.icns */,
			);
			name = Resources;
			sourceTree = "<group>";
		};
		29B97323FDCFA39411CA2CEA /* Frameworks */ = {
			isa = PBXGroup;
			children = (
				1058C7A0FEA54F0111CA2CBB /* Linked Frameworks */,
				1058C7A2FEA54F0111CA2CBB /* Other Frameworks */,
			);
			name = Frameworks;
			sourceTree = "<group>";
		};
		E122D2C21550C1B3004253FA /* Particles */ = {
			isa = PBXGroup;
			children = (
				E1A318D81550ACA200211347 /* Glow.cpp */,
				E122D2C01550C1AD004253FA /* Nebula.cpp */,
			);
			name = Particles;
			sourceTree = "<group>";
		};
		E122D2C31550C1C3004253FA /* Particles */ = {
			isa = PBXGroup;
			children = (
				E1A318D71550AC9800211347 /* Glow.h */,
				E122D2C41550C1F2004253FA /* Nebula.h */,
			);
			name = Particles;
			sourceTree = "<group>";
		};
		E149FFEB15491744007C6AE9 /* Shaders */ = {
			isa = PBXGroup;
			children = (
				E1BAE4BD1557825C005B4410 /* corona.frag */,
				E1A318E01550B74700211347 /* glow.frag */,
				E122D2C91550C63B004253FA /* nebula.frag */,
				E122D2FB15512AF5004253FA /* dust.frag */,
				E1E49E8B154F76A700DB7714 /* gradient.frag */,
				E149FFED15491867007C6AE9 /* room.vert */,
				E149FFEC15491867007C6AE9 /* room.frag */,
				E1AE00EB153D0C32000CE780 /* passThruNormals.vert */,
				E122D2FD15512B66004253FA /* passThruColor.vert */,
				E1AE00E6153D0B02000CE780 /* passThru.vert */,
				E1FB2193154F95E100076A57 /* star.vert */,
				E1FB2196154F95ED00076A57 /* star.frag */,
				E160FE2F156735DA00D41F91 /* planet.frag */,
			);
			name = Shaders;
			sourceTree = "<group>";
		};
		E17619FF1554F82F0032ACFA /* Blocks */ = {
			isa = PBXGroup;
			children = (
				E1761A001554F8400032ACFA /* FMOD-Ex-Cinder-Block */,
			);
			name = Blocks;
			sourceTree = "<group>";
		};
		E1761A001554F8400032ACFA /* FMOD-Ex-Cinder-Block */ = {
			isa = PBXGroup;
			children = (
				E1761A011554F8400032ACFA /* include */,
				E1761A041554F8400032ACFA /* libs */,
				E1761B311554F8420032ACFA /* src */,
			);
			name = "FMOD-Ex-Cinder-Block";
			path = "../../../../cinder_master/blocks/FMOD-Ex-Cinder-Block";
			sourceTree = "<group>";
		};
		E1761A011554F8400032ACFA /* include */ = {
			isa = PBXGroup;
			children = (
				E1761A021554F8400032ACFA /* Fmodex3DSoundPlayer.h */,
				E1761A031554F8400032ACFA /* FmodexPlayer.h */,
			);
			path = include;
			sourceTree = "<group>";
		};
		E1761A041554F8400032ACFA /* libs */ = {
			isa = PBXGroup;
			children = (
				E1761A051554F8400032ACFA /* include */,
				E1761A0E1554F8400032ACFA /* lib */,
			);
			path = libs;
			sourceTree = "<group>";
		};
		E1761A051554F8400032ACFA /* include */ = {
			isa = PBXGroup;
			children = (
				E1761A061554F8400032ACFA /* fmod.h */,
				E1761A071554F8400032ACFA /* fmod.hpp */,
				E1761A081554F8400032ACFA /* fmod_codec.h */,
				E1761A091554F8400032ACFA /* fmod_dsp.h */,
				E1761A0A1554F8400032ACFA /* fmod_errors.h */,
				E1761A0B1554F8400032ACFA /* fmod_memoryinfo.h */,
				E1761A0C1554F8400032ACFA /* fmod_output.h */,
				E1761A0D1554F8400032ACFA /* fmodlinux.h */,
			);
			path = include;
			sourceTree = "<group>";
		};
		E1761A0E1554F8400032ACFA /* lib */ = {
			isa = PBXGroup;
			children = (
				E1761A0F1554F8400032ACFA /* osx */,
			);
			path = lib;
			sourceTree = "<group>";
		};
		E1761A0F1554F8400032ACFA /* osx */ = {
			isa = PBXGroup;
			children = (
				E1761A101554F8400032ACFA /* libfmodex.dylib */,
			);
			path = osx;
			sourceTree = "<group>";
		};
		E1761B311554F8420032ACFA /* src */ = {
			isa = PBXGroup;
			children = (
				E1761B321554F8420032ACFA /* Fmodex3DSoundPlayer.cpp */,
				E1761B331554F8420032ACFA /* FmodexPlayer.cpp */,
			);
			path = src;
			sourceTree = "<group>";
		};
		E1A2E0D4154CBDFD007A956C /* Images */ = {
			isa = PBXGroup;
			children = (
				E1FF623F1574713000C1A823 /* iconStar.png */,
				E1BAE4C315579577005B4410 /* bigGlow0.png */,
				E1BAE4C415579577005B4410 /* bigGlow1.png */,
				E1BAE4BA15577EE2005B4410 /* corona.png */,
				E122D2CD1550E0E2004253FA /* smallGrid.png */,
				E122D2CB1550CAA4004253FA /* spectrum.png */,
				E122D2BD1550C196004253FA /* nebula.png */,
				E1A318DE1550AE1100211347 /* glow.png */,
				E1E49E8D154F82BC00DB7714 /* grid.png */,
				E1E49E7F154F71F500DB7714 /* CubeMap */,
			);
			name = Images;
			sourceTree = "<group>";
		};
		E1A2E0E7154CC999007A956C /* Utility */ = {
			isa = PBXGroup;
			children = (
				E1A58134158462A10025F405 /* CubeMap.cpp */,
				E149FFF1154919F0007C6AE9 /* SpringCam.cpp */,
			);
			name = Utility;
			sourceTree = "<group>";
		};
		E1A2E0E8154CC9A1007A956C /* Utility */ = {
			isa = PBXGroup;
			children = (
				32CA4F630368D1EE00C91783 /* Star_Prefix.pch */,
				E1A2E0F9154CCA40007A956C /* Resources.h */,
				E1A58136158462BB0025F405 /* CubeMap.h */,
				E149FFF0154919E9007C6AE9 /* SpringCam.h */,
			);
			name = Utility;
			sourceTree = "<group>";
		};
		E1E49E7F154F71F500DB7714 /* CubeMap */ = {
			isa = PBXGroup;
			children = (
				E1FB219E154F98F000076A57 /* cubeNegX.jpg */,
				E1FB219F154F98F000076A57 /* cubeNegY.jpg */,
				E1FB21A0154F98F000076A57 /* cubeNegZ.jpg */,
				E1FB21A1154F98F000076A57 /* cubePosX.jpg */,
				E1FB21A2154F98F000076A57 /* cubePosY.jpg */,
				E1FB21A3154F98F000076A57 /* cubePosZ.jpg */,
			);
			name = CubeMap;
			sourceTree = "<group>";
		};
/* End PBXGroup section */

/* Begin PBXNativeTarget section */
		8D1107260486CEB800E47090 /* Star */ = {
			isa = PBXNativeTarget;
			buildConfigurationList = C01FCF4A08A954540054247B /* Build configuration list for PBXNativeTarget "Star" */;
			buildPhases = (
				8D1107290486CEB800E47090 /* Resources */,
				8D11072C0486CEB800E47090 /* Sources */,
				8D11072E0486CEB800E47090 /* Frameworks */,
			);
			buildRules = (
			);
			dependencies = (
			);
			name = Star;
			productInstallPath = "$(HOME)/Applications";
			productName = GpuPhysics;
			productReference = 8D1107320486CEB800E47090 /* GpuPhysics.app */;
			productType = "com.apple.product-type.application";
		};
/* End PBXNativeTarget section */

/* Begin PBXProject section */
		29B97313FDCFA39411CA2CEA /* Project object */ = {
			isa = PBXProject;
			attributes = {
				LastUpgradeCheck = 0430;
			};
			buildConfigurationList = C01FCF4E08A954540054247B /* Build configuration list for PBXProject "Star" */;
			compatibilityVersion = "Xcode 3.2";
			developmentRegion = English;
			hasScannedForEncodings = 1;
			knownRegions = (
				en,
			);
			mainGroup = 29B97314FDCFA39411CA2CEA /* GpuPhysics */;
			projectDirPath = "";
			projectRoot = "";
			targets = (
				8D1107260486CEB800E47090 /* Star */,
			);
		};
/* End PBXProject section */

/* Begin PBXResourcesBuildPhase section */
		8D1107290486CEB800E47090 /* Resources */ = {
			isa = PBXResourcesBuildPhase;
			buildActionMask = 2147483647;
			files = (
				00CCAF15116A9FEE008396D5 /* CinderApp.icns in Resources */,
				E149FFEE15491867007C6AE9 /* room.frag in Resources */,
				E149FFEF15491867007C6AE9 /* room.vert in Resources */,
				E1E49E8C154F76A700DB7714 /* gradient.frag in Resources */,
				E1AE00E7153D0B02000CE780 /* passThru.vert in Resources */,
				E1AE00EC153D0C32000CE780 /* passThruNormals.vert in Resources */,
				E122D2FE15512B66004253FA /* passThruColor.vert in Resources */,
				E1FB2194154F95E100076A57 /* star.vert in Resources */,
				E1FB2197154F95ED00076A57 /* star.frag in Resources */,
				E1A318E21550B74700211347 /* glow.frag in Resources */,
				E122D2CA1550C63B004253FA /* nebula.frag in Resources */,
				E122D2FC15512AF5004253FA /* dust.frag in Resources */,
				E160FE30156735DA00D41F91 /* planet.frag in Resources */,
				E1BAE4BE1557825C005B4410 /* corona.frag in Resources */,
				E1E49E8E154F82BC00DB7714 /* grid.png in Resources */,
				E1FB21A4154F98F000076A57 /* cubeNegX.jpg in Resources */,
				E1FB21A5154F98F000076A57 /* cubeNegY.jpg in Resources */,
				E1FB21A6154F98F000076A57 /* cubeNegZ.jpg in Resources */,
				E1FB21A7154F98F000076A57 /* cubePosX.jpg in Resources */,
				E1FB21A8154F98F000076A57 /* cubePosY.jpg in Resources */,
				E1FB21A9154F98F000076A57 /* cubePosZ.jpg in Resources */,
				E1A318DF1550AE1100211347 /* glow.png in Resources */,
				E122D2BE1550C196004253FA /* nebula.png in Resources */,
				E122D2CC1550CAA4004253FA /* spectrum.png in Resources */,
				E122D2CE1550E0E2004253FA /* smallGrid.png in Resources */,
				E1BAE4BB15577EE2005B4410 /* corona.png in Resources */,
				E1BAE4C515579577005B4410 /* bigGlow0.png in Resources */,
				E1BAE4C615579577005B4410 /* bigGlow1.png in Resources */,
				E1FF62401574713000C1A823 /* icon.icns in Resources */,
				E1FF62411574713000C1A823 /* iconStar.png in Resources */,
			);
			runOnlyForDeploymentPostprocessing = 0;
		};
/* End PBXResourcesBuildPhase section */

/* Begin PBXSourcesBuildPhase section */
		8D11072C0486CEB800E47090 /* Sources */ = {
			isa = PBXSourcesBuildPhase;
			buildActionMask = 2147483647;
			files = (
				00BAE65A0E7ED9C10018A608 /* StarApp.cpp in Sources */,
				E149FFE8154916C2007C6AE9 /* Room.cpp in Sources */,
				E149FFF2154919F0007C6AE9 /* SpringCam.cpp in Sources */,
				E1E49E7D154F6C6100DB7714 /* Star.cpp in Sources */,
				E1A318D21550ABE700211347 /* Controller.cpp in Sources */,
				E1A318D91550ACA200211347 /* Glow.cpp in Sources */,
				E122D2C11550C1AD004253FA /* Nebula.cpp in Sources */,
				E1761C081554F8420032ACFA /* Fmodex3DSoundPlayer.cpp in Sources */,
				E1761C091554F8420032ACFA /* FmodexPlayer.cpp in Sources */,
				E1A58135158462A10025F405 /* CubeMap.cpp in Sources */,
			);
			runOnlyForDeploymentPostprocessing = 0;
		};
/* End PBXSourcesBuildPhase section */

/* Begin XCBuildConfiguration section */
		C01FCF4B08A954540054247B /* Debug */ = {
			isa = XCBuildConfiguration;
			buildSettings = {
				COPY_PHASE_STRIP = NO;
				GCC_DYNAMIC_NO_PIC = NO;
				GCC_INLINES_ARE_PRIVATE_EXTERN = YES;
				GCC_MODEL_TUNING = G5;
				GCC_OPTIMIZATION_LEVEL = 0;
				GCC_PRECOMPILE_PREFIX_HEADER = YES;
				GCC_PREFIX_HEADER = Star_Prefix.pch;
				GCC_SYMBOLS_PRIVATE_EXTERN = NO;
				INFOPLIST_FILE = Info.plist;
				INSTALL_PATH = "$(HOME)/Applications";
				LIBRARY_SEARCH_PATHS = (
					"$(inherited)",
					"\"$(SRCROOT)/../../../../cinder_master/blocks/FMOD-Ex-Cinder-Block/libs/lib/osx\"",
				);
				OTHER_LDFLAGS = "\"$(CINDER_PATH)/lib/libcinder_d.a\"";
				PRODUCT_NAME = Star;
				WRAPPER_EXTENSION = app;
			};
			name = Debug;
		};
		C01FCF4C08A954540054247B /* Release */ = {
			isa = XCBuildConfiguration;
			buildSettings = {
				DEAD_CODE_STRIPPING = YES;
				DEBUG_INFORMATION_FORMAT = "dwarf-with-dsym";
				GCC_FAST_MATH = YES;
				GCC_GENERATE_DEBUGGING_SYMBOLS = NO;
				GCC_INLINES_ARE_PRIVATE_EXTERN = YES;
				GCC_MODEL_TUNING = G5;
				GCC_OPTIMIZATION_LEVEL = 3;
				GCC_PRECOMPILE_PREFIX_HEADER = YES;
				GCC_PREFIX_HEADER = Star_Prefix.pch;
				GCC_SYMBOLS_PRIVATE_EXTERN = NO;
				INFOPLIST_FILE = Info.plist;
				INSTALL_PATH = "$(HOME)/Applications";
				LIBRARY_SEARCH_PATHS = (
					"$(inherited)",
					"\"$(SRCROOT)/../../../../cinder_master/blocks/FMOD-Ex-Cinder-Block/libs/lib/osx\"",
				);
				OTHER_LDFLAGS = "\"$(CINDER_PATH)/lib/libcinder.a\"";
				PRODUCT_NAME = Star;
				STRIP_INSTALLED_PRODUCT = YES;
				WRAPPER_EXTENSION = app;
			};
			name = Release;
		};
		C01FCF4F08A954540054247B /* Debug */ = {
			isa = XCBuildConfiguration;
			buildSettings = {
				ALWAYS_SEARCH_USER_PATHS = NO;
				ARCHS = i386;
				CINDER_PATH = ../../../../cinder_master;
				GCC_WARN_ABOUT_RETURN_TYPE = YES;
				GCC_WARN_UNUSED_VARIABLE = YES;
				HEADER_SEARCH_PATHS = "\"$(CINDER_PATH)/boost\"";
				MACOSX_DEPLOYMENT_TARGET = 10.5;
				SDKROOT = macosx;
				USER_HEADER_SEARCH_PATHS = "\"$(CINDER_PATH)/include\" ../include";
			};
			name = Debug;
		};
		C01FCF5008A954540054247B /* Release */ = {
			isa = XCBuildConfiguration;
			buildSettings = {
				ALWAYS_SEARCH_USER_PATHS = NO;
				ARCHS = i386;
				CINDER_PATH = ../../../../cinder_master;
				GCC_WARN_ABOUT_RETURN_TYPE = YES;
				GCC_WARN_UNUSED_VARIABLE = YES;
				HEADER_SEARCH_PATHS = "\"$(CINDER_PATH)/boost\"";
				MACOSX_DEPLOYMENT_TARGET = 10.5;
				SDKROOT = macosx;
				USER_HEADER_SEARCH_PATHS = "\"$(CINDER_PATH)/include\" ../include";
			};
			name = Release;
		};
/* End XCBuildConfiguration section */

/* Begin XCConfigurationList section */
		C01FCF4A08A954540054247B /* Build configuration list for PBXNativeTarget "Star" */ = {
			isa = XCConfigurationList;
			buildConfigurations = (
				C01FCF4B08A954540054247B /* Debug */,
				C01FCF4C08A954540054247B /* Release */,
			);
			defaultConfigurationIsVisible = 0;
			defaultConfigurationName = Release;
		};
		C01FCF4E08A954540054247B /* Build configuration list for PBXProject "Star" */ = {
			isa = XCConfigurationList;
			buildConfigurations = (
				C01FCF4F08A954540054247B /* Debug */,
				C01FCF5008A954540054247B /* Release */,
			);
			defaultConfigurationIsVisible = 0;
			defaultConfigurationName = Release;
		};
/* End XCConfigurationList section */
	};
	rootObject = 29B97313FDCFA39411CA2CEA /* Project object */;
}
