// !$*UTF8*$!
{
	archiveVersion = 1;
	classes = {
	};
	objectVersion = 46;
	objects = {

/* Begin PBXBuildFile section */
		0091D8F90E81B9330029341E /* OpenGL.framework in Frameworks */ = {isa = PBXBuildFile; fileRef = 0091D8F80E81B9330029341E /* OpenGL.framework */; };
		0097E3E50F3E9819005A4392 /* QuickTime.framework in Frameworks */ = {isa = PBXBuildFile; fileRef = 0097E3E40F3E9819005A4392 /* QuickTime.framework */; };
		00B784B30FF439BC000DE1D7 /* Accelerate.framework in Frameworks */ = {isa = PBXBuildFile; fileRef = 00B784AF0FF439BC000DE1D7 /* Accelerate.framework */; };
		00B784B40FF439BC000DE1D7 /* AudioToolbox.framework in Frameworks */ = {isa = PBXBuildFile; fileRef = 00B784B00FF439BC000DE1D7 /* AudioToolbox.framework */; };
		00B784B50FF439BC000DE1D7 /* AudioUnit.framework in Frameworks */ = {isa = PBXBuildFile; fileRef = 00B784B10FF439BC000DE1D7 /* AudioUnit.framework */; };
		00B784B60FF439BC000DE1D7 /* CoreAudio.framework in Frameworks */ = {isa = PBXBuildFile; fileRef = 00B784B20FF439BC000DE1D7 /* CoreAudio.framework */; };
		00CCAF15116A9FEE008396D5 /* CinderApp.icns in Resources */ = {isa = PBXBuildFile; fileRef = 00CCAF14116A9FEE008396D5 /* CinderApp.icns */; };
		5323E6B20EAFCA74003A9687 /* CoreVideo.framework in Frameworks */ = {isa = PBXBuildFile; fileRef = 5323E6B10EAFCA74003A9687 /* CoreVideo.framework */; };
		5323E6B60EAFCA7E003A9687 /* QTKit.framework in Frameworks */ = {isa = PBXBuildFile; fileRef = 5323E6B50EAFCA7E003A9687 /* QTKit.framework */; };
		53E3CDFC0E86099300238D2B /* Carbon.framework in Frameworks */ = {isa = PBXBuildFile; fileRef = 53E3CDFB0E86099300238D2B /* Carbon.framework */; };
		8D11072F0486CEB800E47090 /* Cocoa.framework in Frameworks */ = {isa = PBXBuildFile; fileRef = 1058C7A1FEA54F0111CA2CBB /* Cocoa.framework */; };
		E10E2C4D1569C0D600A408BE /* Terrain.cpp in Sources */ = {isa = PBXBuildFile; fileRef = E10E2C4B1569C0D600A408BE /* Terrain.cpp */; };
		E10E2C8E1569F30900A408BE /* normals.frag in Resources */ = {isa = PBXBuildFile; fileRef = E10E2C851569F30900A408BE /* normals.frag */; };
		E10E2C8F1569F30900A408BE /* passThru.vert in Resources */ = {isa = PBXBuildFile; fileRef = E10E2C861569F30900A408BE /* passThru.vert */; };
		E10E2C901569F30900A408BE /* passThruNormals.vert in Resources */ = {isa = PBXBuildFile; fileRef = E10E2C871569F30900A408BE /* passThruNormals.vert */; };
		E10E2C931569F30900A408BE /* room.vert in Resources */ = {isa = PBXBuildFile; fileRef = E10E2C8A1569F30900A408BE /* room.vert */; };
		E10E2CB41569F54600A408BE /* RDiffusion.cpp in Sources */ = {isa = PBXBuildFile; fileRef = E10E2CAF1569F54600A408BE /* RDiffusion.cpp */; };
		E10E2CB51569F54600A408BE /* Room.cpp in Sources */ = {isa = PBXBuildFile; fileRef = E10E2CB01569F54600A408BE /* Room.cpp */; };
		E10E2CB71569F54600A408BE /* SpringCam.cpp in Sources */ = {isa = PBXBuildFile; fileRef = E10E2CB21569F54600A408BE /* SpringCam.cpp */; };
		E10E2CB81569F54600A408BE /* TerrainApp.cpp in Sources */ = {isa = PBXBuildFile; fileRef = E10E2CB31569F54600A408BE /* TerrainApp.cpp */; };
		E10E2CC51569F6E900A408BE /* room.frag in Resources */ = {isa = PBXBuildFile; fileRef = E10E2CC41569F6E900A408BE /* room.frag */; };
		E10E2CCA1569F71300A408BE /* heights.frag in Resources */ = {isa = PBXBuildFile; fileRef = E10E2CC61569F71300A408BE /* heights.frag */; };
		E10E2CCB1569F71300A408BE /* rd.frag in Resources */ = {isa = PBXBuildFile; fileRef = E10E2CC71569F71300A408BE /* rd.frag */; };
		E10E2CCC1569F71300A408BE /* terrain.frag in Resources */ = {isa = PBXBuildFile; fileRef = E10E2CC81569F71300A408BE /* terrain.frag */; };
		E10E2CCD1569F71300A408BE /* terrain.vert in Resources */ = {isa = PBXBuildFile; fileRef = E10E2CC91569F71300A408BE /* terrain.vert */; };
		E10E2CD61569F74600A408BE /* glow.png in Resources */ = {isa = PBXBuildFile; fileRef = E10E2CCE1569F74600A408BE /* glow.png */; };
		E10E2CD71569F74600A408BE /* gradient.png in Resources */ = {isa = PBXBuildFile; fileRef = E10E2CCF1569F74600A408BE /* gradient.png */; };
		E10E2CD81569F74600A408BE /* roomBlank.png in Resources */ = {isa = PBXBuildFile; fileRef = E10E2CD01569F74600A408BE /* roomBlank.png */; };
		E10E2CD91569F74600A408BE /* roomCeiling.png in Resources */ = {isa = PBXBuildFile; fileRef = E10E2CD11569F74600A408BE /* roomCeiling.png */; };
		E10E2CDA1569F74600A408BE /* roomFloor.png in Resources */ = {isa = PBXBuildFile; fileRef = E10E2CD21569F74600A408BE /* roomFloor.png */; };
		E10E2CDB1569F74600A408BE /* roomWall0.png in Resources */ = {isa = PBXBuildFile; fileRef = E10E2CD31569F74600A408BE /* roomWall0.png */; };
		E10E2CDC1569F74600A408BE /* roomWall1.png in Resources */ = {isa = PBXBuildFile; fileRef = E10E2CD41569F74600A408BE /* roomWall1.png */; };
		E10E2CDD1569F74600A408BE /* sandNormal.png in Resources */ = {isa = PBXBuildFile; fileRef = E10E2CD51569F74600A408BE /* sandNormal.png */; };
		E15E57F0156A141E00F783FF /* sphere.vert in Resources */ = {isa = PBXBuildFile; fileRef = E15E57EF156A141D00F783FF /* sphere.vert */; };
		E15E57F2156A142D00F783FF /* sphere.frag in Resources */ = {isa = PBXBuildFile; fileRef = E15E57F1156A142D00F783FF /* sphere.frag */; };
		E16B012E156A00100023CA6F /* node.vert in Resources */ = {isa = PBXBuildFile; fileRef = E16B012D156A00100023CA6F /* node.vert */; };
		E16B0130156A00450023CA6F /* node.frag in Resources */ = {isa = PBXBuildFile; fileRef = E16B012F156A00450023CA6F /* node.frag */; };
		E1761F1B1554FF4E0032ACFA /* libfmodex.dylib in Frameworks */ = {isa = PBXBuildFile; fileRef = E1761DE71554FF4D0032ACFA /* libfmodex.dylib */; };
		E1761FDF1554FF4E0032ACFA /* Fmodex3DSoundPlayer.cpp in Sources */ = {isa = PBXBuildFile; fileRef = E1761F091554FF4D0032ACFA /* Fmodex3DSoundPlayer.cpp */; };
		E1761FE01554FF4E0032ACFA /* FmodexPlayer.cpp in Sources */ = {isa = PBXBuildFile; fileRef = E1761F0A1554FF4D0032ACFA /* FmodexPlayer.cpp */; };
		E188575015735D0C007024DB /* iconTerrain.png in Resources */ = {isa = PBXBuildFile; fileRef = E188574F15735D0C007024DB /* iconTerrain.png */; };
		E18A928815722683007E3AB0 /* cubeNegX.jpg in Resources */ = {isa = PBXBuildFile; fileRef = E18A928215722683007E3AB0 /* cubeNegX.jpg */; };
		E18A928915722683007E3AB0 /* cubeNegY.jpg in Resources */ = {isa = PBXBuildFile; fileRef = E18A928315722683007E3AB0 /* cubeNegY.jpg */; };
		E18A928A15722683007E3AB0 /* cubeNegZ.jpg in Resources */ = {isa = PBXBuildFile; fileRef = E18A928415722683007E3AB0 /* cubeNegZ.jpg */; };
		E18A928B15722683007E3AB0 /* cubePosX.jpg in Resources */ = {isa = PBXBuildFile; fileRef = E18A928515722683007E3AB0 /* cubePosX.jpg */; };
		E18A928C15722683007E3AB0 /* cubePosY.jpg in Resources */ = {isa = PBXBuildFile; fileRef = E18A928615722683007E3AB0 /* cubePosY.jpg */; };
		E18A928D15722683007E3AB0 /* cubePosZ.jpg in Resources */ = {isa = PBXBuildFile; fileRef = E18A928715722683007E3AB0 /* cubePosZ.jpg */; };
		E1A5812D15845FC20025F405 /* CubeMap.cpp in Sources */ = {isa = PBXBuildFile; fileRef = E1A5812C15845FC20025F405 /* CubeMap.cpp */; };
		E1FF6238157470B600C1A823 /* icon.icns in Resources */ = {isa = PBXBuildFile; fileRef = E1FF6237157470B600C1A823 /* icon.icns */; };
/* End PBXBuildFile section */

/* Begin PBXFileReference section */
		0091D8F80E81B9330029341E /* OpenGL.framework */ = {isa = PBXFileReference; lastKnownFileType = wrapper.framework; name = OpenGL.framework; path = /System/Library/Frameworks/OpenGL.framework; sourceTree = "<absolute>"; };
		0097E3E40F3E9819005A4392 /* QuickTime.framework */ = {isa = PBXFileReference; lastKnownFileType = wrapper.framework; name = QuickTime.framework; path = /System/Library/Frameworks/QuickTime.framework; sourceTree = "<absolute>"; };
		00B784AF0FF439BC000DE1D7 /* Accelerate.framework */ = {isa = PBXFileReference; lastKnownFileType = wrapper.framework; name = Accelerate.framework; path = System/Library/Frameworks/Accelerate.framework; sourceTree = SDKROOT; };
		00B784B00FF439BC000DE1D7 /* AudioToolbox.framework */ = {isa = PBXFileReference; lastKnownFileType = wrapper.framework; name = AudioToolbox.framework; path = System/Library/Frameworks/AudioToolbox.framework; sourceTree = SDKROOT; };
		00B784B10FF439BC000DE1D7 /* AudioUnit.framework */ = {isa = PBXFileReference; lastKnownFileType = wrapper.framework; name = AudioUnit.framework; path = System/Library/Frameworks/AudioUnit.framework; sourceTree = SDKROOT; };
		00B784B20FF439BC000DE1D7 /* CoreAudio.framework */ = {isa = PBXFileReference; lastKnownFileType = wrapper.framework; name = CoreAudio.framework; path = System/Library/Frameworks/CoreAudio.framework; sourceTree = SDKROOT; };
		00CCAF14116A9FEE008396D5 /* CinderApp.icns */ = {isa = PBXFileReference; lastKnownFileType = image.icns; name = CinderApp.icns; path = ../resources/CinderApp.icns; sourceTree = SOURCE_ROOT; };
		1058C7A1FEA54F0111CA2CBB /* Cocoa.framework */ = {isa = PBXFileReference; lastKnownFileType = wrapper.framework; name = Cocoa.framework; path = /System/Library/Frameworks/Cocoa.framework; sourceTree = "<absolute>"; };
		13E42FB307B3F0F600E4EEF1 /* CoreData.framework */ = {isa = PBXFileReference; lastKnownFileType = wrapper.framework; name = CoreData.framework; path = /System/Library/Frameworks/CoreData.framework; sourceTree = "<absolute>"; };
		29B97324FDCFA39411CA2CEA /* AppKit.framework */ = {isa = PBXFileReference; lastKnownFileType = wrapper.framework; name = AppKit.framework; path = /System/Library/Frameworks/AppKit.framework; sourceTree = "<absolute>"; };
		29B97325FDCFA39411CA2CEA /* Foundation.framework */ = {isa = PBXFileReference; lastKnownFileType = wrapper.framework; name = Foundation.framework; path = /System/Library/Frameworks/Foundation.framework; sourceTree = "<absolute>"; };
		32CA4F630368D1EE00C91783 /* Terrain_Prefix.pch */ = {isa = PBXFileReference; fileEncoding = 4; lastKnownFileType = sourcecode.c.h; path = Terrain_Prefix.pch; sourceTree = "<group>"; };
		5323E6B10EAFCA74003A9687 /* CoreVideo.framework */ = {isa = PBXFileReference; lastKnownFileType = wrapper.framework; name = CoreVideo.framework; path = /System/Library/Frameworks/CoreVideo.framework; sourceTree = "<absolute>"; };
		5323E6B50EAFCA7E003A9687 /* QTKit.framework */ = {isa = PBXFileReference; lastKnownFileType = wrapper.framework; name = QTKit.framework; path = /System/Library/Frameworks/QTKit.framework; sourceTree = "<absolute>"; };
		53E3CDFB0E86099300238D2B /* Carbon.framework */ = {isa = PBXFileReference; lastKnownFileType = wrapper.framework; name = Carbon.framework; path = /System/Library/Frameworks/Carbon.framework; sourceTree = "<absolute>"; };
		8D1107310486CEB800E47090 /* Info.plist */ = {isa = PBXFileReference; fileEncoding = 4; lastKnownFileType = text.plist.xml; path = Info.plist; sourceTree = "<group>"; };
		8D1107320486CEB800E47090 /* GpuPhysics.app */ = {isa = PBXFileReference; explicitFileType = wrapper.application; includeInIndex = 0; name = GpuPhysics.app; path = Terrain.app; sourceTree = BUILT_PRODUCTS_DIR; };
		E10E2C4B1569C0D600A408BE /* Terrain.cpp */ = {isa = PBXFileReference; fileEncoding = 4; lastKnownFileType = sourcecode.cpp.cpp; name = Terrain.cpp; path = ../src/Terrain.cpp; sourceTree = "<group>"; };
		E10E2C4F1569C0E700A408BE /* Terrain.h */ = {isa = PBXFileReference; lastKnownFileType = sourcecode.c.h; name = Terrain.h; path = ../include/Terrain.h; sourceTree = "<group>"; };
		E10E2C851569F30900A408BE /* normals.frag */ = {isa = PBXFileReference; fileEncoding = 4; lastKnownFileType = sourcecode.glsl; name = normals.frag; path = ../resources/normals.frag; sourceTree = "<group>"; };
		E10E2C861569F30900A408BE /* passThru.vert */ = {isa = PBXFileReference; fileEncoding = 4; lastKnownFileType = sourcecode.glsl; name = passThru.vert; path = ../resources/passThru.vert; sourceTree = "<group>"; };
		E10E2C871569F30900A408BE /* passThruNormals.vert */ = {isa = PBXFileReference; fileEncoding = 4; lastKnownFileType = sourcecode.glsl; name = passThruNormals.vert; path = ../resources/passThruNormals.vert; sourceTree = "<group>"; };
		E10E2C8A1569F30900A408BE /* room.vert */ = {isa = PBXFileReference; fileEncoding = 4; lastKnownFileType = sourcecode.glsl; name = room.vert; path = ../resources/room.vert; sourceTree = SOURCE_ROOT; };
		E10E2CAE1569F4E300A408BE /* RDiffusion.h */ = {isa = PBXFileReference; fileEncoding = 4; lastKnownFileType = sourcecode.c.h; name = RDiffusion.h; path = ../include/RDiffusion.h; sourceTree = SOURCE_ROOT; };
		E10E2CAF1569F54600A408BE /* RDiffusion.cpp */ = {isa = PBXFileReference; fileEncoding = 4; lastKnownFileType = sourcecode.cpp.cpp; name = RDiffusion.cpp; path = ../src/RDiffusion.cpp; sourceTree = "<group>"; };
		E10E2CB01569F54600A408BE /* Room.cpp */ = {isa = PBXFileReference; fileEncoding = 4; lastKnownFileType = sourcecode.cpp.cpp; name = Room.cpp; path = ../src/Room.cpp; sourceTree = "<group>"; };
		E10E2CB21569F54600A408BE /* SpringCam.cpp */ = {isa = PBXFileReference; fileEncoding = 4; lastKnownFileType = sourcecode.cpp.cpp; name = SpringCam.cpp; path = ../src/SpringCam.cpp; sourceTree = "<group>"; };
		E10E2CB31569F54600A408BE /* TerrainApp.cpp */ = {isa = PBXFileReference; fileEncoding = 4; lastKnownFileType = sourcecode.cpp.cpp; name = TerrainApp.cpp; path = ../src/TerrainApp.cpp; sourceTree = "<group>"; };
		E10E2CC41569F6E900A408BE /* room.frag */ = {isa = PBXFileReference; fileEncoding = 4; lastKnownFileType = sourcecode.glsl; name = room.frag; path = ../resources/room.frag; sourceTree = "<group>"; };
		E10E2CC61569F71300A408BE /* heights.frag */ = {isa = PBXFileReference; lastKnownFileType = sourcecode.glsl; name = heights.frag; path = ../resources/heights.frag; sourceTree = "<group>"; };
		E10E2CC71569F71300A408BE /* rd.frag */ = {isa = PBXFileReference; lastKnownFileType = sourcecode.glsl; name = rd.frag; path = ../resources/rd.frag; sourceTree = "<group>"; xcLanguageSpecificationIdentifier = xcode.lang.glsl; };
		E10E2CC81569F71300A408BE /* terrain.frag */ = {isa = PBXFileReference; lastKnownFileType = sourcecode.glsl; name = terrain.frag; path = ../resources/terrain.frag; sourceTree = "<group>"; xcLanguageSpecificationIdentifier = xcode.lang.glsl; };
		E10E2CC91569F71300A408BE /* terrain.vert */ = {isa = PBXFileReference; lastKnownFileType = sourcecode.glsl; name = terrain.vert; path = ../resources/terrain.vert; sourceTree = "<group>"; xcLanguageSpecificationIdentifier = xcode.lang.glsl; };
		E10E2CCE1569F74600A408BE /* glow.png */ = {isa = PBXFileReference; lastKnownFileType = image.png; name = glow.png; path = ../resources/glow.png; sourceTree = "<group>"; };
		E10E2CCF1569F74600A408BE /* gradient.png */ = {isa = PBXFileReference; lastKnownFileType = image.png; name = gradient.png; path = ../resources/gradient.png; sourceTree = "<group>"; };
		E10E2CD01569F74600A408BE /* roomBlank.png */ = {isa = PBXFileReference; lastKnownFileType = image.png; name = roomBlank.png; path = ../resources/roomBlank.png; sourceTree = "<group>"; };
		E10E2CD11569F74600A408BE /* roomCeiling.png */ = {isa = PBXFileReference; lastKnownFileType = image.png; name = roomCeiling.png; path = ../resources/roomCeiling.png; sourceTree = "<group>"; };
		E10E2CD21569F74600A408BE /* roomFloor.png */ = {isa = PBXFileReference; lastKnownFileType = image.png; name = roomFloor.png; path = ../resources/roomFloor.png; sourceTree = "<group>"; };
		E10E2CD31569F74600A408BE /* roomWall0.png */ = {isa = PBXFileReference; lastKnownFileType = image.png; name = roomWall0.png; path = ../resources/roomWall0.png; sourceTree = "<group>"; };
		E10E2CD41569F74600A408BE /* roomWall1.png */ = {isa = PBXFileReference; lastKnownFileType = image.png; name = roomWall1.png; path = ../resources/roomWall1.png; sourceTree = "<group>"; };
		E10E2CD51569F74600A408BE /* sandNormal.png */ = {isa = PBXFileReference; lastKnownFileType = image.png; name = sandNormal.png; path = ../resources/sandNormal.png; sourceTree = "<group>"; };
		E149FFE3154916B4007C6AE9 /* Room.h */ = {isa = PBXFileReference; fileEncoding = 4; lastKnownFileType = sourcecode.c.h; name = Room.h; path = ../include/Room.h; sourceTree = "<group>"; };
		E149FFF0154919E9007C6AE9 /* SpringCam.h */ = {isa = PBXFileReference; fileEncoding = 4; lastKnownFileType = sourcecode.c.h; name = SpringCam.h; path = ../include/SpringCam.h; sourceTree = "<group>"; };
		E149FFF1154919F0007C6AE9 /* SpringCam.cpp */ = {isa = PBXFileReference; fileEncoding = 4; lastKnownFileType = sourcecode.cpp.cpp; name = SpringCam.cpp; path = ../src/SpringCam.cpp; sourceTree = "<group>"; };
		E15E57EF156A141D00F783FF /* sphere.vert */ = {isa = PBXFileReference; fileEncoding = 4; lastKnownFileType = sourcecode.glsl; name = sphere.vert; path = ../resources/sphere.vert; sourceTree = "<group>"; xcLanguageSpecificationIdentifier = xcode.lang.glsl; };
		E15E57F1156A142D00F783FF /* sphere.frag */ = {isa = PBXFileReference; fileEncoding = 4; lastKnownFileType = sourcecode.glsl; name = sphere.frag; path = ../resources/sphere.frag; sourceTree = "<group>"; xcLanguageSpecificationIdentifier = xcode.lang.glsl; };
		E16B012D156A00100023CA6F /* node.vert */ = {isa = PBXFileReference; fileEncoding = 4; lastKnownFileType = sourcecode.glsl; name = node.vert; path = ../resources/node.vert; sourceTree = "<group>"; xcLanguageSpecificationIdentifier = xcode.lang.glsl; };
		E16B012F156A00450023CA6F /* node.frag */ = {isa = PBXFileReference; fileEncoding = 4; lastKnownFileType = sourcecode.glsl; name = node.frag; path = ../resources/node.frag; sourceTree = "<group>"; xcLanguageSpecificationIdentifier = xcode.lang.glsl; };
		E1761DD91554FF4D0032ACFA /* Fmodex3DSoundPlayer.h */ = {isa = PBXFileReference; fileEncoding = 4; lastKnownFileType = sourcecode.c.h; path = Fmodex3DSoundPlayer.h; sourceTree = "<group>"; };
		E1761DDA1554FF4D0032ACFA /* FmodexPlayer.h */ = {isa = PBXFileReference; fileEncoding = 4; lastKnownFileType = sourcecode.c.h; path = FmodexPlayer.h; sourceTree = "<group>"; };
		E1761DDD1554FF4D0032ACFA /* fmod.h */ = {isa = PBXFileReference; fileEncoding = 4; lastKnownFileType = sourcecode.c.h; path = fmod.h; sourceTree = "<group>"; };
		E1761DDE1554FF4D0032ACFA /* fmod.hpp */ = {isa = PBXFileReference; fileEncoding = 4; lastKnownFileType = sourcecode.cpp.h; path = fmod.hpp; sourceTree = "<group>"; };
		E1761DDF1554FF4D0032ACFA /* fmod_codec.h */ = {isa = PBXFileReference; fileEncoding = 4; lastKnownFileType = sourcecode.c.h; path = fmod_codec.h; sourceTree = "<group>"; };
		E1761DE01554FF4D0032ACFA /* fmod_dsp.h */ = {isa = PBXFileReference; fileEncoding = 4; lastKnownFileType = sourcecode.c.h; path = fmod_dsp.h; sourceTree = "<group>"; };
		E1761DE11554FF4D0032ACFA /* fmod_errors.h */ = {isa = PBXFileReference; fileEncoding = 4; lastKnownFileType = sourcecode.c.h; path = fmod_errors.h; sourceTree = "<group>"; };
		E1761DE21554FF4D0032ACFA /* fmod_memoryinfo.h */ = {isa = PBXFileReference; fileEncoding = 4; lastKnownFileType = sourcecode.c.h; path = fmod_memoryinfo.h; sourceTree = "<group>"; };
		E1761DE31554FF4D0032ACFA /* fmod_output.h */ = {isa = PBXFileReference; fileEncoding = 4; lastKnownFileType = sourcecode.c.h; path = fmod_output.h; sourceTree = "<group>"; };
		E1761DE41554FF4D0032ACFA /* fmodlinux.h */ = {isa = PBXFileReference; fileEncoding = 4; lastKnownFileType = sourcecode.c.h; path = fmodlinux.h; sourceTree = "<group>"; };
		E1761DE71554FF4D0032ACFA /* libfmodex.dylib */ = {isa = PBXFileReference; lastKnownFileType = "compiled.mach-o.dylib"; path = libfmodex.dylib; sourceTree = "<group>"; };
		E1761F091554FF4D0032ACFA /* Fmodex3DSoundPlayer.cpp */ = {isa = PBXFileReference; fileEncoding = 4; lastKnownFileType = sourcecode.cpp.cpp; path = Fmodex3DSoundPlayer.cpp; sourceTree = "<group>"; };
		E1761F0A1554FF4D0032ACFA /* FmodexPlayer.cpp */ = {isa = PBXFileReference; fileEncoding = 4; lastKnownFileType = sourcecode.cpp.cpp; path = FmodexPlayer.cpp; sourceTree = "<group>"; };
		E188574F15735D0C007024DB /* iconTerrain.png */ = {isa = PBXFileReference; lastKnownFileType = image.png; name = iconTerrain.png; path = ../resources/iconTerrain.png; sourceTree = "<group>"; };
		E18A928215722683007E3AB0 /* cubeNegX.jpg */ = {isa = PBXFileReference; lastKnownFileType = image.jpeg; name = cubeNegX.jpg; path = ../resources/cubeNegX.jpg; sourceTree = "<group>"; };
		E18A928315722683007E3AB0 /* cubeNegY.jpg */ = {isa = PBXFileReference; lastKnownFileType = image.jpeg; name = cubeNegY.jpg; path = ../resources/cubeNegY.jpg; sourceTree = "<group>"; };
		E18A928415722683007E3AB0 /* cubeNegZ.jpg */ = {isa = PBXFileReference; lastKnownFileType = image.jpeg; name = cubeNegZ.jpg; path = ../resources/cubeNegZ.jpg; sourceTree = "<group>"; };
		E18A928515722683007E3AB0 /* cubePosX.jpg */ = {isa = PBXFileReference; lastKnownFileType = image.jpeg; name = cubePosX.jpg; path = ../resources/cubePosX.jpg; sourceTree = "<group>"; };
		E18A928615722683007E3AB0 /* cubePosY.jpg */ = {isa = PBXFileReference; lastKnownFileType = image.jpeg; name = cubePosY.jpg; path = ../resources/cubePosY.jpg; sourceTree = "<group>"; };
		E18A928715722683007E3AB0 /* cubePosZ.jpg */ = {isa = PBXFileReference; lastKnownFileType = image.jpeg; name = cubePosZ.jpg; path = ../resources/cubePosZ.jpg; sourceTree = "<group>"; };
		E1A2E0F9154CCA40007A956C /* Resources.h */ = {isa = PBXFileReference; fileEncoding = 4; lastKnownFileType = sourcecode.c.h; name = Resources.h; path = ../include/Resources.h; sourceTree = "<group>"; };
		E1A5812C15845FC20025F405 /* CubeMap.cpp */ = {isa = PBXFileReference; fileEncoding = 4; lastKnownFileType = sourcecode.cpp.cpp; name = CubeMap.cpp; path = ../src/CubeMap.cpp; sourceTree = "<group>"; };
		E1A5812E15845FCB0025F405 /* CubeMap.h */ = {isa = PBXFileReference; lastKnownFileType = sourcecode.c.h; name = CubeMap.h; path = ../include/CubeMap.h; sourceTree = "<group>"; };
		E1FF6237157470B600C1A823 /* icon.icns */ = {isa = PBXFileReference; lastKnownFileType = image.icns; name = icon.icns; path = ../resources/icon.icns; sourceTree = "<group>"; };
/* End PBXFileReference section */

/* Begin PBXFrameworksBuildPhase section */
		8D11072E0486CEB800E47090 /* Frameworks */ = {
			isa = PBXFrameworksBuildPhase;
			buildActionMask = 2147483647;
			files = (
				8D11072F0486CEB800E47090 /* Cocoa.framework in Frameworks */,
				0091D8F90E81B9330029341E /* OpenGL.framework in Frameworks */,
				53E3CDFC0E86099300238D2B /* Carbon.framework in Frameworks */,
				5323E6B20EAFCA74003A9687 /* CoreVideo.framework in Frameworks */,
				5323E6B60EAFCA7E003A9687 /* QTKit.framework in Frameworks */,
				0097E3E50F3E9819005A4392 /* QuickTime.framework in Frameworks */,
				00B784B30FF439BC000DE1D7 /* Accelerate.framework in Frameworks */,
				00B784B40FF439BC000DE1D7 /* AudioToolbox.framework in Frameworks */,
				00B784B50FF439BC000DE1D7 /* AudioUnit.framework in Frameworks */,
				00B784B60FF439BC000DE1D7 /* CoreAudio.framework in Frameworks */,
				E1761F1B1554FF4E0032ACFA /* libfmodex.dylib in Frameworks */,
			);
			runOnlyForDeploymentPostprocessing = 0;
		};
/* End PBXFrameworksBuildPhase section */

/* Begin PBXGroup section */
		080E96DDFE201D6D7F000001 /* Source */ = {
			isa = PBXGroup;
			children = (
				E1A2E0E7154CC999007A956C /* Utility */,
				E10E2CB31569F54600A408BE /* TerrainApp.cpp */,
				E10E2C4B1569C0D600A408BE /* Terrain.cpp */,
				E10E2CB01569F54600A408BE /* Room.cpp */,
				E10E2CB21569F54600A408BE /* SpringCam.cpp */,
			);
			name = Source;
			sourceTree = "<group>";
		};
		1058C7A0FEA54F0111CA2CBB /* Linked Frameworks */ = {
			isa = PBXGroup;
			children = (
				00B784AF0FF439BC000DE1D7 /* Accelerate.framework */,
				00B784B00FF439BC000DE1D7 /* AudioToolbox.framework */,
				00B784B10FF439BC000DE1D7 /* AudioUnit.framework */,
				00B784B20FF439BC000DE1D7 /* CoreAudio.framework */,
				0097E3E40F3E9819005A4392 /* QuickTime.framework */,
				5323E6B50EAFCA7E003A9687 /* QTKit.framework */,
				5323E6B10EAFCA74003A9687 /* CoreVideo.framework */,
				53E3CDFB0E86099300238D2B /* Carbon.framework */,
				0091D8F80E81B9330029341E /* OpenGL.framework */,
				1058C7A1FEA54F0111CA2CBB /* Cocoa.framework */,
			);
			name = "Linked Frameworks";
			sourceTree = "<group>";
		};
		1058C7A2FEA54F0111CA2CBB /* Other Frameworks */ = {
			isa = PBXGroup;
			children = (
				29B97324FDCFA39411CA2CEA /* AppKit.framework */,
				13E42FB307B3F0F600E4EEF1 /* CoreData.framework */,
				29B97325FDCFA39411CA2CEA /* Foundation.framework */,
			);
			name = "Other Frameworks";
			sourceTree = "<group>";
		};
		19C28FACFE9D520D11CA2CBB /* Products */ = {
			isa = PBXGroup;
			children = (
				8D1107320486CEB800E47090 /* GpuPhysics.app */,
			);
			name = Products;
			sourceTree = "<group>";
		};
		29B97314FDCFA39411CA2CEA /* GpuPhysics */ = {
			isa = PBXGroup;
			children = (
				E1761FED1554FF510032ACFA /* Blocks */,
				29B97315FDCFA39411CA2CEA /* Headers */,
				080E96DDFE201D6D7F000001 /* Source */,
				29B97317FDCFA39411CA2CEA /* Resources */,
				29B97323FDCFA39411CA2CEA /* Frameworks */,
				19C28FACFE9D520D11CA2CBB /* Products */,
			);
			name = GpuPhysics;
			sourceTree = "<group>";
		};
		29B97315FDCFA39411CA2CEA /* Headers */ = {
			isa = PBXGroup;
			children = (
				E1A2E0E8154CC9A1007A956C /* Utility */,
				E149FFE3154916B4007C6AE9 /* Room.h */,
				E10E2C4F1569C0E700A408BE /* Terrain.h */,
				E10E2CAE1569F4E300A408BE /* RDiffusion.h */,
			);
			name = Headers;
			sourceTree = "<group>";
		};
		29B97317FDCFA39411CA2CEA /* Resources */ = {
			isa = PBXGroup;
			children = (
				E1A2E0D4154CBDFD007A956C /* Images */,
				E149FFEB15491744007C6AE9 /* Shaders */,
				8D1107310486CEB800E47090 /* Info.plist */,
				E1FF6237157470B600C1A823 /* icon.icns */,
				00CCAF14116A9FEE008396D5 /* CinderApp.icns */,
			);
			name = Resources;
			sourceTree = "<group>";
		};
		29B97323FDCFA39411CA2CEA /* Frameworks */ = {
			isa = PBXGroup;
			children = (
				1058C7A0FEA54F0111CA2CBB /* Linked Frameworks */,
				1058C7A2FEA54F0111CA2CBB /* Other Frameworks */,
			);
			name = Frameworks;
			sourceTree = "<group>";
		};
		E149FFEB15491744007C6AE9 /* Shaders */ = {
			isa = PBXGroup;
			children = (
				E10E2C861569F30900A408BE /* passThru.vert */,
				E10E2C871569F30900A408BE /* passThruNormals.vert */,
				E10E2CC61569F71300A408BE /* heights.frag */,
				E10E2C851569F30900A408BE /* normals.frag */,
				E10E2CC71569F71300A408BE /* rd.frag */,
				E10E2CC91569F71300A408BE /* terrain.vert */,
				E10E2CC81569F71300A408BE /* terrain.frag */,
				E10E2C8A1569F30900A408BE /* room.vert */,
				E10E2CC41569F6E900A408BE /* room.frag */,
				E16B012D156A00100023CA6F /* node.vert */,
				E16B012F156A00450023CA6F /* node.frag */,
				E15E57EF156A141D00F783FF /* sphere.vert */,
				E15E57F1156A142D00F783FF /* sphere.frag */,
			);
			name = Shaders;
			sourceTree = "<group>";
		};
		E1761DD71554FF4D0032ACFA /* FMOD-Ex-Cinder-Block */ = {
			isa = PBXGroup;
			children = (
				E1761DD81554FF4D0032ACFA /* include */,
				E1761DDB1554FF4D0032ACFA /* libs */,
				E1761F081554FF4D0032ACFA /* src */,
			);
			name = "FMOD-Ex-Cinder-Block";
			path = "../../../../cinder_master/blocks/FMOD-Ex-Cinder-Block";
			sourceTree = "<group>";
		};
		E1761DD81554FF4D0032ACFA /* include */ = {
			isa = PBXGroup;
			children = (
				E1761DD91554FF4D0032ACFA /* Fmodex3DSoundPlayer.h */,
				E1761DDA1554FF4D0032ACFA /* FmodexPlayer.h */,
			);
			path = include;
			sourceTree = "<group>";
		};
		E1761DDB1554FF4D0032ACFA /* libs */ = {
			isa = PBXGroup;
			children = (
				E1761DDC1554FF4D0032ACFA /* include */,
				E1761DE51554FF4D0032ACFA /* lib */,
			);
			path = libs;
			sourceTree = "<group>";
		};
		E1761DDC1554FF4D0032ACFA /* include */ = {
			isa = PBXGroup;
			children = (
				E1761DDD1554FF4D0032ACFA /* fmod.h */,
				E1761DDE1554FF4D0032ACFA /* fmod.hpp */,
				E1761DDF1554FF4D0032ACFA /* fmod_codec.h */,
				E1761DE01554FF4D0032ACFA /* fmod_dsp.h */,
				E1761DE11554FF4D0032ACFA /* fmod_errors.h */,
				E1761DE21554FF4D0032ACFA /* fmod_memoryinfo.h */,
				E1761DE31554FF4D0032ACFA /* fmod_output.h */,
				E1761DE41554FF4D0032ACFA /* fmodlinux.h */,
			);
			path = include;
			sourceTree = "<group>";
		};
		E1761DE51554FF4D0032ACFA /* lib */ = {
			isa = PBXGroup;
			children = (
				E1761DE61554FF4D0032ACFA /* osx */,
			);
			path = lib;
			sourceTree = "<group>";
		};
		E1761DE61554FF4D0032ACFA /* osx */ = {
			isa = PBXGroup;
			children = (
				E1761DE71554FF4D0032ACFA /* libfmodex.dylib */,
			);
			path = osx;
			sourceTree = "<group>";
		};
		E1761F081554FF4D0032ACFA /* src */ = {
			isa = PBXGroup;
			children = (
				E1761F091554FF4D0032ACFA /* Fmodex3DSoundPlayer.cpp */,
				E1761F0A1554FF4D0032ACFA /* FmodexPlayer.cpp */,
			);
			path = src;
			sourceTree = "<group>";
		};
		E1761FED1554FF510032ACFA /* Blocks */ = {
			isa = PBXGroup;
			children = (
				E1761DD71554FF4D0032ACFA /* FMOD-Ex-Cinder-Block */,
			);
			name = Blocks;
			sourceTree = "<group>";
		};
		E1A2E0D4154CBDFD007A956C /* Images */ = {
			isa = PBXGroup;
			children = (
				E188574F15735D0C007024DB /* iconTerrain.png */,
				E18A928215722683007E3AB0 /* cubeNegX.jpg */,
				E18A928315722683007E3AB0 /* cubeNegY.jpg */,
				E18A928415722683007E3AB0 /* cubeNegZ.jpg */,
				E18A928515722683007E3AB0 /* cubePosX.jpg */,
				E18A928615722683007E3AB0 /* cubePosY.jpg */,
				E18A928715722683007E3AB0 /* cubePosZ.jpg */,
				E10E2CCE1569F74600A408BE /* glow.png */,
				E10E2CCF1569F74600A408BE /* gradient.png */,
				E10E2CD01569F74600A408BE /* roomBlank.png */,
				E10E2CD11569F74600A408BE /* roomCeiling.png */,
				E10E2CD21569F74600A408BE /* roomFloor.png */,
				E10E2CD31569F74600A408BE /* roomWall0.png */,
				E10E2CD41569F74600A408BE /* roomWall1.png */,
				E10E2CD51569F74600A408BE /* sandNormal.png */,
			);
			name = Images;
			sourceTree = "<group>";
		};
		E1A2E0E7154CC999007A956C /* Utility */ = {
			isa = PBXGroup;
			children = (
				E1A5812C15845FC20025F405 /* CubeMap.cpp */,
				E149FFF1154919F0007C6AE9 /* SpringCam.cpp */,
				E10E2CAF1569F54600A408BE /* RDiffusion.cpp */,
			);
			name = Utility;
			sourceTree = "<group>";
		};
		E1A2E0E8154CC9A1007A956C /* Utility */ = {
			isa = PBXGroup;
			children = (
				32CA4F630368D1EE00C91783 /* Terrain_Prefix.pch */,
				E1A2E0F9154CCA40007A956C /* Resources.h */,
				E1A5812E15845FCB0025F405 /* CubeMap.h */,
				E149FFF0154919E9007C6AE9 /* SpringCam.h */,
				E10E2CAE1569F4E300A408BE /* RDiffusion.h */,
			);
			name = Utility;
			sourceTree = "<group>";
		};
/* End PBXGroup section */

/* Begin PBXNativeTarget section */
		8D1107260486CEB800E47090 /* Terrain */ = {
			isa = PBXNativeTarget;
			buildConfigurationList = C01FCF4A08A954540054247B /* Build configuration list for PBXNativeTarget "Terrain" */;
			buildPhases = (
				8D1107290486CEB800E47090 /* Resources */,
				8D11072C0486CEB800E47090 /* Sources */,
				8D11072E0486CEB800E47090 /* Frameworks */,
			);
			buildRules = (
			);
			dependencies = (
			);
			name = Terrain;
			productInstallPath = "$(HOME)/Applications";
			productName = GpuPhysics;
			productReference = 8D1107320486CEB800E47090 /* GpuPhysics.app */;
			productType = "com.apple.product-type.application";
		};
/* End PBXNativeTarget section */

/* Begin PBXProject section */
		29B97313FDCFA39411CA2CEA /* Project object */ = {
			isa = PBXProject;
			attributes = {
				LastUpgradeCheck = 0430;
			};
			buildConfigurationList = C01FCF4E08A954540054247B /* Build configuration list for PBXProject "Terrain" */;
			compatibilityVersion = "Xcode 3.2";
			developmentRegion = English;
			hasScannedForEncodings = 1;
			knownRegions = (
				en,
			);
			mainGroup = 29B97314FDCFA39411CA2CEA /* GpuPhysics */;
			projectDirPath = "";
			projectRoot = "";
			targets = (
				8D1107260486CEB800E47090 /* Terrain */,
			);
		};
/* End PBXProject section */

/* Begin PBXResourcesBuildPhase section */
		8D1107290486CEB800E47090 /* Resources */ = {
			isa = PBXResourcesBuildPhase;
			buildActionMask = 2147483647;
			files = (
				00CCAF15116A9FEE008396D5 /* CinderApp.icns in Resources */,
				E10E2C8E1569F30900A408BE /* normals.frag in Resources */,
				E10E2C8F1569F30900A408BE /* passThru.vert in Resources */,
				E10E2C901569F30900A408BE /* passThruNormals.vert in Resources */,
				E10E2C931569F30900A408BE /* room.vert in Resources */,
				E10E2CC51569F6E900A408BE /* room.frag in Resources */,
				E10E2CCA1569F71300A408BE /* heights.frag in Resources */,
				E10E2CCB1569F71300A408BE /* rd.frag in Resources */,
				E10E2CCC1569F71300A408BE /* terrain.frag in Resources */,
				E10E2CCD1569F71300A408BE /* terrain.vert in Resources */,
				E16B012E156A00100023CA6F /* node.vert in Resources */,
				E16B0130156A00450023CA6F /* node.frag in Resources */,
				E10E2CD61569F74600A408BE /* glow.png in Resources */,
				E10E2CD71569F74600A408BE /* gradient.png in Resources */,
				E10E2CD81569F74600A408BE /* roomBlank.png in Resources */,
				E10E2CD91569F74600A408BE /* roomCeiling.png in Resources */,
				E10E2CDA1569F74600A408BE /* roomFloor.png in Resources */,
				E10E2CDB1569F74600A408BE /* roomWall0.png in Resources */,
				E15E57F0156A141E00F783FF /* sphere.vert in Resources */,
				E15E57F2156A142D00F783FF /* sphere.frag in Resources */,
				E10E2CDC1569F74600A408BE /* roomWall1.png in Resources */,
				E10E2CDD1569F74600A408BE /* sandNormal.png in Resources */,
				E18A928815722683007E3AB0 /* cubeNegX.jpg in Resources */,
				E18A928915722683007E3AB0 /* cubeNegY.jpg in Resources */,
				E18A928A15722683007E3AB0 /* cubeNegZ.jpg in Resources */,
				E18A928B15722683007E3AB0 /* cubePosX.jpg in Resources */,
				E18A928C15722683007E3AB0 /* cubePosY.jpg in Resources */,
				E18A928D15722683007E3AB0 /* cubePosZ.jpg in Resources */,
				E188575015735D0C007024DB /* iconTerrain.png in Resources */,
				E1FF6238157470B600C1A823 /* icon.icns in Resources */,
			);
			runOnlyForDeploymentPostprocessing = 0;
		};
/* End PBXResourcesBuildPhase section */

/* Begin PBXSourcesBuildPhase section */
		8D11072C0486CEB800E47090 /* Sources */ = {
			isa = PBXSourcesBuildPhase;
			buildActionMask = 2147483647;
			files = (
				E1761FDF1554FF4E0032ACFA /* Fmodex3DSoundPlayer.cpp in Sources */,
				E1761FE01554FF4E0032ACFA /* FmodexPlayer.cpp in Sources */,
				E10E2C4D1569C0D600A408BE /* Terrain.cpp in Sources */,
				E10E2CB41569F54600A408BE /* RDiffusion.cpp in Sources */,
				E10E2CB51569F54600A408BE /* Room.cpp in Sources */,
				E10E2CB71569F54600A408BE /* SpringCam.cpp in Sources */,
				E10E2CB81569F54600A408BE /* TerrainApp.cpp in Sources */,
				E1A5812D15845FC20025F405 /* CubeMap.cpp in Sources */,
			);
			runOnlyForDeploymentPostprocessing = 0;
		};
/* End PBXSourcesBuildPhase section */

/* Begin XCBuildConfiguration section */
		C01FCF4B08A954540054247B /* Debug */ = {
			isa = XCBuildConfiguration;
			buildSettings = {
				COPY_PHASE_STRIP = NO;
				GCC_DYNAMIC_NO_PIC = NO;
				GCC_INLINES_ARE_PRIVATE_EXTERN = YES;
				GCC_MODEL_TUNING = G5;
				GCC_OPTIMIZATION_LEVEL = 0;
				GCC_PRECOMPILE_PREFIX_HEADER = YES;
				GCC_PREFIX_HEADER = Terrain_Prefix.pch;
				GCC_SYMBOLS_PRIVATE_EXTERN = NO;
				INFOPLIST_FILE = Info.plist;
				INSTALL_PATH = "$(HOME)/Applications";
				LIBRARY_SEARCH_PATHS = (
					"$(inherited)",
					"\"$(SRCROOT)/../../../../cinder_master/blocks/FMOD-Ex-Cinder-Block/libs/lib/osx\"",
				);
				OTHER_LDFLAGS = "\"$(CINDER_PATH)/lib/libcinder_d.a\"";
				PRODUCT_NAME = Terrain;
				WRAPPER_EXTENSION = app;
			};
			name = Debug;
		};
		C01FCF4C08A954540054247B /* Release */ = {
			isa = XCBuildConfiguration;
			buildSettings = {
				DEAD_CODE_STRIPPING = YES;
				DEBUG_INFORMATION_FORMAT = "dwarf-with-dsym";
				GCC_FAST_MATH = YES;
				GCC_GENERATE_DEBUGGING_SYMBOLS = NO;
				GCC_INLINES_ARE_PRIVATE_EXTERN = YES;
				GCC_MODEL_TUNING = G5;
				GCC_OPTIMIZATION_LEVEL = 3;
				GCC_PRECOMPILE_PREFIX_HEADER = YES;
				GCC_PREFIX_HEADER = Terrain_Prefix.pch;
				GCC_SYMBOLS_PRIVATE_EXTERN = NO;
				INFOPLIST_FILE = Info.plist;
				INSTALL_PATH = "$(HOME)/Applications";
				LIBRARY_SEARCH_PATHS = (
					"$(inherited)",
					"\"$(SRCROOT)/../../../../cinder_master/blocks/FMOD-Ex-Cinder-Block/libs/lib/osx\"",
				);
				OTHER_LDFLAGS = "\"$(CINDER_PATH)/lib/libcinder.a\"";
				PRODUCT_NAME = Terrain;
				STRIP_INSTALLED_PRODUCT = YES;
				WRAPPER_EXTENSION = app;
			};
			name = Release;
		};
		C01FCF4F08A954540054247B /* Debug */ = {
			isa = XCBuildConfiguration;
			buildSettings = {
				ALWAYS_SEARCH_USER_PATHS = NO;
				ARCHS = i386;
				CINDER_PATH = ../../../../cinder_master;
				GCC_WARN_ABOUT_RETURN_TYPE = YES;
				GCC_WARN_UNUSED_VARIABLE = YES;
				HEADER_SEARCH_PATHS = "\"$(CINDER_PATH)/boost\"";
				MACOSX_DEPLOYMENT_TARGET = 10.5;
				SDKROOT = macosx;
				USER_HEADER_SEARCH_PATHS = "\"$(CINDER_PATH)/include\" ../include";
			};
			name = Debug;
		};
		C01FCF5008A954540054247B /* Release */ = {
			isa = XCBuildConfiguration;
			buildSettings = {
				ALWAYS_SEARCH_USER_PATHS = NO;
				ARCHS = i386;
				CINDER_PATH = ../../../../cinder_master;
				GCC_WARN_ABOUT_RETURN_TYPE = YES;
				GCC_WARN_UNUSED_VARIABLE = YES;
				HEADER_SEARCH_PATHS = "\"$(CINDER_PATH)/boost\"";
				MACOSX_DEPLOYMENT_TARGET = 10.5;
				SDKROOT = macosx;
				USER_HEADER_SEARCH_PATHS = "\"$(CINDER_PATH)/include\" ../include";
			};
			name = Release;
		};
/* End XCBuildConfiguration section */

/* Begin XCConfigurationList section */
		C01FCF4A08A954540054247B /* Build configuration list for PBXNativeTarget "Terrain" */ = {
			isa = XCConfigurationList;
			buildConfigurations = (
				C01FCF4B08A954540054247B /* Debug */,
				C01FCF4C08A954540054247B /* Release */,
			);
			defaultConfigurationIsVisible = 0;
			defaultConfigurationName = Release;
		};
		C01FCF4E08A954540054247B /* Build configuration list for PBXProject "Terrain" */ = {
			isa = XCConfigurationList;
			buildConfigurations = (
				C01FCF4F08A954540054247B /* Debug */,
				C01FCF5008A954540054247B /* Release */,
			);
			defaultConfigurationIsVisible = 0;
			defaultConfigurationName = Release;
		};
/* End XCConfigurationList section */
	};
	rootObject = 29B97313FDCFA39411CA2CEA /* Project object */;
}
