// !$*UTF8*$!
{
	archiveVersion = 1;
	classes = {
	};
	objectVersion = 46;
	objects = {

/* Begin PBXBuildFile section */
		0091D8F90E81B9330029341E /* OpenGL.framework in Frameworks */ = {isa = PBXBuildFile; fileRef = 0091D8F80E81B9330029341E /* OpenGL.framework */; };
		0097E3E50F3E9819005A4392 /* QuickTime.framework in Frameworks */ = {isa = PBXBuildFile; fileRef = 0097E3E40F3E9819005A4392 /* QuickTime.framework */; };
		00B784B30FF439BC000DE1D7 /* Accelerate.framework in Frameworks */ = {isa = PBXBuildFile; fileRef = 00B784AF0FF439BC000DE1D7 /* Accelerate.framework */; };
		00B784B40FF439BC000DE1D7 /* AudioToolbox.framework in Frameworks */ = {isa = PBXBuildFile; fileRef = 00B784B00FF439BC000DE1D7 /* AudioToolbox.framework */; };
		00B784B50FF439BC000DE1D7 /* AudioUnit.framework in Frameworks */ = {isa = PBXBuildFile; fileRef = 00B784B10FF439BC000DE1D7 /* AudioUnit.framework */; };
		00B784B60FF439BC000DE1D7 /* CoreAudio.framework in Frameworks */ = {isa = PBXBuildFile; fileRef = 00B784B20FF439BC000DE1D7 /* CoreAudio.framework */; };
		00BAE65A0E7ED9C10018A608 /* RepulsionApp.cpp in Sources */ = {isa = PBXBuildFile; fileRef = 00BAE6590E7ED9C10018A608 /* RepulsionApp.cpp */; };
		00CCAF15116A9FEE008396D5 /* CinderApp.icns in Resources */ = {isa = PBXBuildFile; fileRef = 00CCAF14116A9FEE008396D5 /* CinderApp.icns */; };
		5323E6B20EAFCA74003A9687 /* CoreVideo.framework in Frameworks */ = {isa = PBXBuildFile; fileRef = 5323E6B10EAFCA74003A9687 /* CoreVideo.framework */; };
		5323E6B60EAFCA7E003A9687 /* QTKit.framework in Frameworks */ = {isa = PBXBuildFile; fileRef = 5323E6B50EAFCA7E003A9687 /* QTKit.framework */; };
		53E3CDFC0E86099300238D2B /* Carbon.framework in Frameworks */ = {isa = PBXBuildFile; fileRef = 53E3CDFB0E86099300238D2B /* Carbon.framework */; };
		8D11072F0486CEB800E47090 /* Cocoa.framework in Frameworks */ = {isa = PBXBuildFile; fileRef = 1058C7A1FEA54F0111CA2CBB /* Cocoa.framework */; };
		E111BF1D154B9411002C7812 /* fboPosInit.frag in Resources */ = {isa = PBXBuildFile; fileRef = E111BF1C154B9411002C7812 /* fboPosInit.frag */; };
		E111BF24154BC1B8002C7812 /* fboVelInit.frag in Resources */ = {isa = PBXBuildFile; fileRef = E111BF23154BC1B8002C7812 /* fboVelInit.frag */; };
		E149FFE8154916C2007C6AE9 /* Room.cpp in Sources */ = {isa = PBXBuildFile; fileRef = E149FFE6154916C2007C6AE9 /* Room.cpp */; };
		E149FFEE15491867007C6AE9 /* room.frag in Resources */ = {isa = PBXBuildFile; fileRef = E149FFEC15491867007C6AE9 /* room.frag */; };
		E149FFEF15491867007C6AE9 /* room.vert in Resources */ = {isa = PBXBuildFile; fileRef = E149FFED15491867007C6AE9 /* room.vert */; };
		E149FFF2154919F0007C6AE9 /* SpringCam.cpp in Sources */ = {isa = PBXBuildFile; fileRef = E149FFF1154919F0007C6AE9 /* SpringCam.cpp */; };
		E15D52F51573716B00C87AF9 /* iconRepulsion.png in Resources */ = {isa = PBXBuildFile; fileRef = E15D52F41573716B00C87AF9 /* iconRepulsion.png */; };
		E18830CF153932DE00D2B8B7 /* Velocity.frag in Resources */ = {isa = PBXBuildFile; fileRef = E18830CD153932DE00D2B8B7 /* Velocity.frag */; };
		E1AE00E7153D0B02000CE780 /* passThru.vert in Resources */ = {isa = PBXBuildFile; fileRef = E1AE00E6153D0B02000CE780 /* passThru.vert */; };
		E1AE00EC153D0C32000CE780 /* passThruNormals.vert in Resources */ = {isa = PBXBuildFile; fileRef = E1AE00EB153D0C32000CE780 /* passThruNormals.vert */; };
		E1B9BD4715390ECD006F5214 /* VboPos.vert in Resources */ = {isa = PBXBuildFile; fileRef = E1B9BD4615390ECD006F5214 /* VboPos.vert */; };
		E1B9BD4A15390ED9006F5214 /* VboPos.frag in Resources */ = {isa = PBXBuildFile; fileRef = E1B9BD4915390ED9006F5214 /* VboPos.frag */; };
		E1B9BD501539151E006F5214 /* Position.frag in Resources */ = {isa = PBXBuildFile; fileRef = E1B9BD4F1539151E006F5214 /* Position.frag */; };
		E1FF622315746F2E00C1A823 /* icon.icns in Resources */ = {isa = PBXBuildFile; fileRef = E1FF622215746F2E00C1A823 /* icon.icns */; };
/* End PBXBuildFile section */

/* Begin PBXFileReference section */
		0091D8F80E81B9330029341E /* OpenGL.framework */ = {isa = PBXFileReference; lastKnownFileType = wrapper.framework; name = OpenGL.framework; path = /System/Library/Frameworks/OpenGL.framework; sourceTree = "<absolute>"; };
		0097E3E40F3E9819005A4392 /* QuickTime.framework */ = {isa = PBXFileReference; lastKnownFileType = wrapper.framework; name = QuickTime.framework; path = /System/Library/Frameworks/QuickTime.framework; sourceTree = "<absolute>"; };
		00B784AF0FF439BC000DE1D7 /* Accelerate.framework */ = {isa = PBXFileReference; lastKnownFileType = wrapper.framework; name = Accelerate.framework; path = System/Library/Frameworks/Accelerate.framework; sourceTree = SDKROOT; };
		00B784B00FF439BC000DE1D7 /* AudioToolbox.framework */ = {isa = PBXFileReference; lastKnownFileType = wrapper.framework; name = AudioToolbox.framework; path = System/Library/Frameworks/AudioToolbox.framework; sourceTree = SDKROOT; };
		00B784B10FF439BC000DE1D7 /* AudioUnit.framework */ = {isa = PBXFileReference; lastKnownFileType = wrapper.framework; name = AudioUnit.framework; path = System/Library/Frameworks/AudioUnit.framework; sourceTree = SDKROOT; };
		00B784B20FF439BC000DE1D7 /* CoreAudio.framework */ = {isa = PBXFileReference; lastKnownFileType = wrapper.framework; name = CoreAudio.framework; path = System/Library/Frameworks/CoreAudio.framework; sourceTree = SDKROOT; };
		00BAE6590E7ED9C10018A608 /* RepulsionApp.cpp */ = {isa = PBXFileReference; fileEncoding = 4; lastKnownFileType = sourcecode.cpp.cpp; name = RepulsionApp.cpp; path = ../src/RepulsionApp.cpp; sourceTree = SOURCE_ROOT; };
		00CCAF14116A9FEE008396D5 /* CinderApp.icns */ = {isa = PBXFileReference; lastKnownFileType = image.icns; name = CinderApp.icns; path = ../resources/CinderApp.icns; sourceTree = SOURCE_ROOT; };
		1058C7A1FEA54F0111CA2CBB /* Cocoa.framework */ = {isa = PBXFileReference; lastKnownFileType = wrapper.framework; name = Cocoa.framework; path = /System/Library/Frameworks/Cocoa.framework; sourceTree = "<absolute>"; };
		13E42FB307B3F0F600E4EEF1 /* CoreData.framework */ = {isa = PBXFileReference; lastKnownFileType = wrapper.framework; name = CoreData.framework; path = /System/Library/Frameworks/CoreData.framework; sourceTree = "<absolute>"; };
		29B97324FDCFA39411CA2CEA /* AppKit.framework */ = {isa = PBXFileReference; lastKnownFileType = wrapper.framework; name = AppKit.framework; path = /System/Library/Frameworks/AppKit.framework; sourceTree = "<absolute>"; };
		29B97325FDCFA39411CA2CEA /* Foundation.framework */ = {isa = PBXFileReference; lastKnownFileType = wrapper.framework; name = Foundation.framework; path = /System/Library/Frameworks/Foundation.framework; sourceTree = "<absolute>"; };
		32CA4F630368D1EE00C91783 /* Repulsion_Prefix.pch */ = {isa = PBXFileReference; fileEncoding = 4; lastKnownFileType = sourcecode.c.h; path = Repulsion_Prefix.pch; sourceTree = "<group>"; };
		5323E6B10EAFCA74003A9687 /* CoreVideo.framework */ = {isa = PBXFileReference; lastKnownFileType = wrapper.framework; name = CoreVideo.framework; path = /System/Library/Frameworks/CoreVideo.framework; sourceTree = "<absolute>"; };
		5323E6B50EAFCA7E003A9687 /* QTKit.framework */ = {isa = PBXFileReference; lastKnownFileType = wrapper.framework; name = QTKit.framework; path = /System/Library/Frameworks/QTKit.framework; sourceTree = "<absolute>"; };
		53E3CDFB0E86099300238D2B /* Carbon.framework */ = {isa = PBXFileReference; lastKnownFileType = wrapper.framework; name = Carbon.framework; path = /System/Library/Frameworks/Carbon.framework; sourceTree = "<absolute>"; };
		8D1107310486CEB800E47090 /* Info.plist */ = {isa = PBXFileReference; fileEncoding = 4; lastKnownFileType = text.plist.xml; path = Info.plist; sourceTree = "<group>"; };
		8D1107320486CEB800E47090 /* GpuPhysics.app */ = {isa = PBXFileReference; explicitFileType = wrapper.application; includeInIndex = 0; name = GpuPhysics.app; path = Repulsion.app; sourceTree = BUILT_PRODUCTS_DIR; };
		E111BF1C154B9411002C7812 /* fboPosInit.frag */ = {isa = PBXFileReference; fileEncoding = 4; lastKnownFileType = sourcecode.glsl; name = fboPosInit.frag; path = ../resources/fboPosInit.frag; sourceTree = "<group>"; xcLanguageSpecificationIdentifier = xcode.lang.glsl; };
		E111BF23154BC1B8002C7812 /* fboVelInit.frag */ = {isa = PBXFileReference; fileEncoding = 4; lastKnownFileType = sourcecode.glsl; name = fboVelInit.frag; path = ../resources/fboVelInit.frag; sourceTree = "<group>"; xcLanguageSpecificationIdentifier = xcode.lang.glsl; };
		E149FFE3154916B4007C6AE9 /* Room.h */ = {isa = PBXFileReference; fileEncoding = 4; lastKnownFileType = sourcecode.c.h; name = Room.h; path = ../include/Room.h; sourceTree = "<group>"; };
		E149FFE6154916C2007C6AE9 /* Room.cpp */ = {isa = PBXFileReference; fileEncoding = 4; lastKnownFileType = sourcecode.cpp.cpp; name = Room.cpp; path = ../src/Room.cpp; sourceTree = "<group>"; };
		E149FFEC15491867007C6AE9 /* room.frag */ = {isa = PBXFileReference; fileEncoding = 4; lastKnownFileType = sourcecode.glsl; name = room.frag; path = ../resources/room.frag; sourceTree = "<group>"; xcLanguageSpecificationIdentifier = xcode.lang.glsl; };
		E149FFED15491867007C6AE9 /* room.vert */ = {isa = PBXFileReference; fileEncoding = 4; lastKnownFileType = sourcecode.glsl; name = room.vert; path = ../resources/room.vert; sourceTree = "<group>"; xcLanguageSpecificationIdentifier = xcode.lang.glsl; };
		E149FFF0154919E9007C6AE9 /* SpringCam.h */ = {isa = PBXFileReference; fileEncoding = 4; lastKnownFileType = sourcecode.c.h; name = SpringCam.h; path = ../include/SpringCam.h; sourceTree = "<group>"; };
		E149FFF1154919F0007C6AE9 /* SpringCam.cpp */ = {isa = PBXFileReference; fileEncoding = 4; lastKnownFileType = sourcecode.cpp.cpp; name = SpringCam.cpp; path = ../src/SpringCam.cpp; sourceTree = "<group>"; };
		E15D52F41573716B00C87AF9 /* iconRepulsion.png */ = {isa = PBXFileReference; lastKnownFileType = image.png; name = iconRepulsion.png; path = ../resources/iconRepulsion.png; sourceTree = "<group>"; };
		E18830CD153932DE00D2B8B7 /* Velocity.frag */ = {isa = PBXFileReference; fileEncoding = 4; lastKnownFileType = sourcecode.glsl; name = Velocity.frag; path = ../resources/Velocity.frag; sourceTree = "<group>"; xcLanguageSpecificationIdentifier = xcode.lang.glsl; };
		E1AE00E6153D0B02000CE780 /* passThru.vert */ = {isa = PBXFileReference; fileEncoding = 4; lastKnownFileType = sourcecode.glsl; name = passThru.vert; path = ../resources/passThru.vert; sourceTree = "<group>"; xcLanguageSpecificationIdentifier = xcode.lang.glsl; };
		E1AE00EB153D0C32000CE780 /* passThruNormals.vert */ = {isa = PBXFileReference; fileEncoding = 4; lastKnownFileType = sourcecode.glsl; name = passThruNormals.vert; path = ../resources/passThruNormals.vert; sourceTree = "<group>"; xcLanguageSpecificationIdentifier = xcode.lang.glsl; };
		E1B9BD4615390ECD006F5214 /* VboPos.vert */ = {isa = PBXFileReference; fileEncoding = 4; lastKnownFileType = sourcecode.glsl; name = VboPos.vert; path = ../resources/VboPos.vert; sourceTree = "<group>"; xcLanguageSpecificationIdentifier = xcode.lang.glsl; };
		E1B9BD4915390ED9006F5214 /* VboPos.frag */ = {isa = PBXFileReference; fileEncoding = 4; lastKnownFileType = sourcecode.glsl; name = VboPos.frag; path = ../resources/VboPos.frag; sourceTree = "<group>"; xcLanguageSpecificationIdentifier = xcode.lang.glsl; };
		E1B9BD4F1539151E006F5214 /* Position.frag */ = {isa = PBXFileReference; fileEncoding = 4; lastKnownFileType = sourcecode.glsl; name = Position.frag; path = ../resources/Position.frag; sourceTree = "<group>"; xcLanguageSpecificationIdentifier = xcode.lang.glsl; };
		E1FF622215746F2E00C1A823 /* icon.icns */ = {isa = PBXFileReference; lastKnownFileType = image.icns; name = icon.icns; path = ../resources/icon.icns; sourceTree = "<group>"; };
/* End PBXFileReference section */

/* Begin PBXFrameworksBuildPhase section */
		8D11072E0486CEB800E47090 /* Frameworks */ = {
			isa = PBXFrameworksBuildPhase;
			buildActionMask = 2147483647;
			files = (
				8D11072F0486CEB800E47090 /* Cocoa.framework in Frameworks */,
				0091D8F90E81B9330029341E /* OpenGL.framework in Frameworks */,
				53E3CDFC0E86099300238D2B /* Carbon.framework in Frameworks */,
				5323E6B20EAFCA74003A9687 /* CoreVideo.framework in Frameworks */,
				5323E6B60EAFCA7E003A9687 /* QTKit.framework in Frameworks */,
				0097E3E50F3E9819005A4392 /* QuickTime.framework in Frameworks */,
				00B784B30FF439BC000DE1D7 /* Accelerate.framework in Frameworks */,
				00B784B40FF439BC000DE1D7 /* AudioToolbox.framework in Frameworks */,
				00B784B50FF439BC000DE1D7 /* AudioUnit.framework in Frameworks */,
				00B784B60FF439BC000DE1D7 /* CoreAudio.framework in Frameworks */,
			);
			runOnlyForDeploymentPostprocessing = 0;
		};
/* End PBXFrameworksBuildPhase section */

/* Begin PBXGroup section */
		080E96DDFE201D6D7F000001 /* Source */ = {
			isa = PBXGroup;
			children = (
				E15D52FA1573721500C87AF9 /* Utilities */,
				00BAE6590E7ED9C10018A608 /* RepulsionApp.cpp */,
				E149FFE6154916C2007C6AE9 /* Room.cpp */,
			);
			name = Source;
			sourceTree = "<group>";
		};
		1058C7A0FEA54F0111CA2CBB /* Linked Frameworks */ = {
			isa = PBXGroup;
			children = (
				00B784AF0FF439BC000DE1D7 /* Accelerate.framework */,
				00B784B00FF439BC000DE1D7 /* AudioToolbox.framework */,
				00B784B10FF439BC000DE1D7 /* AudioUnit.framework */,
				00B784B20FF439BC000DE1D7 /* CoreAudio.framework */,
				0097E3E40F3E9819005A4392 /* QuickTime.framework */,
				5323E6B50EAFCA7E003A9687 /* QTKit.framework */,
				5323E6B10EAFCA74003A9687 /* CoreVideo.framework */,
				53E3CDFB0E86099300238D2B /* Carbon.framework */,
				0091D8F80E81B9330029341E /* OpenGL.framework */,
				1058C7A1FEA54F0111CA2CBB /* Cocoa.framework */,
			);
			name = "Linked Frameworks";
			sourceTree = "<group>";
		};
		1058C7A2FEA54F0111CA2CBB /* Other Frameworks */ = {
			isa = PBXGroup;
			children = (
				29B97324FDCFA39411CA2CEA /* AppKit.framework */,
				13E42FB307B3F0F600E4EEF1 /* CoreData.framework */,
				29B97325FDCFA39411CA2CEA /* Foundation.framework */,
			);
			name = "Other Frameworks";
			sourceTree = "<group>";
		};
		19C28FACFE9D520D11CA2CBB /* Products */ = {
			isa = PBXGroup;
			children = (
				8D1107320486CEB800E47090 /* GpuPhysics.app */,
			);
			name = Products;
			sourceTree = "<group>";
		};
		29B97314FDCFA39411CA2CEA /* GpuPhysics */ = {
			isa = PBXGroup;
			children = (
				29B97315FDCFA39411CA2CEA /* Headers */,
				080E96DDFE201D6D7F000001 /* Source */,
				29B97317FDCFA39411CA2CEA /* Resources */,
				29B97323FDCFA39411CA2CEA /* Frameworks */,
				19C28FACFE9D520D11CA2CBB /* Products */,
			);
			name = GpuPhysics;
			sourceTree = "<group>";
		};
		29B97315FDCFA39411CA2CEA /* Headers */ = {
			isa = PBXGroup;
			children = (
				E15D52FB1573721E00C87AF9 /* Utilities */,
				E149FFE3154916B4007C6AE9 /* Room.h */,
			);
			name = Headers;
			sourceTree = "<group>";
		};
		29B97317FDCFA39411CA2CEA /* Resources */ = {
			isa = PBXGroup;
			children = (
				E15D52F21573715800C87AF9 /* Images */,
				E149FFEB15491744007C6AE9 /* Shaders */,
				8D1107310486CEB800E47090 /* Info.plist */,
				E1FF622215746F2E00C1A823 /* icon.icns */,
				00CCAF14116A9FEE008396D5 /* CinderApp.icns */,
			);
			name = Resources;
			sourceTree = "<group>";
		};
		29B97323FDCFA39411CA2CEA /* Frameworks */ = {
			isa = PBXGroup;
			children = (
				1058C7A0FEA54F0111CA2CBB /* Linked Frameworks */,
				1058C7A2FEA54F0111CA2CBB /* Other Frameworks */,
			);
			name = Frameworks;
			sourceTree = "<group>";
		};
		E149FFEB15491744007C6AE9 /* Shaders */ = {
			isa = PBXGroup;
			children = (
				E111BF1C154B9411002C7812 /* fboPosInit.frag */,
				E111BF23154BC1B8002C7812 /* fboVelInit.frag */,
				E149FFED15491867007C6AE9 /* room.vert */,
				E149FFEC15491867007C6AE9 /* room.frag */,
				E1AE00E6153D0B02000CE780 /* passThru.vert */,
				E1AE00EB153D0C32000CE780 /* passThruNormals.vert */,
				E18830CD153932DE00D2B8B7 /* Velocity.frag */,
				E1B9BD4F1539151E006F5214 /* Position.frag */,
				E1B9BD4615390ECD006F5214 /* VboPos.vert */,
				E1B9BD4915390ED9006F5214 /* VboPos.frag */,
			);
			name = Shaders;
			sourceTree = "<group>";
		};
		E15D52F21573715800C87AF9 /* Images */ = {
			isa = PBXGroup;
			children = (
				E15D52F41573716B00C87AF9 /* iconRepulsion.png */,
			);
			name = Images;
			sourceTree = "<group>";
		};
		E15D52FA1573721500C87AF9 /* Utilities */ = {
			isa = PBXGroup;
			children = (
				E149FFF1154919F0007C6AE9 /* SpringCam.cpp */,
			);
			name = Utilities;
			sourceTree = "<group>";
		};
		E15D52FB1573721E00C87AF9 /* Utilities */ = {
			isa = PBXGroup;
			children = (
				32CA4F630368D1EE00C91783 /* Repulsion_Prefix.pch */,
				E149FFF0154919E9007C6AE9 /* SpringCam.h */,
			);
			name = Utilities;
			sourceTree = "<group>";
		};
/* End PBXGroup section */

/* Begin PBXNativeTarget section */
		8D1107260486CEB800E47090 /* Repulsion */ = {
			isa = PBXNativeTarget;
			buildConfigurationList = C01FCF4A08A954540054247B /* Build configuration list for PBXNativeTarget "Repulsion" */;
			buildPhases = (
				8D1107290486CEB800E47090 /* Resources */,
				8D11072C0486CEB800E47090 /* Sources */,
				8D11072E0486CEB800E47090 /* Frameworks */,
			);
			buildRules = (
			);
			dependencies = (
			);
			name = Repulsion;
			productInstallPath = "$(HOME)/Applications";
			productName = GpuPhysics;
			productReference = 8D1107320486CEB800E47090 /* GpuPhysics.app */;
			productType = "com.apple.product-type.application";
		};
/* End PBXNativeTarget section */

/* Begin PBXProject section */
		29B97313FDCFA39411CA2CEA /* Project object */ = {
			isa = PBXProject;
			attributes = {
				LastUpgradeCheck = 0430;
			};
			buildConfigurationList = C01FCF4E08A954540054247B /* Build configuration list for PBXProject "Repulsion" */;
			compatibilityVersion = "Xcode 3.2";
			developmentRegion = English;
			hasScannedForEncodings = 1;
			knownRegions = (
				en,
			);
			mainGroup = 29B97314FDCFA39411CA2CEA /* GpuPhysics */;
			projectDirPath = "";
			projectRoot = "";
			targets = (
				8D1107260486CEB800E47090 /* Repulsion */,
			);
		};
/* End PBXProject section */

/* Begin PBXResourcesBuildPhase section */
		8D1107290486CEB800E47090 /* Resources */ = {
			isa = PBXResourcesBuildPhase;
			buildActionMask = 2147483647;
			files = (
				E111BF24154BC1B8002C7812 /* fboVelInit.frag in Resources */,
				E111BF1D154B9411002C7812 /* fboPosInit.frag in Resources */,
				00CCAF15116A9FEE008396D5 /* CinderApp.icns in Resources */,
				E18830CF153932DE00D2B8B7 /* Velocity.frag in Resources */,
				E1B9BD501539151E006F5214 /* Position.frag in Resources */,
				E1B9BD4715390ECD006F5214 /* VboPos.vert in Resources */,
				E1B9BD4A15390ED9006F5214 /* VboPos.frag in Resources */,
				E149FFEE15491867007C6AE9 /* room.frag in Resources */,
				E149FFEF15491867007C6AE9 /* room.vert in Resources */,
				E1AE00E7153D0B02000CE780 /* passThru.vert in Resources */,
				E1AE00EC153D0C32000CE780 /* passThruNormals.vert in Resources */,
				E15D52F51573716B00C87AF9 /* iconRepulsion.png in Resources */,
				E1FF622315746F2E00C1A823 /* icon.icns in Resources */,
			);
			runOnlyForDeploymentPostprocessing = 0;
		};
/* End PBXResourcesBuildPhase section */

/* Begin PBXSourcesBuildPhase section */
		8D11072C0486CEB800E47090 /* Sources */ = {
			isa = PBXSourcesBuildPhase;
			buildActionMask = 2147483647;
			files = (
				00BAE65A0E7ED9C10018A608 /* RepulsionApp.cpp in Sources */,
				E149FFE8154916C2007C6AE9 /* Room.cpp in Sources */,
				E149FFF2154919F0007C6AE9 /* SpringCam.cpp in Sources */,
			);
			runOnlyForDeploymentPostprocessing = 0;
		};
/* End PBXSourcesBuildPhase section */

/* Begin XCBuildConfiguration section */
		C01FCF4B08A954540054247B /* Debug */ = {
			isa = XCBuildConfiguration;
			buildSettings = {
				COPY_PHASE_STRIP = NO;
				GCC_DYNAMIC_NO_PIC = NO;
				GCC_INLINES_ARE_PRIVATE_EXTERN = YES;
				GCC_MODEL_TUNING = G5;
				GCC_OPTIMIZATION_LEVEL = 0;
				GCC_PRECOMPILE_PREFIX_HEADER = YES;
				GCC_PREFIX_HEADER = Repulsion_Prefix.pch;
				GCC_SYMBOLS_PRIVATE_EXTERN = NO;
				INFOPLIST_FILE = Info.plist;
				INSTALL_PATH = "$(HOME)/Applications";
				OTHER_LDFLAGS = "\"$(CINDER_PATH)/lib/libcinder_d.a\"";
				PRODUCT_NAME = Repulsion;
				WRAPPER_EXTENSION = app;
			};
			name = Debug;
		};
		C01FCF4C08A954540054247B /* Release */ = {
			isa = XCBuildConfiguration;
			buildSettings = {
				DEAD_CODE_STRIPPING = YES;
				DEBUG_INFORMATION_FORMAT = "dwarf-with-dsym";
				GCC_FAST_MATH = YES;
				GCC_GENERATE_DEBUGGING_SYMBOLS = NO;
				GCC_INLINES_ARE_PRIVATE_EXTERN = YES;
				GCC_MODEL_TUNING = G5;
				GCC_OPTIMIZATION_LEVEL = 3;
				GCC_PRECOMPILE_PREFIX_HEADER = YES;
				GCC_PREFIX_HEADER = Repulsion_Prefix.pch;
				GCC_SYMBOLS_PRIVATE_EXTERN = NO;
				INFOPLIST_FILE = Info.plist;
				INSTALL_PATH = "$(HOME)/Applications";
				OTHER_LDFLAGS = "\"$(CINDER_PATH)/lib/libcinder.a\"";
				PRODUCT_NAME = Repulsion;
				STRIP_INSTALLED_PRODUCT = YES;
				WRAPPER_EXTENSION = app;
			};
			name = Release;
		};
		C01FCF4F08A954540054247B /* Debug */ = {
			isa = XCBuildConfiguration;
			buildSettings = {
				ALWAYS_SEARCH_USER_PATHS = NO;
				ARCHS = i386;
				CINDER_PATH = ../../../../cinder_master;
				GCC_WARN_ABOUT_RETURN_TYPE = YES;
				GCC_WARN_UNUSED_VARIABLE = YES;
				HEADER_SEARCH_PATHS = "\"$(CINDER_PATH)/boost\"";
				MACOSX_DEPLOYMENT_TARGET = 10.5;
				SDKROOT = macosx;
				USER_HEADER_SEARCH_PATHS = "\"$(CINDER_PATH)/include\" ../include";
			};
			name = Debug;
		};
		C01FCF5008A954540054247B /* Release */ = {
			isa = XCBuildConfiguration;
			buildSettings = {
				ALWAYS_SEARCH_USER_PATHS = NO;
				ARCHS = i386;
				CINDER_PATH = ../../../../cinder_master;
				GCC_WARN_ABOUT_RETURN_TYPE = YES;
				GCC_WARN_UNUSED_VARIABLE = YES;
				HEADER_SEARCH_PATHS = "\"$(CINDER_PATH)/boost\"";
				MACOSX_DEPLOYMENT_TARGET = 10.5;
				SDKROOT = macosx;
				USER_HEADER_SEARCH_PATHS = "\"$(CINDER_PATH)/include\" ../include";
			};
			name = Release;
		};
/* End XCBuildConfiguration section */

/* Begin XCConfigurationList section */
		C01FCF4A08A954540054247B /* Build configuration list for PBXNativeTarget "Repulsion" */ = {
			isa = XCConfigurationList;
			buildConfigurations = (
				C01FCF4B08A954540054247B /* Debug */,
				C01FCF4C08A954540054247B /* Release */,
			);
			defaultConfigurationIsVisible = 0;
			defaultConfigurationName = Release;
		};
		C01FCF4E08A954540054247B /* Build configuration list for PBXProject "Repulsion" */ = {
			isa = XCConfigurationList;
			buildConfigurations = (
				C01FCF4F08A954540054247B /* Debug */,
				C01FCF5008A954540054247B /* Release */,
			);
			defaultConfigurationIsVisible = 0;
			defaultConfigurationName = Release;
		};
/* End XCConfigurationList section */
	};
	rootObject = 29B97313FDCFA39411CA2CEA /* Project object */;
}
